
Microsoft Visual Studio Solution File, Format Version 11.00
# Visual Studio 2010
# SharpDevelop 4.3
Project("{FAE04EC0-301F-11D3-BF4B-00C04F79EFBC}") = "XmlEditor", "Project\XmlEditor.csproj", "{DCA2703D-250A-463E-A68A-07ED105AE6BD}"
EndProject
Project("{FAE04EC0-301F-11D3-BF4B-00C04F79EFBC}") = "XmlEditor.Tests", "Test\XmlEditor.Tests.csproj", "{FC0FE702-A87D-4D70-A9B6-1ECCD611125F}"
EndProject
Project("{FAE04EC0-301F-11D3-BF4B-00C04F79EFBC}") = "ICSharpCode.AvalonEdit", "..\..\..\Libraries\AvalonEdit\ICSharpCode.AvalonEdit\ICSharpCode.AvalonEdit.csproj", "{6C55B776-26D4-4DB3-A6AB-87E783B2F3D1}"
EndProject
Project("{FAE04EC0-301F-11D3-BF4B-00C04F79EFBC}") = "ICSharpCode.Core", "..\..\..\Main\Core\Project\ICSharpCode.Core.csproj", "{35CEF10F-2D4C-45F2-9DD1-161E0FEC583C}"
EndProject
Project("{FAE04EC0-301F-11D3-BF4B-00C04F79EFBC}") = "ICSharpCode.SharpDevelop", "..\..\..\Main\Base\Project\ICSharpCode.SharpDevelop.csproj", "{2748AD25-9C63-4E12-877B-4DCE96FBED54}"
EndProject
Project("{FAE04EC0-301F-11D3-BF4B-00C04F79EFBC}") = "ICSharpCode.Core.Presentation", "..\..\..\Main\ICSharpCode.Core.Presentation\ICSharpCode.Core.Presentation.csproj", "{7E4A7172-7FF5-48D0-B719-7CD959DD1AC9}"
EndProject
Project("{FAE04EC0-301F-11D3-BF4B-00C04F79EFBC}") = "ICSharpCode.Core.WinForms", "..\..\..\Main\ICSharpCode.Core.WinForms\ICSharpCode.Core.WinForms.csproj", "{857CA1A3-FC88-4BE0-AB6A-D1EE772AB288}"
EndProject
Project("{FAE04EC0-301F-11D3-BF4B-00C04F79EFBC}") = "ICSharpCode.SharpDevelop.Tests", "..\..\..\Main\Base\Test\ICSharpCode.SharpDevelop.Tests.csproj", "{4980B743-B32F-4aba-AABD-45E2CAD3568D}"
EndProject
Project("{FAE04EC0-301F-11D3-BF4B-00C04F79EFBC}") = "AvalonEdit.AddIn", "..\AvalonEdit.AddIn\AvalonEdit.AddIn.csproj", "{0162E499-42D0-409B-AA25-EED21F75336B}"
EndProject
Project("{FAE04EC0-301F-11D3-BF4B-00C04F79EFBC}") = "ICSharpCode.NRefactory", "..\..\..\Libraries\NRefactory\ICSharpCode.NRefactory\ICSharpCode.NRefactory.csproj", "{3B2A5653-EC97-4001-BB9B-D90F1AF2C371}"
EndProject
Project("{FAE04EC0-301F-11D3-BF4B-00C04F79EFBC}") = "ICSharpCode.NRefactory.Xml", "..\..\..\Libraries\NRefactory\ICSharpCode.NRefactory.Xml\ICSharpCode.NRefactory.Xml.csproj", "{DC393B66-92ED-4CAD-AB25-CFEF23F3D7C6}"
EndProject
Project("{FAE04EC0-301F-11D3-BF4B-00C04F79EFBC}") = "ICSharpCode.NRefactory.CSharp", "..\..\..\Libraries\NRefactory\ICSharpCode.NRefactory.CSharp\ICSharpCode.NRefactory.CSharp.csproj", "{53DCA265-3C3C-42F9-B647-F72BA678122B}"
EndProject
Global
	GlobalSection(SolutionConfigurationPlatforms) = preSolution
		Debug|Any CPU = Debug|Any CPU
		Release|Any CPU = Release|Any CPU
	EndGlobalSection
	GlobalSection(ProjectConfigurationPlatforms) = postSolution
		{DCA2703D-250A-463E-A68A-07ED105AE6BD}.Debug|Any CPU.Build.0 = Debug|Any CPU
		{DCA2703D-250A-463E-A68A-07ED105AE6BD}.Debug|Any CPU.ActiveCfg = Debug|Any CPU
		{DCA2703D-250A-463E-A68A-07ED105AE6BD}.Release|Any CPU.Build.0 = Release|Any CPU
		{DCA2703D-250A-463E-A68A-07ED105AE6BD}.Release|Any CPU.ActiveCfg = Release|Any CPU
		{FC0FE702-A87D-4D70-A9B6-1ECCD611125F}.Debug|Any CPU.Build.0 = Debug|Any CPU
		{FC0FE702-A87D-4D70-A9B6-1ECCD611125F}.Debug|Any CPU.ActiveCfg = Debug|Any CPU
		{FC0FE702-A87D-4D70-A9B6-1ECCD611125F}.Release|Any CPU.Build.0 = Release|Any CPU
		{FC0FE702-A87D-4D70-A9B6-1ECCD611125F}.Release|Any CPU.ActiveCfg = Release|Any CPU
		{6C55B776-26D4-4DB3-A6AB-87E783B2F3D1}.Debug|Any CPU.Build.0 = Debug|Any CPU
		{6C55B776-26D4-4DB3-A6AB-87E783B2F3D1}.Debug|Any CPU.ActiveCfg = Debug|Any CPU
		{6C55B776-26D4-4DB3-A6AB-87E783B2F3D1}.Release|Any CPU.Build.0 = Release|Any CPU
		{6C55B776-26D4-4DB3-A6AB-87E783B2F3D1}.Release|Any CPU.ActiveCfg = Release|Any CPU
		{35CEF10F-2D4C-45F2-9DD1-161E0FEC583C}.Debug|Any CPU.Build.0 = Debug|Any CPU
		{35CEF10F-2D4C-45F2-9DD1-161E0FEC583C}.Debug|Any CPU.ActiveCfg = Debug|Any CPU
		{35CEF10F-2D4C-45F2-9DD1-161E0FEC583C}.Release|Any CPU.Build.0 = Release|Any CPU
		{35CEF10F-2D4C-45F2-9DD1-161E0FEC583C}.Release|Any CPU.ActiveCfg = Release|Any CPU
		{2748AD25-9C63-4E12-877B-4DCE96FBED54}.Debug|Any CPU.Build.0 = Debug|Any CPU
		{2748AD25-9C63-4E12-877B-4DCE96FBED54}.Debug|Any CPU.ActiveCfg = Debug|Any CPU
		{2748AD25-9C63-4E12-877B-4DCE96FBED54}.Release|Any CPU.Build.0 = Release|Any CPU
		{2748AD25-9C63-4E12-877B-4DCE96FBED54}.Release|Any CPU.ActiveCfg = Release|Any CPU
		{7E4A7172-7FF5-48D0-B719-7CD959DD1AC9}.Debug|Any CPU.Build.0 = Debug|Any CPU
		{7E4A7172-7FF5-48D0-B719-7CD959DD1AC9}.Debug|Any CPU.ActiveCfg = Debug|Any CPU
		{7E4A7172-7FF5-48D0-B719-7CD959DD1AC9}.Release|Any CPU.Build.0 = Release|Any CPU
		{7E4A7172-7FF5-48D0-B719-7CD959DD1AC9}.Release|Any CPU.ActiveCfg = Release|Any CPU
		{857CA1A3-FC88-4BE0-AB6A-D1EE772AB288}.Debug|Any CPU.Build.0 = Debug|Any CPU
		{857CA1A3-FC88-4BE0-AB6A-D1EE772AB288}.Debug|Any CPU.ActiveCfg = Debug|Any CPU
		{857CA1A3-FC88-4BE0-AB6A-D1EE772AB288}.Release|Any CPU.Build.0 = Release|Any CPU
		{857CA1A3-FC88-4BE0-AB6A-D1EE772AB288}.Release|Any CPU.ActiveCfg = Release|Any CPU
		{4980B743-B32F-4aba-AABD-45E2CAD3568D}.Debug|Any CPU.Build.0 = Debug|Any CPU
		{4980B743-B32F-4aba-AABD-45E2CAD3568D}.Debug|Any CPU.ActiveCfg = Debug|Any CPU
		{4980B743-B32F-4aba-AABD-45E2CAD3568D}.Release|Any CPU.Build.0 = Release|Any CPU
		{4980B743-B32F-4aba-AABD-45E2CAD3568D}.Release|Any CPU.ActiveCfg = Release|Any CPU
		{4980B743-B32F-4ABA-AABD-45E2CAD3568D}.Debug|Any CPU.Build.0 = Debug|Any CPU
		{4980B743-B32F-4ABA-AABD-45E2CAD3568D}.Debug|Any CPU.ActiveCfg = Debug|Any CPU
		{4980B743-B32F-4ABA-AABD-45E2CAD3568D}.Release|Any CPU.Build.0 = Release|Any CPU
		{4980B743-B32F-4ABA-AABD-45E2CAD3568D}.Release|Any CPU.ActiveCfg = Release|Any CPU
		{0162E499-42D0-409B-AA25-EED21F75336B}.Debug|Any CPU.Build.0 = Debug|Any CPU
		{0162E499-42D0-409B-AA25-EED21F75336B}.Debug|Any CPU.ActiveCfg = Debug|Any CPU
		{0162E499-42D0-409B-AA25-EED21F75336B}.Release|Any CPU.Build.0 = Release|Any CPU
		{0162E499-42D0-409B-AA25-EED21F75336B}.Release|Any CPU.ActiveCfg = Release|Any CPU
		{3B2A5653-EC97-4001-BB9B-D90F1AF2C371}.Debug|Any CPU.Build.0 = Debug|Any CPU
		{3B2A5653-EC97-4001-BB9B-D90F1AF2C371}.Debug|Any CPU.ActiveCfg = Debug|Any CPU
		{3B2A5653-EC97-4001-BB9B-D90F1AF2C371}.Release|Any CPU.Build.0 = Release|Any CPU
		{3B2A5653-EC97-4001-BB9B-D90F1AF2C371}.Release|Any CPU.ActiveCfg = Release|Any CPU
		{DC393B66-92ED-4CAD-AB25-CFEF23F3D7C6}.Debug|Any CPU.Build.0 = Debug|Any CPU
		{DC393B66-92ED-4CAD-AB25-CFEF23F3D7C6}.Debug|Any CPU.ActiveCfg = Debug|Any CPU
		{DC393B66-92ED-4CAD-AB25-CFEF23F3D7C6}.Release|Any CPU.Build.0 = Release|Any CPU
		{DC393B66-92ED-4CAD-AB25-CFEF23F3D7C6}.Release|Any CPU.ActiveCfg = Release|Any CPU
		{53DCA265-3C3C-42F9-B647-F72BA678122B}.Debug|Any CPU.Build.0 = Debug|Any CPU
		{53DCA265-3C3C-42F9-B647-F72BA678122B}.Debug|Any CPU.ActiveCfg = Debug|Any CPU
		{53DCA265-3C3C-42F9-B647-F72BA678122B}.Release|Any CPU.Build.0 = Release|Any CPU
		{53DCA265-3C3C-42F9-B647-F72BA678122B}.Release|Any CPU.ActiveCfg = Release|Any CPU
	EndGlobalSection
EndGlobal
