Microsoft Visual Studio Solution File, Format Version 8.00
Project("{FAE04EC0-301F-11D3-BF4B-00C04F79EFBC}") = "itextsharp", "itextsharp.csproj", "{84C4FDD9-3ED7-453B-B9DA-B3ED52CB071C}"
	ProjectSection(ProjectDependencies) = postProject
	EndProjectSection
EndProject
Global
	GlobalSection(SolutionConfiguration) = preSolution
		Debug = Debug
		Release = Release
	EndGlobalSection
	GlobalSection(ProjectConfiguration) = postSolution
		{84C4FDD9-3ED7-453B-B9DA-B3ED52CB071C}.Debug.ActiveCfg = Debug|.NET
		{84C4FDD9-3ED7-453B-B9DA-B3ED52CB071C}.Debug.Build.0 = Debug|.NET
		{84C4FDD9-3ED7-453B-B9DA-B3ED52CB071C}.Release.ActiveCfg = Release|.NET
		{84C4FDD9-3ED7-453B-B9DA-B3ED52CB071C}.Release.Build.0 = Release|.NET
	EndGlobalSection
	GlobalSection(ExtensibilityGlobals) = postSolution
	EndGlobalSection
	GlobalSection(ExtensibilityAddIns) = postSolution
	EndGlobalSection
EndGlobal
