Microsoft Visual Studio Solution File, Format Version 9.00
# SharpDevelop 2.1.0.1793
Project("{FAE04EC0-301F-11D3-BF4B-00C04F79EFBC}") = "SharpDbTools", "SharpDbTools.csproj", "{F2CC804D-5A9C-4875-A423-4FB9A5D07018}"
EndProject
Global
	GlobalSection(SolutionConfigurationPlatforms) = preSolution
		Debug|Any CPU = Debug|Any CPU
		Release|Any CPU = Release|Any CPU
	EndGlobalSection
	GlobalSection(ProjectConfigurationPlatforms) = postSolution
		{F2CC804D-5A9C-4875-A423-4FB9A5D07018}.Debug|Any CPU.Build.0 = Debug|Any CPU
		{F2CC804D-5A9C-4875-A423-4FB9A5D07018}.Debug|Any CPU.ActiveCfg = Debug|Any CPU
		{F2CC804D-5A9C-4875-A423-4FB9A5D07018}.Release|Any CPU.Build.0 = Release|Any CPU
		{F2CC804D-5A9C-4875-A423-4FB9A5D07018}.Release|Any CPU.ActiveCfg = Release|Any CPU
	EndGlobalSection
EndGlobal
