
Microsoft Visual Studio Solution File, Format Version 10.00
# Visual Studio 2008
Project("{FAE04EC0-301F-11D3-BF4B-00C04F79EFBC}") = "ShortcutsManagement", "ShortcutsManagement\ShortcutsManagement.csproj", "{CF2FF1D1-A5FE-4848-936A-E2DFBE154562}"
EndProject
Global
	GlobalSection(SolutionConfigurationPlatforms) = preSolution
		Debug in SharpDevelop|Any CPU = Debug in SharpDevelop|Any CPU
		Debug|Any CPU = Debug|Any CPU
		Release|Any CPU = Release|Any CPU
	EndGlobalSection
	GlobalSection(ProjectConfigurationPlatforms) = postSolution
		{CF2FF1D1-A5FE-4848-936A-E2DFBE154562}.Debug in SharpDevelop|Any CPU.ActiveCfg = Debug in SharpDevelop|Any CPU
		{CF2FF1D1-A5FE-4848-936A-E2DFBE154562}.Debug in SharpDevelop|Any CPU.Build.0 = Debug in SharpDevelop|Any CPU
		{CF2FF1D1-A5FE-4848-936A-E2DFBE154562}.Debug|Any CPU.ActiveCfg = Debug|Any CPU
		{CF2FF1D1-A5FE-4848-936A-E2DFBE154562}.Debug|Any CPU.Build.0 = Debug|Any CPU
		{CF2FF1D1-A5FE-4848-936A-E2DFBE154562}.Release|Any CPU.ActiveCfg = Release|Any CPU
		{CF2FF1D1-A5FE-4848-936A-E2DFBE154562}.Release|Any CPU.Build.0 = Release|Any CPU
	EndGlobalSection
	GlobalSection(SolutionProperties) = preSolution
		HideSolutionNode = FALSE
	EndGlobalSection
EndGlobal
