
Microsoft Visual Studio Solution File, Format Version 10.00
# Visual Studio 2008
# SharpDevelop 4.0.0.4856
Project("{2150E333-8FDC-42A3-9474-1A3956D46DE8}") = "Solution Items", "Solution Items", "{5147BA25-8362-481D-8CF9-450096595B7A}"
	ProjectSection(SolutionItems) = preProject
		TODO.txt = TODO.txt
		AutomatedBuild.proj = AutomatedBuild.proj
		Documentation.txt = Documentation.txt
	EndProjectSection
EndProject
Project("{2150E333-8FDC-42A3-9474-1A3956D46DE8}") = "Frontend", "Frontend", "{E06867E9-6942-4DB6-89F5-DE0BF56C44DE}"
	ProjectSection(SolutionItems) = postProject
	EndProjectSection
EndProject
Project("{FAE04EC0-301F-11D3-BF4B-00C04F79EFBC}") = "Controls", "Frontend\Controls\Controls.csproj", "{BDA49550-5ED1-4C6B-B648-657B2CACD8E0}"
EndProject
Project("{FAE04EC0-301F-11D3-BF4B-00C04F79EFBC}") = "AddIn", "Frontend\AddIn\AddIn.csproj", "{D294A12D-4B38-4F25-9AA6-3D4A6CE26E7B}"
EndProject
Project("{FAE04EC0-301F-11D3-BF4B-00C04F79EFBC}") = "BenchmarkRunner", "Frontend\BenchmarkRunner\BenchmarkRunner.csproj", "{DBEF953E-F7BC-4D54-8A27-B758EC875C49}"
EndProject
Project("{FAE04EC0-301F-11D3-BF4B-00C04F79EFBC}") = "Gui", "Frontend\Gui\Gui.csproj", "{FF09FBA1-86DA-4D8D-B549-A4FC70FC5AE9}"
	ProjectSection(ProjectDependencies) = postProject
		{D294A12D-4B38-4F25-9AA6-3D4A6CE26E7B} = {D294A12D-4B38-4F25-9AA6-3D4A6CE26E7B}
		{F09B6132-5DF9-4E63-BA23-EE82D75CD5B9} = {F09B6132-5DF9-4E63-BA23-EE82D75CD5B9}
		{68D5EE3B-0C35-4DF1-BD29-6606851A02C1} = {68D5EE3B-0C35-4DF1-BD29-6606851A02C1}
		{778BA9AE-EE77-444F-A0C9-D795BB977C1A} = {778BA9AE-EE77-444F-A0C9-D795BB977C1A}
	EndProjectSection
EndProject
Project("{2150E333-8FDC-42A3-9474-1A3956D46DE8}") = "Tests", "Tests", "{791AE00B-AD96-410A-AAA8-957DDD83C57A}"
	ProjectSection(SolutionItems) = postProject
	EndProjectSection
EndProject
Project("{FAE04EC0-301F-11D3-BF4B-00C04F79EFBC}") = "UnicodeTest", "Tests\UnicodeTest\UnicodeTest.csproj", "{D336926C-6180-4F62-B88D-E366B240127B}"
EndProject
Project("{FAE04EC0-301F-11D3-BF4B-00C04F79EFBC}") = "Profiler.Tests", "Tests\Profiler.Tests\Profiler.Tests.csproj", "{068F9531-5D29-49E0-980E-59982A3A0469}"
EndProject
Project("{FAE04EC0-301F-11D3-BF4B-00C04F79EFBC}") = "PauseTest", "Tests\PauseTest\PauseTest.csproj", "{650AEAA0-0678-4A75-A1CC-F46DC4E44D2A}"
EndProject
Project("{FAE04EC0-301F-11D3-BF4B-00C04F79EFBC}") = "HelloWorld", "Tests\HelloWorld\HelloWorld.csproj", "{778BA9AE-EE77-444F-A0C9-D795BB977C1A}"
EndProject
Project("{FAE04EC0-301F-11D3-BF4B-00C04F79EFBC}") = "Benchmark", "Tests\Benchmark\Benchmark.csproj", "{F09B6132-5DF9-4E63-BA23-EE82D75CD5B9}"
EndProject
Project("{8BC9CEB8-8B4A-11D0-8D11-00A0C91BC942}") = "Hook", "Hook\Hook.vcproj", "{68D5EE3B-0C35-4DF1-BD29-6606851A02C1}"
EndProject
Project("{FAE04EC0-301F-11D3-BF4B-00C04F79EFBC}") = "Controller", "Controller\Controller.csproj", "{72FFB35A-C9E2-4A31-B4FA-E3E3E28DED5F}"
	ProjectSection(ProjectDependencies) = postProject
		{FE88FE17-D9FB-4FCC-9A35-6BFFB6B26CC6} = {FE88FE17-D9FB-4FCC-9A35-6BFFB6B26CC6}
		{F09B6132-5DF9-4E63-BA23-EE82D75CD5B9} = {F09B6132-5DF9-4E63-BA23-EE82D75CD5B9}
		{68D5EE3B-0C35-4DF1-BD29-6606851A02C1} = {68D5EE3B-0C35-4DF1-BD29-6606851A02C1}
		{650AEAA0-0678-4A75-A1CC-F46DC4E44D2A} = {650AEAA0-0678-4A75-A1CC-F46DC4E44D2A}
		{778BA9AE-EE77-444F-A0C9-D795BB977C1A} = {778BA9AE-EE77-444F-A0C9-D795BB977C1A}
	EndProjectSection
EndProject
Project("{FAE04EC0-301F-11D3-BF4B-00C04F79EFBC}") = "PerfectHashFinder", "PerfectHashFinder\PerfectHashFinder.csproj", "{2EACD124-3D84-4F4D-8C82-D3E396A5DA21}"
EndProject
Project("{FAE04EC0-301F-11D3-BF4B-00C04F79EFBC}") = "X64Converter", "X64Converter\X64Converter.csproj", "{FE88FE17-D9FB-4FCC-9A35-6BFFB6B26CC6}"
EndProject
Global
	GlobalSection(SolutionConfigurationPlatforms) = preSolution
		Debug|Win32 = Debug|Win32
		Debug|x64 = Debug|x64
		Release|Win32 = Release|Win32
		Release|x64 = Release|x64
		Debug|Any CPU = Debug|Any CPU
		Release|Any CPU = Release|Any CPU
	EndGlobalSection
	GlobalSection(ProjectConfigurationPlatforms) = postSolution
		{FF09FBA1-86DA-4D8D-B549-A4FC70FC5AE9}.Debug|Win32.ActiveCfg = Debug|Any CPU
		{FF09FBA1-86DA-4D8D-B549-A4FC70FC5AE9}.Debug|Win32.Build.0 = Debug|Any CPU
		{FF09FBA1-86DA-4D8D-B549-A4FC70FC5AE9}.Debug|x64.ActiveCfg = Debug|Any CPU
		{FF09FBA1-86DA-4D8D-B549-A4FC70FC5AE9}.Debug|x64.Build.0 = Debug|Any CPU
		{FF09FBA1-86DA-4D8D-B549-A4FC70FC5AE9}.Release|Win32.ActiveCfg = Release|Any CPU
		{FF09FBA1-86DA-4D8D-B549-A4FC70FC5AE9}.Release|Win32.Build.0 = Release|Any CPU
		{FF09FBA1-86DA-4D8D-B549-A4FC70FC5AE9}.Release|x64.ActiveCfg = Release|Any CPU
		{FF09FBA1-86DA-4D8D-B549-A4FC70FC5AE9}.Release|x64.Build.0 = Release|Any CPU
		{DBEF953E-F7BC-4D54-8A27-B758EC875C49}.Debug|Win32.ActiveCfg = Debug|Any CPU
		{DBEF953E-F7BC-4D54-8A27-B758EC875C49}.Debug|Win32.Build.0 = Debug|Any CPU
		{DBEF953E-F7BC-4D54-8A27-B758EC875C49}.Debug|x64.ActiveCfg = Debug|Any CPU
		{DBEF953E-F7BC-4D54-8A27-B758EC875C49}.Debug|x64.Build.0 = Debug|Any CPU
		{DBEF953E-F7BC-4D54-8A27-B758EC875C49}.Release|Win32.ActiveCfg = Release|Any CPU
		{DBEF953E-F7BC-4D54-8A27-B758EC875C49}.Release|Win32.Build.0 = Release|Any CPU
		{DBEF953E-F7BC-4D54-8A27-B758EC875C49}.Release|x64.ActiveCfg = Release|Any CPU
		{DBEF953E-F7BC-4D54-8A27-B758EC875C49}.Release|x64.Build.0 = Release|Any CPU
		{F09B6132-5DF9-4E63-BA23-EE82D75CD5B9}.Debug|Win32.ActiveCfg = Debug|Win32
		{F09B6132-5DF9-4E63-BA23-EE82D75CD5B9}.Debug|Win32.Build.0 = Debug|Win32
		{F09B6132-5DF9-4E63-BA23-EE82D75CD5B9}.Debug|x64.ActiveCfg = Debug|Any CPU
		{F09B6132-5DF9-4E63-BA23-EE82D75CD5B9}.Debug|x64.Build.0 = Debug|Any CPU
		{F09B6132-5DF9-4E63-BA23-EE82D75CD5B9}.Release|Win32.ActiveCfg = Release|Win32
		{F09B6132-5DF9-4E63-BA23-EE82D75CD5B9}.Release|Win32.Build.0 = Release|Win32
		{F09B6132-5DF9-4E63-BA23-EE82D75CD5B9}.Release|x64.ActiveCfg = Release|Any CPU
		{F09B6132-5DF9-4E63-BA23-EE82D75CD5B9}.Release|x64.Build.0 = Release|Any CPU
		{778BA9AE-EE77-444F-A0C9-D795BB977C1A}.Debug|Win32.ActiveCfg = Debug|Win32
		{778BA9AE-EE77-444F-A0C9-D795BB977C1A}.Debug|Win32.Build.0 = Debug|Win32
		{778BA9AE-EE77-444F-A0C9-D795BB977C1A}.Debug|x64.ActiveCfg = Debug|Any CPU
		{778BA9AE-EE77-444F-A0C9-D795BB977C1A}.Debug|x64.Build.0 = Debug|Any CPU
		{778BA9AE-EE77-444F-A0C9-D795BB977C1A}.Release|Win32.ActiveCfg = Release|Any CPU
		{778BA9AE-EE77-444F-A0C9-D795BB977C1A}.Release|Win32.Build.0 = Release|Any CPU
		{778BA9AE-EE77-444F-A0C9-D795BB977C1A}.Release|x64.ActiveCfg = Release|Any CPU
		{778BA9AE-EE77-444F-A0C9-D795BB977C1A}.Release|x64.Build.0 = Release|Any CPU
		{650AEAA0-0678-4A75-A1CC-F46DC4E44D2A}.Debug|Win32.ActiveCfg = Debug|Any CPU
		{650AEAA0-0678-4A75-A1CC-F46DC4E44D2A}.Debug|Win32.Build.0 = Debug|Any CPU
		{650AEAA0-0678-4A75-A1CC-F46DC4E44D2A}.Debug|x64.ActiveCfg = Debug|Any CPU
		{650AEAA0-0678-4A75-A1CC-F46DC4E44D2A}.Debug|x64.Build.0 = Debug|Any CPU
		{650AEAA0-0678-4A75-A1CC-F46DC4E44D2A}.Release|Win32.ActiveCfg = Release|Any CPU
		{650AEAA0-0678-4A75-A1CC-F46DC4E44D2A}.Release|Win32.Build.0 = Release|Any CPU
		{650AEAA0-0678-4A75-A1CC-F46DC4E44D2A}.Release|x64.ActiveCfg = Release|Any CPU
		{650AEAA0-0678-4A75-A1CC-F46DC4E44D2A}.Release|x64.Build.0 = Release|Any CPU
		{68D5EE3B-0C35-4DF1-BD29-6606851A02C1}.Debug|Win32.ActiveCfg = Debug|Win32
		{68D5EE3B-0C35-4DF1-BD29-6606851A02C1}.Debug|Win32.Build.0 = Debug|Win32
		{68D5EE3B-0C35-4DF1-BD29-6606851A02C1}.Debug|x64.ActiveCfg = Debug|x64
		{68D5EE3B-0C35-4DF1-BD29-6606851A02C1}.Debug|x64.Build.0 = Debug|x64
		{68D5EE3B-0C35-4DF1-BD29-6606851A02C1}.Release|Win32.ActiveCfg = Release|Win32
		{68D5EE3B-0C35-4DF1-BD29-6606851A02C1}.Release|Win32.Build.0 = Release|Win32
		{68D5EE3B-0C35-4DF1-BD29-6606851A02C1}.Release|x64.ActiveCfg = Release|x64
		{68D5EE3B-0C35-4DF1-BD29-6606851A02C1}.Release|x64.Build.0 = Release|x64
		{72FFB35A-C9E2-4A31-B4FA-E3E3E28DED5F}.Debug|Win32.ActiveCfg = Debug|Any CPU
		{72FFB35A-C9E2-4A31-B4FA-E3E3E28DED5F}.Debug|Win32.Build.0 = Debug|Any CPU
		{72FFB35A-C9E2-4A31-B4FA-E3E3E28DED5F}.Debug|x64.ActiveCfg = Debug|AnyCPU
		{72FFB35A-C9E2-4A31-B4FA-E3E3E28DED5F}.Debug|x64.Build.0 = Debug|AnyCPU
		{72FFB35A-C9E2-4A31-B4FA-E3E3E28DED5F}.Release|Win32.ActiveCfg = Release|Any CPU
		{72FFB35A-C9E2-4A31-B4FA-E3E3E28DED5F}.Release|Win32.Build.0 = Release|Any CPU
		{72FFB35A-C9E2-4A31-B4FA-E3E3E28DED5F}.Release|x64.ActiveCfg = Release|AnyCPU
		{72FFB35A-C9E2-4A31-B4FA-E3E3E28DED5F}.Release|x64.Build.0 = Release|AnyCPU
		{2EACD124-3D84-4F4D-8C82-D3E396A5DA21}.Debug|Win32.ActiveCfg = Debug|Any CPU
		{2EACD124-3D84-4F4D-8C82-D3E396A5DA21}.Debug|Win32.Build.0 = Debug|Any CPU
		{2EACD124-3D84-4F4D-8C82-D3E396A5DA21}.Debug|x64.ActiveCfg = Debug|x64
		{2EACD124-3D84-4F4D-8C82-D3E396A5DA21}.Debug|x64.Build.0 = Debug|x64
		{2EACD124-3D84-4F4D-8C82-D3E396A5DA21}.Release|Win32.ActiveCfg = Release|Win32
		{2EACD124-3D84-4F4D-8C82-D3E396A5DA21}.Release|Win32.Build.0 = Release|Win32
		{2EACD124-3D84-4F4D-8C82-D3E396A5DA21}.Release|x64.ActiveCfg = Release|x64
		{2EACD124-3D84-4F4D-8C82-D3E396A5DA21}.Release|x64.Build.0 = Release|x64
		{FE88FE17-D9FB-4FCC-9A35-6BFFB6B26CC6}.Debug|Win32.ActiveCfg = Debug|Any CPU
		{FE88FE17-D9FB-4FCC-9A35-6BFFB6B26CC6}.Debug|x64.ActiveCfg = Debug|Any CPU
		{FE88FE17-D9FB-4FCC-9A35-6BFFB6B26CC6}.Release|Win32.ActiveCfg = Release|Any CPU
		{FE88FE17-D9FB-4FCC-9A35-6BFFB6B26CC6}.Release|x64.ActiveCfg = Release|Any CPU
		{FE88FE17-D9FB-4FCC-9A35-6BFFB6B26CC6}.Debug|Win32.Build.0 = Debug|Any CPU
		{FE88FE17-D9FB-4FCC-9A35-6BFFB6B26CC6}.Debug|x64.Build.0 = Debug|Any CPU
		{FE88FE17-D9FB-4FCC-9A35-6BFFB6B26CC6}.Release|Win32.Build.0 = Release|Any CPU
		{FE88FE17-D9FB-4FCC-9A35-6BFFB6B26CC6}.Release|x64.Build.0 = Release|Any CPU
		{D294A12D-4B38-4F25-9AA6-3D4A6CE26E7B}.Debug|Win32.Build.0 = Debug|AnyCPU
		{D294A12D-4B38-4F25-9AA6-3D4A6CE26E7B}.Debug|Win32.ActiveCfg = Debug|AnyCPU
		{D294A12D-4B38-4F25-9AA6-3D4A6CE26E7B}.Debug|x64.Build.0 = Debug|x64
		{D294A12D-4B38-4F25-9AA6-3D4A6CE26E7B}.Debug|x64.ActiveCfg = Debug|x64
		{D294A12D-4B38-4F25-9AA6-3D4A6CE26E7B}.Release|Win32.Build.0 = Release|AnyCPU
		{D294A12D-4B38-4F25-9AA6-3D4A6CE26E7B}.Release|Win32.ActiveCfg = Release|AnyCPU
		{D294A12D-4B38-4F25-9AA6-3D4A6CE26E7B}.Release|x64.Build.0 = Release|x64
		{D294A12D-4B38-4F25-9AA6-3D4A6CE26E7B}.Release|x64.ActiveCfg = Release|x64
		{BDA49550-5ED1-4C6B-B648-657B2CACD8E0}.Debug|Win32.Build.0 = Debug|AnyCPU
		{BDA49550-5ED1-4C6B-B648-657B2CACD8E0}.Debug|Win32.ActiveCfg = Debug|AnyCPU
		{BDA49550-5ED1-4C6B-B648-657B2CACD8E0}.Debug|x64.Build.0 = Debug|x64
		{BDA49550-5ED1-4C6B-B648-657B2CACD8E0}.Debug|x64.ActiveCfg = Debug|x64
		{BDA49550-5ED1-4C6B-B648-657B2CACD8E0}.Release|Win32.Build.0 = Release|AnyCPU
		{BDA49550-5ED1-4C6B-B648-657B2CACD8E0}.Release|Win32.ActiveCfg = Release|AnyCPU
		{BDA49550-5ED1-4C6B-B648-657B2CACD8E0}.Release|x64.Build.0 = Release|x64
		{BDA49550-5ED1-4C6B-B648-657B2CACD8E0}.Release|x64.ActiveCfg = Release|x64
		{068F9531-5D29-49E0-980E-59982A3A0469}.Debug|Win32.Build.0 = Debug|Win32
		{068F9531-5D29-49E0-980E-59982A3A0469}.Debug|Win32.ActiveCfg = Debug|Win32
		{068F9531-5D29-49E0-980E-59982A3A0469}.Debug|x64.Build.0 = Debug|x64
		{068F9531-5D29-49E0-980E-59982A3A0469}.Debug|x64.ActiveCfg = Debug|x64
		{068F9531-5D29-49E0-980E-59982A3A0469}.Release|Win32.Build.0 = Release|Win32
		{068F9531-5D29-49E0-980E-59982A3A0469}.Release|Win32.ActiveCfg = Release|Win32
		{068F9531-5D29-49E0-980E-59982A3A0469}.Release|x64.Build.0 = Release|x64
		{068F9531-5D29-49E0-980E-59982A3A0469}.Release|x64.ActiveCfg = Release|x64
		{D336926C-6180-4F62-B88D-E366B240127B}.Debug|Win32.Build.0 = Debug|Win32
		{D336926C-6180-4F62-B88D-E366B240127B}.Debug|Win32.ActiveCfg = Debug|Win32
		{D336926C-6180-4F62-B88D-E366B240127B}.Debug|x64.Build.0 = Debug|x64
		{D336926C-6180-4F62-B88D-E366B240127B}.Debug|x64.ActiveCfg = Debug|x64
		{D336926C-6180-4F62-B88D-E366B240127B}.Release|Win32.Build.0 = Release|Win32
		{D336926C-6180-4F62-B88D-E366B240127B}.Release|Win32.ActiveCfg = Release|Win32
		{D336926C-6180-4F62-B88D-E366B240127B}.Release|x64.Build.0 = Release|x64
		{D336926C-6180-4F62-B88D-E366B240127B}.Release|x64.ActiveCfg = Release|x64
		{FE88FE17-D9FB-4FCC-9A35-6BFFB6B26CC6}.Debug|Any CPU.Build.0 = Debug|Any CPU
		{FE88FE17-D9FB-4FCC-9A35-6BFFB6B26CC6}.Debug|Any CPU.ActiveCfg = Debug|Any CPU
		{FE88FE17-D9FB-4FCC-9A35-6BFFB6B26CC6}.Release|Any CPU.Build.0 = Release|Any CPU
		{FE88FE17-D9FB-4FCC-9A35-6BFFB6B26CC6}.Release|Any CPU.ActiveCfg = Release|Any CPU
		{2EACD124-3D84-4F4D-8C82-D3E396A5DA21}.Debug|Any CPU.Build.0 = Debug|Any CPU
		{2EACD124-3D84-4F4D-8C82-D3E396A5DA21}.Debug|Any CPU.ActiveCfg = Debug|Any CPU
		{2EACD124-3D84-4F4D-8C82-D3E396A5DA21}.Release|Any CPU.Build.0 = Release|Any CPU
		{2EACD124-3D84-4F4D-8C82-D3E396A5DA21}.Release|Any CPU.ActiveCfg = Release|Any CPU
		{72FFB35A-C9E2-4A31-B4FA-E3E3E28DED5F}.Debug|Any CPU.Build.0 = Debug|Any CPU
		{72FFB35A-C9E2-4A31-B4FA-E3E3E28DED5F}.Debug|Any CPU.ActiveCfg = Debug|Any CPU
		{72FFB35A-C9E2-4A31-B4FA-E3E3E28DED5F}.Release|Any CPU.Build.0 = Release|Any CPU
		{72FFB35A-C9E2-4A31-B4FA-E3E3E28DED5F}.Release|Any CPU.ActiveCfg = Release|Any CPU
		{68D5EE3B-0C35-4DF1-BD29-6606851A02C1}.Debug|Any CPU.Build.0 = Debug|Any CPU
		{68D5EE3B-0C35-4DF1-BD29-6606851A02C1}.Debug|Any CPU.ActiveCfg = Debug|Any CPU
		{68D5EE3B-0C35-4DF1-BD29-6606851A02C1}.Release|Any CPU.Build.0 = Release|Any CPU
		{68D5EE3B-0C35-4DF1-BD29-6606851A02C1}.Release|Any CPU.ActiveCfg = Release|Any CPU
		{650AEAA0-0678-4A75-A1CC-F46DC4E44D2A}.Debug|Any CPU.Build.0 = Debug|Any CPU
		{650AEAA0-0678-4A75-A1CC-F46DC4E44D2A}.Debug|Any CPU.ActiveCfg = Debug|Any CPU
		{650AEAA0-0678-4A75-A1CC-F46DC4E44D2A}.Release|Any CPU.Build.0 = Release|Any CPU
		{650AEAA0-0678-4A75-A1CC-F46DC4E44D2A}.Release|Any CPU.ActiveCfg = Release|Any CPU
		{FF09FBA1-86DA-4D8D-B549-A4FC70FC5AE9}.Debug|Any CPU.Build.0 = Debug|Any CPU
		{FF09FBA1-86DA-4D8D-B549-A4FC70FC5AE9}.Debug|Any CPU.ActiveCfg = Debug|Any CPU
		{FF09FBA1-86DA-4D8D-B549-A4FC70FC5AE9}.Release|Any CPU.Build.0 = Release|Any CPU
		{FF09FBA1-86DA-4D8D-B549-A4FC70FC5AE9}.Release|Any CPU.ActiveCfg = Release|Any CPU
		{DBEF953E-F7BC-4D54-8A27-B758EC875C49}.Debug|Any CPU.Build.0 = Debug|Any CPU
		{DBEF953E-F7BC-4D54-8A27-B758EC875C49}.Debug|Any CPU.ActiveCfg = Debug|Any CPU
		{DBEF953E-F7BC-4D54-8A27-B758EC875C49}.Release|Any CPU.Build.0 = Release|Any CPU
		{DBEF953E-F7BC-4D54-8A27-B758EC875C49}.Release|Any CPU.ActiveCfg = Release|Any CPU
		{D294A12D-4B38-4F25-9AA6-3D4A6CE26E7B}.Debug|Any CPU.Build.0 = Debug|Any CPU
		{D294A12D-4B38-4F25-9AA6-3D4A6CE26E7B}.Debug|Any CPU.ActiveCfg = Debug|Any CPU
		{D294A12D-4B38-4F25-9AA6-3D4A6CE26E7B}.Release|Any CPU.Build.0 = Release|Any CPU
		{D294A12D-4B38-4F25-9AA6-3D4A6CE26E7B}.Release|Any CPU.ActiveCfg = Release|Any CPU
		{BDA49550-5ED1-4C6B-B648-657B2CACD8E0}.Debug|Any CPU.Build.0 = Debug|Any CPU
		{BDA49550-5ED1-4C6B-B648-657B2CACD8E0}.Debug|Any CPU.ActiveCfg = Debug|Any CPU
		{BDA49550-5ED1-4C6B-B648-657B2CACD8E0}.Release|Any CPU.Build.0 = Release|Any CPU
		{BDA49550-5ED1-4C6B-B648-657B2CACD8E0}.Release|Any CPU.ActiveCfg = Release|Any CPU
	EndGlobalSection
	GlobalSection(SolutionProperties) = preSolution
		HideSolutionNode = FALSE
	EndGlobalSection
	GlobalSection(NestedProjects) = preSolution
		{FF09FBA1-86DA-4D8D-B549-A4FC70FC5AE9} = {E06867E9-6942-4DB6-89F5-DE0BF56C44DE}
		{DBEF953E-F7BC-4D54-8A27-B758EC875C49} = {E06867E9-6942-4DB6-89F5-DE0BF56C44DE}
		{D294A12D-4B38-4F25-9AA6-3D4A6CE26E7B} = {E06867E9-6942-4DB6-89F5-DE0BF56C44DE}
		{BDA49550-5ED1-4C6B-B648-657B2CACD8E0} = {E06867E9-6942-4DB6-89F5-DE0BF56C44DE}
		{F09B6132-5DF9-4E63-BA23-EE82D75CD5B9} = {791AE00B-AD96-410A-AAA8-957DDD83C57A}
		{778BA9AE-EE77-444F-A0C9-D795BB977C1A} = {791AE00B-AD96-410A-AAA8-957DDD83C57A}
		{650AEAA0-0678-4A75-A1CC-F46DC4E44D2A} = {791AE00B-AD96-410A-AAA8-957DDD83C57A}
		{068F9531-5D29-49E0-980E-59982A3A0469} = {791AE00B-AD96-410A-AAA8-957DDD83C57A}
		{D336926C-6180-4F62-B88D-E366B240127B} = {791AE00B-AD96-410A-AAA8-957DDD83C57A}
	EndGlobalSection
EndGlobal
