Microsoft Visual Studio Solution File, Format Version 9.00
# SharpDevelop 2.0.0.1006
Project("{FAE04EC0-301F-11D3-BF4B-00C04F79EFBC}") = "StringResourceTool", "StringResourceTool.csproj", "{197537EA-78F4-4434-904C-C81B19459FE7}"
EndProject
Project("{FAE04EC0-301F-11D3-BF4B-00C04F79EFBC}") = "StringResourceToolAddIn", "..\StringResourceToolAddIn\StringResourceToolAddIn.csproj", "{3648E209-B853-4168-BFB5-7A60EAF316F8}"
EndProject
Global
	GlobalSection(SolutionConfigurationPlatforms) = preSolution
		Debug|Any CPU = Debug|Any CPU
		Release|Any CPU = Release|Any CPU
	EndGlobalSection
	GlobalSection(ProjectConfigurationPlatforms) = postSolution
		{197537EA-78F4-4434-904C-C81B19459FE7}.Debug|Any CPU.Build.0 = Debug|Any CPU
		{197537EA-78F4-4434-904C-C81B19459FE7}.Debug|Any CPU.ActiveCfg = Debug|Any CPU
		{197537EA-78F4-4434-904C-C81B19459FE7}.Release|Any CPU.Build.0 = Release|Any CPU
		{197537EA-78F4-4434-904C-C81B19459FE7}.Release|Any CPU.ActiveCfg = Release|Any CPU
		{3648E209-B853-4168-BFB5-7A60EAF316F8}.Debug|Any CPU.Build.0 = Debug|Any CPU
		{3648E209-B853-4168-BFB5-7A60EAF316F8}.Debug|Any CPU.ActiveCfg = Debug|Any CPU
		{3648E209-B853-4168-BFB5-7A60EAF316F8}.Release|Any CPU.Build.0 = Release|Any CPU
		{3648E209-B853-4168-BFB5-7A60EAF316F8}.Release|Any CPU.ActiveCfg = Release|Any CPU
	EndGlobalSection
EndGlobal
