
Microsoft Visual Studio Solution File, Format Version 11.00
# Visual Studio 2010
# SharpDevelop 4.3
Project("{FAE04EC0-301F-11D3-BF4B-00C04F79EFBC}") = "PythonBinding", "PythonBinding\Project\PythonBinding.csproj", "{8D732610-8FC6-43BA-94C9-7126FD7FE361}"
EndProject
Project("{FAE04EC0-301F-11D3-BF4B-00C04F79EFBC}") = "PythonBinding.Tests", "PythonBinding\Test\PythonBinding.Tests.csproj", "{23B517C9-1ECC-4419-A13F-0B7136D085CB}"
EndProject
Project("{FAE04EC0-301F-11D3-BF4B-00C04F79EFBC}") = "Python.Build.Tasks", "Python.Build.Tasks\Project\Python.Build.Tasks.csproj", "{D332F2D1-2CF1-43B7-903C-844BD5211A7E}"
EndProject
Project("{FAE04EC0-301F-11D3-BF4B-00C04F79EFBC}") = "Python.Build.Tasks.Tests", "Python.Build.Tasks\Test\Python.Build.Tasks.Tests.csproj", "{833904AB-3CD4-4071-9B48-5770E44685AA}"
EndProject
Project("{FAE04EC0-301F-11D3-BF4B-00C04F79EFBC}") = "FormsDesigner", "..\..\DisplayBindings\FormsDesigner\Project\FormsDesigner.csproj", "{7D7E92DF-ACEB-4B69-92C8-8AC7A703CD57}"
EndProject
Project("{FAE04EC0-301F-11D3-BF4B-00C04F79EFBC}") = "ICSharpCode.AvalonEdit", "..\..\..\Libraries\AvalonEdit\ICSharpCode.AvalonEdit\ICSharpCode.AvalonEdit.csproj", "{6C55B776-26D4-4DB3-A6AB-87E783B2F3D1}"
EndProject
Project("{FAE04EC0-301F-11D3-BF4B-00C04F79EFBC}") = "NRefactory", "..\..\..\Libraries\NRefactory\Project\NRefactory.csproj", "{3A9AE6AA-BC07-4A2F-972C-581E3AE2F195}"
EndProject
Project("{FAE04EC0-301F-11D3-BF4B-00C04F79EFBC}") = "ICSharpCode.SharpDevelop", "..\..\..\Main\Base\Project\ICSharpCode.SharpDevelop.csproj", "{2748AD25-9C63-4E12-877B-4DCE96FBED54}"
EndProject
Project("{FAE04EC0-301F-11D3-BF4B-00C04F79EFBC}") = "ICSharpCode.Core", "..\..\..\Main\Core\Project\ICSharpCode.Core.csproj", "{35CEF10F-2D4C-45F2-9DD1-161E0FEC583C}"
EndProject
Project("{FAE04EC0-301F-11D3-BF4B-00C04F79EFBC}") = "ICSharpCode.Core.Presentation", "..\..\..\Main\ICSharpCode.Core.Presentation\ICSharpCode.Core.Presentation.csproj", "{7E4A7172-7FF5-48D0-B719-7CD959DD1AC9}"
EndProject
Project("{FAE04EC0-301F-11D3-BF4B-00C04F79EFBC}") = "ICSharpCode.Core.WinForms", "..\..\..\Main\ICSharpCode.Core.WinForms\ICSharpCode.Core.WinForms.csproj", "{857CA1A3-FC88-4BE0-AB6A-D1EE772AB288}"
EndProject
Project("{FAE04EC0-301F-11D3-BF4B-00C04F79EFBC}") = "ICSharpCode.SharpDevelop.Dom", "..\..\..\Main\ICSharpCode.SharpDevelop.Dom\Project\ICSharpCode.SharpDevelop.Dom.csproj", "{924EE450-603D-49C1-A8E5-4AFAA31CE6F3}"
EndProject
Project("{FAE04EC0-301F-11D3-BF4B-00C04F79EFBC}") = "ICSharpCode.SharpDevelop.Widgets", "..\..\..\Main\ICSharpCode.SharpDevelop.Widgets\Project\ICSharpCode.SharpDevelop.Widgets.csproj", "{8035765F-D51F-4A0C-A746-2FD100E19419}"
EndProject
Project("{FAE04EC0-301F-11D3-BF4B-00C04F79EFBC}") = "AvalonEdit.AddIn", "..\..\DisplayBindings\AvalonEdit.AddIn\AvalonEdit.AddIn.csproj", "{0162E499-42D0-409B-AA25-EED21F75336B}"
EndProject
Project("{FAE04EC0-301F-11D3-BF4B-00C04F79EFBC}") = "UnitTesting", "..\..\Analysis\UnitTesting\UnitTesting.csproj", "{1F261725-6318-4434-A1B1-6C70CE4CD324}"
EndProject
Project("{FAE04EC0-301F-11D3-BF4B-00C04F79EFBC}") = "UnitTesting.Tests", "..\..\Analysis\UnitTesting\Test\UnitTesting.Tests.csproj", "{44A8DE09-CAB9-49D8-9CFC-5EB0A552F181}"
EndProject
Project("{FAE04EC0-301F-11D3-BF4B-00C04F79EFBC}") = "ICSharpCode.Scripting", "..\Scripting\Project\ICSharpCode.Scripting.csproj", "{7048AE18-EB93-4A84-82D0-DD60EB58ADBD}"
EndProject
Project("{FAE04EC0-301F-11D3-BF4B-00C04F79EFBC}") = "ICSharpCode.Scripting.Tests", "..\Scripting\Test\ICSharpCode.Scripting.Tests.csproj", "{85C09AD8-183B-403A-869A-7226646218A9}"
EndProject
Project("{FAE04EC0-301F-11D3-BF4B-00C04F79EFBC}") = "PyWalker", "PyWalker\PyWalker.csproj", "{55329704-6046-48EC-8A20-5C80B3092A63}"
EndProject
Global
	GlobalSection(SolutionConfigurationPlatforms) = preSolution
		Debug|Any CPU = Debug|Any CPU
		Release|Any CPU = Release|Any CPU
		Debug|Any CPU = Debug|Any CPU
		Release|Any CPU = Release|Any CPU
		Debug|x86 = Debug|x86
		Release|x86 = Release|x86
	EndGlobalSection
	GlobalSection(ProjectConfigurationPlatforms) = postSolution
		{8D732610-8FC6-43BA-94C9-7126FD7FE361}.Debug|Any CPU.Build.0 = Debug|Any CPU
		{8D732610-8FC6-43BA-94C9-7126FD7FE361}.Debug|Any CPU.ActiveCfg = Debug|Any CPU
		{8D732610-8FC6-43BA-94C9-7126FD7FE361}.Release|Any CPU.Build.0 = Release|Any CPU
		{8D732610-8FC6-43BA-94C9-7126FD7FE361}.Release|Any CPU.ActiveCfg = Release|Any CPU
		{23B517C9-1ECC-4419-A13F-0B7136D085CB}.Debug|Any CPU.Build.0 = Debug|Any CPU
		{23B517C9-1ECC-4419-A13F-0B7136D085CB}.Debug|Any CPU.ActiveCfg = Debug|Any CPU
		{23B517C9-1ECC-4419-A13F-0B7136D085CB}.Release|Any CPU.Build.0 = Release|Any CPU
		{23B517C9-1ECC-4419-A13F-0B7136D085CB}.Release|Any CPU.ActiveCfg = Release|Any CPU
		{D332F2D1-2CF1-43B7-903C-844BD5211A7E}.Debug|Any CPU.Build.0 = Debug|Any CPU
		{D332F2D1-2CF1-43B7-903C-844BD5211A7E}.Debug|Any CPU.ActiveCfg = Debug|Any CPU
		{D332F2D1-2CF1-43B7-903C-844BD5211A7E}.Release|Any CPU.Build.0 = Release|Any CPU
		{D332F2D1-2CF1-43B7-903C-844BD5211A7E}.Release|Any CPU.ActiveCfg = Release|Any CPU
		{833904AB-3CD4-4071-9B48-5770E44685AA}.Debug|Any CPU.Build.0 = Debug|Any CPU
		{833904AB-3CD4-4071-9B48-5770E44685AA}.Debug|Any CPU.ActiveCfg = Debug|Any CPU
		{833904AB-3CD4-4071-9B48-5770E44685AA}.Release|Any CPU.Build.0 = Release|Any CPU
		{833904AB-3CD4-4071-9B48-5770E44685AA}.Release|Any CPU.ActiveCfg = Release|Any CPU
		{7D7E92DF-ACEB-4B69-92C8-8AC7A703CD57}.Debug|Any CPU.Build.0 = Debug|Any CPU
		{7D7E92DF-ACEB-4B69-92C8-8AC7A703CD57}.Debug|Any CPU.ActiveCfg = Debug|Any CPU
		{7D7E92DF-ACEB-4B69-92C8-8AC7A703CD57}.Release|Any CPU.Build.0 = Release|Any CPU
		{7D7E92DF-ACEB-4B69-92C8-8AC7A703CD57}.Release|Any CPU.ActiveCfg = Release|Any CPU
		{6C55B776-26D4-4DB3-A6AB-87E783B2F3D1}.Debug|Any CPU.Build.0 = Debug|Any CPU
		{6C55B776-26D4-4DB3-A6AB-87E783B2F3D1}.Debug|Any CPU.ActiveCfg = Debug|Any CPU
		{6C55B776-26D4-4DB3-A6AB-87E783B2F3D1}.Release|Any CPU.Build.0 = Release|Any CPU
		{6C55B776-26D4-4DB3-A6AB-87E783B2F3D1}.Release|Any CPU.ActiveCfg = Release|Any CPU
		{3A9AE6AA-BC07-4A2F-972C-581E3AE2F195}.Debug|Any CPU.Build.0 = Debug|Any CPU
		{3A9AE6AA-BC07-4A2F-972C-581E3AE2F195}.Debug|Any CPU.ActiveCfg = Debug|Any CPU
		{3A9AE6AA-BC07-4A2F-972C-581E3AE2F195}.Release|Any CPU.Build.0 = Release|Any CPU
		{3A9AE6AA-BC07-4A2F-972C-581E3AE2F195}.Release|Any CPU.ActiveCfg = Release|Any CPU
		{2748AD25-9C63-4E12-877B-4DCE96FBED54}.Debug|Any CPU.Build.0 = Debug|Any CPU
		{2748AD25-9C63-4E12-877B-4DCE96FBED54}.Debug|Any CPU.ActiveCfg = Debug|Any CPU
		{2748AD25-9C63-4E12-877B-4DCE96FBED54}.Release|Any CPU.Build.0 = Release|Any CPU
		{2748AD25-9C63-4E12-877B-4DCE96FBED54}.Release|Any CPU.ActiveCfg = Release|Any CPU
		{35CEF10F-2D4C-45F2-9DD1-161E0FEC583C}.Debug|Any CPU.Build.0 = Debug|Any CPU
		{35CEF10F-2D4C-45F2-9DD1-161E0FEC583C}.Debug|Any CPU.ActiveCfg = Debug|Any CPU
		{35CEF10F-2D4C-45F2-9DD1-161E0FEC583C}.Release|Any CPU.Build.0 = Release|Any CPU
		{35CEF10F-2D4C-45F2-9DD1-161E0FEC583C}.Release|Any CPU.ActiveCfg = Release|Any CPU
		{7E4A7172-7FF5-48D0-B719-7CD959DD1AC9}.Debug|Any CPU.Build.0 = Debug|Any CPU
		{7E4A7172-7FF5-48D0-B719-7CD959DD1AC9}.Debug|Any CPU.ActiveCfg = Debug|Any CPU
		{7E4A7172-7FF5-48D0-B719-7CD959DD1AC9}.Release|Any CPU.Build.0 = Release|Any CPU
		{7E4A7172-7FF5-48D0-B719-7CD959DD1AC9}.Release|Any CPU.ActiveCfg = Release|Any CPU
		{857CA1A3-FC88-4BE0-AB6A-D1EE772AB288}.Debug|Any CPU.Build.0 = Debug|Any CPU
		{857CA1A3-FC88-4BE0-AB6A-D1EE772AB288}.Debug|Any CPU.ActiveCfg = Debug|Any CPU
		{857CA1A3-FC88-4BE0-AB6A-D1EE772AB288}.Release|Any CPU.Build.0 = Release|Any CPU
		{857CA1A3-FC88-4BE0-AB6A-D1EE772AB288}.Release|Any CPU.ActiveCfg = Release|Any CPU
		{924EE450-603D-49C1-A8E5-4AFAA31CE6F3}.Debug|Any CPU.Build.0 = Debug|Any CPU
		{924EE450-603D-49C1-A8E5-4AFAA31CE6F3}.Debug|Any CPU.ActiveCfg = Debug|Any CPU
		{924EE450-603D-49C1-A8E5-4AFAA31CE6F3}.Release|Any CPU.Build.0 = Release|Any CPU
		{924EE450-603D-49C1-A8E5-4AFAA31CE6F3}.Release|Any CPU.ActiveCfg = Release|Any CPU
		{8035765F-D51F-4A0C-A746-2FD100E19419}.Debug|Any CPU.Build.0 = Debug|Any CPU
		{8035765F-D51F-4A0C-A746-2FD100E19419}.Debug|Any CPU.ActiveCfg = Debug|Any CPU
		{8035765F-D51F-4A0C-A746-2FD100E19419}.Release|Any CPU.Build.0 = Release|Any CPU
		{8035765F-D51F-4A0C-A746-2FD100E19419}.Release|Any CPU.ActiveCfg = Release|Any CPU
		{0162E499-42D0-409B-AA25-EED21F75336B}.Debug|Any CPU.Build.0 = Debug|Any CPU
		{0162E499-42D0-409B-AA25-EED21F75336B}.Debug|Any CPU.ActiveCfg = Debug|Any CPU
		{0162E499-42D0-409B-AA25-EED21F75336B}.Release|Any CPU.Build.0 = Release|Any CPU
		{0162E499-42D0-409B-AA25-EED21F75336B}.Release|Any CPU.ActiveCfg = Release|Any CPU
		{1F261725-6318-4434-A1B1-6C70CE4CD324}.Debug|Any CPU.Build.0 = Debug|Any CPU
		{1F261725-6318-4434-A1B1-6C70CE4CD324}.Debug|Any CPU.ActiveCfg = Debug|Any CPU
		{1F261725-6318-4434-A1B1-6C70CE4CD324}.Release|Any CPU.Build.0 = Release|Any CPU
		{1F261725-6318-4434-A1B1-6C70CE4CD324}.Release|Any CPU.ActiveCfg = Release|Any CPU
		{44A8DE09-CAB9-49D8-9CFC-5EB0A552F181}.Debug|Any CPU.Build.0 = Debug|Any CPU
		{44A8DE09-CAB9-49D8-9CFC-5EB0A552F181}.Debug|Any CPU.ActiveCfg = Debug|Any CPU
		{44A8DE09-CAB9-49D8-9CFC-5EB0A552F181}.Release|Any CPU.Build.0 = Release|Any CPU
		{44A8DE09-CAB9-49D8-9CFC-5EB0A552F181}.Release|Any CPU.ActiveCfg = Release|Any CPU
		{7048AE18-EB93-4A84-82D0-DD60EB58ADBD}.Debug|Any CPU.Build.0 = Debug|x86
		{7048AE18-EB93-4A84-82D0-DD60EB58ADBD}.Debug|Any CPU.ActiveCfg = Debug|x86
		{7048AE18-EB93-4A84-82D0-DD60EB58ADBD}.Release|Any CPU.Build.0 = Release|x86
		{7048AE18-EB93-4A84-82D0-DD60EB58ADBD}.Release|Any CPU.ActiveCfg = Release|x86
		{7048AE18-EB93-4A84-82D0-DD60EB58ADBD}.Debug|x86.Build.0 = Debug|x86
		{7048AE18-EB93-4A84-82D0-DD60EB58ADBD}.Debug|x86.ActiveCfg = Debug|x86
		{7048AE18-EB93-4A84-82D0-DD60EB58ADBD}.Release|x86.Build.0 = Release|x86
		{7048AE18-EB93-4A84-82D0-DD60EB58ADBD}.Release|x86.ActiveCfg = Release|x86
		{85C09AD8-183B-403A-869A-7226646218A9}.Debug|Any CPU.Build.0 = Debug|x86
		{85C09AD8-183B-403A-869A-7226646218A9}.Debug|Any CPU.ActiveCfg = Debug|x86
		{85C09AD8-183B-403A-869A-7226646218A9}.Debug|x86.Build.0 = Debug|x86
		{85C09AD8-183B-403A-869A-7226646218A9}.Debug|x86.ActiveCfg = Debug|x86
		{85C09AD8-183B-403A-869A-7226646218A9}.Release|Any CPU.Build.0 = Release|x86
		{85C09AD8-183B-403A-869A-7226646218A9}.Release|Any CPU.ActiveCfg = Release|x86
		{85C09AD8-183B-403A-869A-7226646218A9}.Release|x86.Build.0 = Release|x86
		{85C09AD8-183B-403A-869A-7226646218A9}.Release|x86.ActiveCfg = Release|x86
		{55329704-6046-48EC-8A20-5C80B3092A63}.Debug|Any CPU.Build.0 = Debug|Any CPU
		{55329704-6046-48EC-8A20-5C80B3092A63}.Debug|Any CPU.ActiveCfg = Debug|Any CPU
		{55329704-6046-48EC-8A20-5C80B3092A63}.Debug|x86.Build.0 = Debug|Any CPU
		{55329704-6046-48EC-8A20-5C80B3092A63}.Debug|x86.ActiveCfg = Debug|Any CPU
		{55329704-6046-48EC-8A20-5C80B3092A63}.Release|Any CPU.Build.0 = Release|Any CPU
		{55329704-6046-48EC-8A20-5C80B3092A63}.Release|Any CPU.ActiveCfg = Release|Any CPU
		{55329704-6046-48EC-8A20-5C80B3092A63}.Release|x86.Build.0 = Release|Any CPU
		{55329704-6046-48EC-8A20-5C80B3092A63}.Release|x86.ActiveCfg = Release|Any CPU
		{44A8DE09-CAB9-49D8-9CFC-5EB0A552F181}.Debug|x86.Build.0 = Debug|Any CPU
		{44A8DE09-CAB9-49D8-9CFC-5EB0A552F181}.Debug|x86.ActiveCfg = Debug|Any CPU
		{44A8DE09-CAB9-49D8-9CFC-5EB0A552F181}.Release|x86.Build.0 = Release|Any CPU
		{44A8DE09-CAB9-49D8-9CFC-5EB0A552F181}.Release|x86.ActiveCfg = Release|Any CPU
		{1F261725-6318-4434-A1B1-6C70CE4CD324}.Debug|x86.Build.0 = Debug|Any CPU
		{1F261725-6318-4434-A1B1-6C70CE4CD324}.Debug|x86.ActiveCfg = Debug|Any CPU
		{1F261725-6318-4434-A1B1-6C70CE4CD324}.Release|x86.Build.0 = Release|Any CPU
		{1F261725-6318-4434-A1B1-6C70CE4CD324}.Release|x86.ActiveCfg = Release|Any CPU
		{0162E499-42D0-409B-AA25-EED21F75336B}.Debug|x86.Build.0 = Debug|Any CPU
		{0162E499-42D0-409B-AA25-EED21F75336B}.Debug|x86.ActiveCfg = Debug|Any CPU
		{0162E499-42D0-409B-AA25-EED21F75336B}.Release|x86.Build.0 = Release|Any CPU
		{0162E499-42D0-409B-AA25-EED21F75336B}.Release|x86.ActiveCfg = Release|Any CPU
		{8035765F-D51F-4A0C-A746-2FD100E19419}.Debug|x86.Build.0 = Debug|Any CPU
		{8035765F-D51F-4A0C-A746-2FD100E19419}.Debug|x86.ActiveCfg = Debug|Any CPU
		{8035765F-D51F-4A0C-A746-2FD100E19419}.Release|x86.Build.0 = Release|Any CPU
		{8035765F-D51F-4A0C-A746-2FD100E19419}.Release|x86.ActiveCfg = Release|Any CPU
		{924EE450-603D-49C1-A8E5-4AFAA31CE6F3}.Debug|x86.Build.0 = Debug|Any CPU
		{924EE450-603D-49C1-A8E5-4AFAA31CE6F3}.Debug|x86.ActiveCfg = Debug|Any CPU
		{924EE450-603D-49C1-A8E5-4AFAA31CE6F3}.Release|x86.Build.0 = Release|Any CPU
		{924EE450-603D-49C1-A8E5-4AFAA31CE6F3}.Release|x86.ActiveCfg = Release|Any CPU
		{857CA1A3-FC88-4BE0-AB6A-D1EE772AB288}.Debug|x86.Build.0 = Debug|Any CPU
		{857CA1A3-FC88-4BE0-AB6A-D1EE772AB288}.Debug|x86.ActiveCfg = Debug|Any CPU
		{857CA1A3-FC88-4BE0-AB6A-D1EE772AB288}.Release|x86.Build.0 = Release|Any CPU
		{857CA1A3-FC88-4BE0-AB6A-D1EE772AB288}.Release|x86.ActiveCfg = Release|Any CPU
		{7E4A7172-7FF5-48D0-B719-7CD959DD1AC9}.Debug|x86.Build.0 = Debug|Any CPU
		{7E4A7172-7FF5-48D0-B719-7CD959DD1AC9}.Debug|x86.ActiveCfg = Debug|Any CPU
		{7E4A7172-7FF5-48D0-B719-7CD959DD1AC9}.Release|x86.Build.0 = Release|Any CPU
		{7E4A7172-7FF5-48D0-B719-7CD959DD1AC9}.Release|x86.ActiveCfg = Release|Any CPU
		{35CEF10F-2D4C-45F2-9DD1-161E0FEC583C}.Debug|x86.Build.0 = Debug|Any CPU
		{35CEF10F-2D4C-45F2-9DD1-161E0FEC583C}.Debug|x86.ActiveCfg = Debug|Any CPU
		{35CEF10F-2D4C-45F2-9DD1-161E0FEC583C}.Release|x86.Build.0 = Release|Any CPU
		{35CEF10F-2D4C-45F2-9DD1-161E0FEC583C}.Release|x86.ActiveCfg = Release|Any CPU
		{2748AD25-9C63-4E12-877B-4DCE96FBED54}.Debug|x86.Build.0 = Debug|Any CPU
		{2748AD25-9C63-4E12-877B-4DCE96FBED54}.Debug|x86.ActiveCfg = Debug|Any CPU
		{2748AD25-9C63-4E12-877B-4DCE96FBED54}.Release|x86.Build.0 = Release|Any CPU
		{2748AD25-9C63-4E12-877B-4DCE96FBED54}.Release|x86.ActiveCfg = Release|Any CPU
		{3A9AE6AA-BC07-4A2F-972C-581E3AE2F195}.Debug|x86.Build.0 = Debug|Any CPU
		{3A9AE6AA-BC07-4A2F-972C-581E3AE2F195}.Debug|x86.ActiveCfg = Debug|Any CPU
		{3A9AE6AA-BC07-4A2F-972C-581E3AE2F195}.Release|x86.Build.0 = Release|Any CPU
		{3A9AE6AA-BC07-4A2F-972C-581E3AE2F195}.Release|x86.ActiveCfg = Release|Any CPU
		{6C55B776-26D4-4DB3-A6AB-87E783B2F3D1}.Debug|x86.Build.0 = Debug|Any CPU
		{6C55B776-26D4-4DB3-A6AB-87E783B2F3D1}.Debug|x86.ActiveCfg = Debug|Any CPU
		{6C55B776-26D4-4DB3-A6AB-87E783B2F3D1}.Release|x86.Build.0 = Release|Any CPU
		{6C55B776-26D4-4DB3-A6AB-87E783B2F3D1}.Release|x86.ActiveCfg = Release|Any CPU
		{7D7E92DF-ACEB-4B69-92C8-8AC7A703CD57}.Debug|x86.Build.0 = Debug|Any CPU
		{7D7E92DF-ACEB-4B69-92C8-8AC7A703CD57}.Debug|x86.ActiveCfg = Debug|Any CPU
		{7D7E92DF-ACEB-4B69-92C8-8AC7A703CD57}.Release|x86.Build.0 = Release|Any CPU
		{7D7E92DF-ACEB-4B69-92C8-8AC7A703CD57}.Release|x86.ActiveCfg = Release|Any CPU
		{833904AB-3CD4-4071-9B48-5770E44685AA}.Debug|x86.Build.0 = Debug|Any CPU
		{833904AB-3CD4-4071-9B48-5770E44685AA}.Debug|x86.ActiveCfg = Debug|Any CPU
		{833904AB-3CD4-4071-9B48-5770E44685AA}.Release|x86.Build.0 = Release|Any CPU
		{833904AB-3CD4-4071-9B48-5770E44685AA}.Release|x86.ActiveCfg = Release|Any CPU
		{D332F2D1-2CF1-43B7-903C-844BD5211A7E}.Debug|x86.Build.0 = Debug|Any CPU
		{D332F2D1-2CF1-43B7-903C-844BD5211A7E}.Debug|x86.ActiveCfg = Debug|Any CPU
		{D332F2D1-2CF1-43B7-903C-844BD5211A7E}.Release|x86.Build.0 = Release|Any CPU
		{D332F2D1-2CF1-43B7-903C-844BD5211A7E}.Release|x86.ActiveCfg = Release|Any CPU
		{23B517C9-1ECC-4419-A13F-0B7136D085CB}.Debug|x86.Build.0 = Debug|Any CPU
		{23B517C9-1ECC-4419-A13F-0B7136D085CB}.Debug|x86.ActiveCfg = Debug|Any CPU
		{23B517C9-1ECC-4419-A13F-0B7136D085CB}.Release|x86.Build.0 = Release|Any CPU
		{23B517C9-1ECC-4419-A13F-0B7136D085CB}.Release|x86.ActiveCfg = Release|Any CPU
		{8D732610-8FC6-43BA-94C9-7126FD7FE361}.Debug|x86.Build.0 = Debug|Any CPU
		{8D732610-8FC6-43BA-94C9-7126FD7FE361}.Debug|x86.ActiveCfg = Debug|Any CPU
		{8D732610-8FC6-43BA-94C9-7126FD7FE361}.Release|x86.Build.0 = Release|Any CPU
		{8D732610-8FC6-43BA-94C9-7126FD7FE361}.Release|x86.ActiveCfg = Release|Any CPU
	EndGlobalSection
EndGlobal
