
Microsoft Visual Studio Solution File, Format Version 11.00
# Visual Studio 2010
# SharpDevelop 4.0.0.6517
Project("{FAE04EC0-301F-11D3-BF4B-00C04F79EFBC}") = "XmlDOM", "XmlDOM.csproj", "{AF8CA20E-58AC-423E-95A8-5AA464938D19}"
EndProject
Project("{FAE04EC0-301F-11D3-BF4B-00C04F79EFBC}") = "ICSharpCode.AvalonEdit", "..\..\src\Libraries\AvalonEdit\ICSharpCode.AvalonEdit\ICSharpCode.AvalonEdit.csproj", "{6C55B776-26D4-4DB3-A6AB-87E783B2F3D1}"
EndProject
Project("{FAE04EC0-301F-11D3-BF4B-00C04F79EFBC}") = "ICSharpCode.AvalonEdit.Tests", "..\..\src\Libraries\AvalonEdit\ICSharpCode.AvalonEdit.Tests\ICSharpCode.AvalonEdit.Tests.csproj", "{6222A3A1-83CE-47A3-A4E4-A018F82D44D8}"
EndProject
Global
	GlobalSection(SolutionConfigurationPlatforms) = preSolution
		Debug|Any CPU = Debug|Any CPU
		Release|Any CPU = Release|Any CPU
	EndGlobalSection
	GlobalSection(ProjectConfigurationPlatforms) = postSolution
		{AF8CA20E-58AC-423E-95A8-5AA464938D19}.Debug|Any CPU.Build.0 = Debug|Any CPU
		{AF8CA20E-58AC-423E-95A8-5AA464938D19}.Debug|Any CPU.ActiveCfg = Debug|Any CPU
		{AF8CA20E-58AC-423E-95A8-5AA464938D19}.Release|Any CPU.Build.0 = Release|Any CPU
		{AF8CA20E-58AC-423E-95A8-5AA464938D19}.Release|Any CPU.ActiveCfg = Release|Any CPU
		{6C55B776-26D4-4DB3-A6AB-87E783B2F3D1}.Debug|Any CPU.Build.0 = Debug|Any CPU
		{6C55B776-26D4-4DB3-A6AB-87E783B2F3D1}.Debug|Any CPU.ActiveCfg = Debug|Any CPU
		{6C55B776-26D4-4DB3-A6AB-87E783B2F3D1}.Release|Any CPU.Build.0 = Release|Any CPU
		{6C55B776-26D4-4DB3-A6AB-87E783B2F3D1}.Release|Any CPU.ActiveCfg = Release|Any CPU
		{6222A3A1-83CE-47A3-A4E4-A018F82D44D8}.Debug|Any CPU.Build.0 = Debug|Any CPU
		{6222A3A1-83CE-47A3-A4E4-A018F82D44D8}.Debug|Any CPU.ActiveCfg = Debug|Any CPU
		{6222A3A1-83CE-47A3-A4E4-A018F82D44D8}.Release|Any CPU.Build.0 = Release|Any CPU
		{6222A3A1-83CE-47A3-A4E4-A018F82D44D8}.Release|Any CPU.ActiveCfg = Release|Any CPU
	EndGlobalSection
EndGlobal
