
Microsoft Visual Studio Solution File, Format Version 10.00
# Visual Studio 2008
# SharpDevelop 3.2.0.5633
Project("{FAE04EC0-301F-11D3-BF4B-00C04F79EFBC}") = "SharpReportSamples", "SharpReportSamples\SharpReportSamples.csproj", "{BB5D34DA-3561-48B1-894A-46765C2A18C1}"
EndProject
Global
	GlobalSection(SolutionConfigurationPlatforms) = preSolution
		Debug|Any CPU = Debug|Any CPU
		Release|Any CPU = Release|Any CPU
	EndGlobalSection
	GlobalSection(ProjectConfigurationPlatforms) = postSolution
		{BB5D34DA-3561-48B1-894A-46765C2A18C1}.Debug|Any CPU.Build.0 = Debug|x86
		{BB5D34DA-3561-48B1-894A-46765C2A18C1}.Debug|Any CPU.ActiveCfg = Debug|x86
		{BB5D34DA-3561-48B1-894A-46765C2A18C1}.Release|Any CPU.Build.0 = Release|x86
		{BB5D34DA-3561-48B1-894A-46765C2A18C1}.Release|Any CPU.ActiveCfg = Release|x86
	EndGlobalSection
	GlobalSection(SolutionProperties) = preSolution
		HideSolutionNode = FALSE
	EndGlobalSection
EndGlobal
