Microsoft Visual Studio Solution File, Format Version 9.00
# SharpDevelop 2.0.0.658
Project("{FAE04EC0-301F-11D3-BF4B-00C04F79EFBC}") = "HtmlHelp2", "Project\HtmlHelp2.csproj", "{918487B7-2153-4618-BBB3-344DBDDF2A2A}"
EndProject
Global
	GlobalSection(SolutionConfigurationPlatforms) = preSolution
		Debug|Any CPU = Debug|Any CPU
		Release|Any CPU = Release|Any CPU
	EndGlobalSection
	GlobalSection(ProjectConfigurationPlatforms) = postSolution
		{918487B7-2153-4618-BBB3-344DBDDF2A2A}.Debug|Any CPU.Build.0 = Debug|Any CPU
		{918487B7-2153-4618-BBB3-344DBDDF2A2A}.Debug|Any CPU.ActiveCfg = Debug|Any CPU
		{918487B7-2153-4618-BBB3-344DBDDF2A2A}.Release|Any CPU.Build.0 = Release|Any CPU
		{918487B7-2153-4618-BBB3-344DBDDF2A2A}.Release|Any CPU.ActiveCfg = Release|Any CPU
	EndGlobalSection
EndGlobal
