Microsoft Visual Studio Solution File, Format Version 9.00
# SharpDevelop 2.0.0.692
Project("{FAE04EC0-301F-11D3-BF4B-00C04F79EFBC}") = "CheckFileHeaders", "CheckFileHeaders.csproj", "{1377E452-CBBA-4A41-8F06-F749DC99FE1A}"
EndProject
Global
	GlobalSection(SolutionConfigurationPlatforms) = preSolution
		Debug|Any CPU = Debug|Any CPU
		Release|Any CPU = Release|Any CPU
	EndGlobalSection
	GlobalSection(ProjectConfigurationPlatforms) = postSolution
		{1377E452-CBBA-4A41-8F06-F749DC99FE1A}.Debug|Any CPU.Build.0 = Debug|Any CPU
		{1377E452-CBBA-4A41-8F06-F749DC99FE1A}.Debug|Any CPU.ActiveCfg = Debug|Any CPU
		{1377E452-CBBA-4A41-8F06-F749DC99FE1A}.Release|Any CPU.Build.0 = Release|Any CPU
		{1377E452-CBBA-4A41-8F06-F749DC99FE1A}.Release|Any CPU.ActiveCfg = Release|Any CPU
	EndGlobalSection
EndGlobal
