
Microsoft Visual Studio Solution File, Format Version 11.00
# Visual Studio 2010
# SharpDevelop 4.0.0.6315
Project("{2150E333-8FDC-42A3-9474-1A3956D46DE8}") = "SharpDevelop", "SharpDevelop", "{256F5C28-532C-44C0-8AB8-D8EC5E492E01}"
	ProjectSection(SolutionItems) = postProject
	EndProjectSection
EndProject
Project("{FAE04EC0-301F-11D3-BF4B-00C04F79EFBC}") = "ICSharpCode.AvalonEdit", "..\..\..\Libraries\AvalonEdit\ICSharpCode.AvalonEdit\ICSharpCode.AvalonEdit.csproj", "{6C55B776-26D4-4DB3-A6AB-87E783B2F3D1}"
	ProjectSection(ProjectDependencies) = postProject
		{35CEF10F-2D4C-45F2-9DD1-161E0FEC583C} = {35CEF10F-2D4C-45F2-9DD1-161E0FEC583C}
	EndProjectSection
EndProject
Project("{FAE04EC0-301F-11D3-BF4B-00C04F79EFBC}") = "NRefactory", "..\..\..\Libraries\NRefactory\Project\NRefactory.csproj", "{3A9AE6AA-BC07-4A2F-972C-581E3AE2F195}"
	ProjectSection(ProjectDependencies) = postProject
		{35CEF10F-2D4C-45F2-9DD1-161E0FEC583C} = {35CEF10F-2D4C-45F2-9DD1-161E0FEC583C}
	EndProjectSection
EndProject
Project("{FAE04EC0-301F-11D3-BF4B-00C04F79EFBC}") = "StartUp", "..\..\..\Main\StartUp\Project\StartUp.csproj", "{1152B71B-3C05-4598-B20D-823B5D40559E}"
	ProjectSection(ProjectDependencies) = postProject
		{35CEF10F-2D4C-45F2-9DD1-161E0FEC583C} = {35CEF10F-2D4C-45F2-9DD1-161E0FEC583C}
	EndProjectSection
EndProject
Project("{FAE04EC0-301F-11D3-BF4B-00C04F79EFBC}") = "ICSharpCode.SharpDevelop.Widgets", "..\..\..\Main\ICSharpCode.SharpDevelop.Widgets\Project\ICSharpCode.SharpDevelop.Widgets.csproj", "{8035765F-D51F-4A0C-A746-2FD100E19419}"
	ProjectSection(ProjectDependencies) = postProject
		{35CEF10F-2D4C-45F2-9DD1-161E0FEC583C} = {35CEF10F-2D4C-45F2-9DD1-161E0FEC583C}
	EndProjectSection
EndProject
Project("{FAE04EC0-301F-11D3-BF4B-00C04F79EFBC}") = "ICSharpCode.SharpDevelop", "..\..\..\Main\Base\Project\ICSharpCode.SharpDevelop.csproj", "{2748AD25-9C63-4E12-877B-4DCE96FBED54}"
	ProjectSection(ProjectDependencies) = postProject
		{35CEF10F-2D4C-45F2-9DD1-161E0FEC583C} = {35CEF10F-2D4C-45F2-9DD1-161E0FEC583C}
	EndProjectSection
EndProject
Project("{FAE04EC0-301F-11D3-BF4B-00C04F79EFBC}") = "ICSharpCode.SharpDevelop.Sda", "..\..\..\Main\ICSharpCode.SharpDevelop.Sda\ICSharpCode.SharpDevelop.Sda.csproj", "{80318B5F-A25D-45AB-8A95-EF31D2370A4C}"
	ProjectSection(ProjectDependencies) = postProject
		{35CEF10F-2D4C-45F2-9DD1-161E0FEC583C} = {35CEF10F-2D4C-45F2-9DD1-161E0FEC583C}
	EndProjectSection
EndProject
Project("{FAE04EC0-301F-11D3-BF4B-00C04F79EFBC}") = "ICSharpCode.SharpDevelop.Dom", "..\..\..\Main\ICSharpCode.SharpDevelop.Dom\Project\ICSharpCode.SharpDevelop.Dom.csproj", "{924EE450-603D-49C1-A8E5-4AFAA31CE6F3}"
	ProjectSection(ProjectDependencies) = postProject
		{35CEF10F-2D4C-45F2-9DD1-161E0FEC583C} = {35CEF10F-2D4C-45F2-9DD1-161E0FEC583C}
	EndProjectSection
EndProject
Project("{FAE04EC0-301F-11D3-BF4B-00C04F79EFBC}") = "ICSharpCode.Core.WinForms", "..\..\..\Main\ICSharpCode.Core.WinForms\ICSharpCode.Core.WinForms.csproj", "{857CA1A3-FC88-4BE0-AB6A-D1EE772AB288}"
	ProjectSection(ProjectDependencies) = postProject
		{35CEF10F-2D4C-45F2-9DD1-161E0FEC583C} = {35CEF10F-2D4C-45F2-9DD1-161E0FEC583C}
	EndProjectSection
EndProject
Project("{FAE04EC0-301F-11D3-BF4B-00C04F79EFBC}") = "ICSharpCode.Core.Presentation", "..\..\..\Main\ICSharpCode.Core.Presentation\ICSharpCode.Core.Presentation.csproj", "{7E4A7172-7FF5-48D0-B719-7CD959DD1AC9}"
	ProjectSection(ProjectDependencies) = postProject
		{35CEF10F-2D4C-45F2-9DD1-161E0FEC583C} = {35CEF10F-2D4C-45F2-9DD1-161E0FEC583C}
	EndProjectSection
EndProject
Project("{FAE04EC0-301F-11D3-BF4B-00C04F79EFBC}") = "ICSharpCode.Core", "..\..\..\Main\Core\Project\ICSharpCode.Core.csproj", "{35CEF10F-2D4C-45F2-9DD1-161E0FEC583C}"
EndProject
Project("{FAE04EC0-301F-11D3-BF4B-00C04F79EFBC}") = "AvalonDock", "..\..\..\Libraries\AvalonDock\AvalonDock\AvalonDock.csproj", "{87E61430-4243-45F2-B74E-0A4C096CEBF3}"
EndProject
Project("{2150E333-8FDC-42A3-9474-1A3956D46DE8}") = "Reports", "Reports", "{F3DAFD3D-361A-4CCE-BA52-39401D4A78FC}"
	ProjectSection(SolutionItems) = postProject
	EndProjectSection
EndProject
Project("{FAE04EC0-301F-11D3-BF4B-00C04F79EFBC}") = "ICSharpCode.Reports.Core", "ICSharpCode.Reports.Core\ICSharpCode.Reports.Core.csproj", "{4B2239FF-8FD6-431D-9D22-1B8049BA6917}"
	ProjectSection(ProjectDependencies) = postProject
		{35CEF10F-2D4C-45F2-9DD1-161E0FEC583C} = {35CEF10F-2D4C-45F2-9DD1-161E0FEC583C}
	EndProjectSection
EndProject
Project("{FAE04EC0-301F-11D3-BF4B-00C04F79EFBC}") = "Irony", "Irony\Irony.csproj", "{D81F5C91-D7DB-46E5-BC99-49488FB6814C}"
EndProject
Project("{FAE04EC0-301F-11D3-BF4B-00C04F79EFBC}") = "ICSharpCode.Reports.Addin", "ICSharpCode.Reports.Addin\ICSharpCode.Reports.Addin.csproj", "{35D002D7-C78B-44FB-92AA-104BEB431678}"
	ProjectSection(ProjectDependencies) = postProject
		{35CEF10F-2D4C-45F2-9DD1-161E0FEC583C} = {35CEF10F-2D4C-45F2-9DD1-161E0FEC583C}
	EndProjectSection
EndProject
Project("{FAE04EC0-301F-11D3-BF4B-00C04F79EFBC}") = "ICSharpCode.Reports.Core.Test", "ICSharpCode.Reports.Core\Test\ICSharpCode.Reports.Core.Test\ICSharpCode.Reports.Core.Test.csproj", "{E16B73CA-3603-47EE-915E-6F8B2A07304B}"
	ProjectSection(ProjectDependencies) = postProject
		{35CEF10F-2D4C-45F2-9DD1-161E0FEC583C} = {35CEF10F-2D4C-45F2-9DD1-161E0FEC583C}
	EndProjectSection
EndProject
Project("{FAE04EC0-301F-11D3-BF4B-00C04F79EFBC}") = "ICSharpCode.Reports.Addin.Test", "ICSharpCode.Reports.Addin\Test\ICSharpCode.Reports.Addin.Test.csproj", "{2B232C7E-CFB6-4B73-A1B8-134A8A2ED4F7}"
	ProjectSection(ProjectDependencies) = postProject
		{35CEF10F-2D4C-45F2-9DD1-161E0FEC583C} = {35CEF10F-2D4C-45F2-9DD1-161E0FEC583C}
	EndProjectSection
EndProject
Project("{2150E333-8FDC-42A3-9474-1A3956D46DE8}") = "Data", "Data", "{C7F29FC2-1B03-4CDD-9E30-400F4765FF04}"
	ProjectSection(SolutionItems) = postProject
	EndProjectSection
EndProject
Project("{FAE04EC0-301F-11D3-BF4B-00C04F79EFBC}") = "ICSharpCode.Data.Addin", "..\..\DisplayBindings\Data\ICSharpCode.Data.Addin\ICSharpCode.Data.Addin.csproj", "{A9F12710-24E4-46D4-832C-6ECB395B9EAD}"
	ProjectSection(ProjectDependencies) = postProject
		{35CEF10F-2D4C-45F2-9DD1-161E0FEC583C} = {35CEF10F-2D4C-45F2-9DD1-161E0FEC583C}
	EndProjectSection
EndProject
Project("{FAE04EC0-301F-11D3-BF4B-00C04F79EFBC}") = "ICSharpCode.Data.Core", "..\..\DisplayBindings\Data\ICSharpCode.Data.Core\ICSharpCode.Data.Core.csproj", "{B7823AE9-4B43-4859-8796-2EBDC116FBB8}"
	ProjectSection(ProjectDependencies) = postProject
		{35CEF10F-2D4C-45F2-9DD1-161E0FEC583C} = {35CEF10F-2D4C-45F2-9DD1-161E0FEC583C}
	EndProjectSection
EndProject
Project("{FAE04EC0-301F-11D3-BF4B-00C04F79EFBC}") = "ICSharpCode.Data.Core.UI", "..\..\DisplayBindings\Data\ICSharpCode.Data.Core.UI\ICSharpCode.Data.Core.UI.csproj", "{BAD94D6E-4159-4CB6-B991-486F412D9BB6}"
	ProjectSection(ProjectDependencies) = postProject
		{35CEF10F-2D4C-45F2-9DD1-161E0FEC583C} = {35CEF10F-2D4C-45F2-9DD1-161E0FEC583C}
	EndProjectSection
EndProject
Project("{FAE04EC0-301F-11D3-BF4B-00C04F79EFBC}") = "ICSharpCode.Data.EDMDesigner.Core", "..\..\DisplayBindings\Data\ICSharpCode.Data.EDMDesigner.Core\ICSharpCode.Data.EDMDesigner.Core.csproj", "{5C70D6AB-0A33-43F9-B8B5-54558C35BBB1}"
	ProjectSection(ProjectDependencies) = postProject
		{35CEF10F-2D4C-45F2-9DD1-161E0FEC583C} = {35CEF10F-2D4C-45F2-9DD1-161E0FEC583C}
	EndProjectSection
EndProject
Project("{FAE04EC0-301F-11D3-BF4B-00C04F79EFBC}") = "ICSharpCode.Data.EDMDesigner.Core.UI", "..\..\DisplayBindings\Data\ICSharpCode.Data.EDMDesigner.Core.UI\ICSharpCode.Data.EDMDesigner.Core.UI.csproj", "{EEF5E054-4192-4A57-8FBF-E860D808A51D}"
	ProjectSection(ProjectDependencies) = postProject
		{35CEF10F-2D4C-45F2-9DD1-161E0FEC583C} = {35CEF10F-2D4C-45F2-9DD1-161E0FEC583C}
	EndProjectSection
EndProject
Project("{FAE04EC0-301F-11D3-BF4B-00C04F79EFBC}") = "ICSharpCode.Data.SQLServer", "..\..\DisplayBindings\Data\ICSharpCode.Data.SQLServer\ICSharpCode.Data.SQLServer.csproj", "{AFE34868-AFA1-4E1C-9450-47AB4BE329D5}"
	ProjectSection(ProjectDependencies) = postProject
		{35CEF10F-2D4C-45F2-9DD1-161E0FEC583C} = {35CEF10F-2D4C-45F2-9DD1-161E0FEC583C}
	EndProjectSection
EndProject
Project("{00000000-0000-0000-0000-000000000000}") = "Tools", "..\..\..\Tools\Tools.build", "{3DF4060F-5EE0-41CF-8096-F27355FD5511}"
EndProject
Global
	GlobalSection(SolutionConfigurationPlatforms) = preSolution
		Debug|Any CPU = Debug|Any CPU
		Release|Any CPU = Release|Any CPU
		Debug|Win32 = Debug|Win32
		Release|Win32 = Release|Win32
		Debug|x86 = Debug|x86
		Release|x86 = Release|x86
	EndGlobalSection
	GlobalSection(ProjectConfigurationPlatforms) = postSolution
		{35CEF10F-2D4C-45F2-9DD1-161E0FEC583C}.Debug|Any CPU.ActiveCfg = Debug|Any CPU
		{35CEF10F-2D4C-45F2-9DD1-161E0FEC583C}.Debug|Any CPU.Build.0 = Debug|Any CPU
		{35CEF10F-2D4C-45F2-9DD1-161E0FEC583C}.Release|Any CPU.ActiveCfg = Release|Any CPU
		{35CEF10F-2D4C-45F2-9DD1-161E0FEC583C}.Release|Any CPU.Build.0 = Release|Any CPU
		{7E4A7172-7FF5-48D0-B719-7CD959DD1AC9}.Debug|Any CPU.ActiveCfg = Debug|Any CPU
		{7E4A7172-7FF5-48D0-B719-7CD959DD1AC9}.Debug|Any CPU.Build.0 = Debug|Any CPU
		{7E4A7172-7FF5-48D0-B719-7CD959DD1AC9}.Release|Any CPU.ActiveCfg = Release|Any CPU
		{7E4A7172-7FF5-48D0-B719-7CD959DD1AC9}.Release|Any CPU.Build.0 = Release|Any CPU
		{857CA1A3-FC88-4BE0-AB6A-D1EE772AB288}.Debug|Any CPU.ActiveCfg = Debug|Any CPU
		{857CA1A3-FC88-4BE0-AB6A-D1EE772AB288}.Debug|Any CPU.Build.0 = Debug|Any CPU
		{857CA1A3-FC88-4BE0-AB6A-D1EE772AB288}.Release|Any CPU.ActiveCfg = Release|Any CPU
		{857CA1A3-FC88-4BE0-AB6A-D1EE772AB288}.Release|Any CPU.Build.0 = Release|Any CPU
		{924EE450-603D-49C1-A8E5-4AFAA31CE6F3}.Debug|Any CPU.ActiveCfg = Debug|Any CPU
		{924EE450-603D-49C1-A8E5-4AFAA31CE6F3}.Debug|Any CPU.Build.0 = Debug|Any CPU
		{924EE450-603D-49C1-A8E5-4AFAA31CE6F3}.Release|Any CPU.ActiveCfg = Release|Any CPU
		{924EE450-603D-49C1-A8E5-4AFAA31CE6F3}.Release|Any CPU.Build.0 = Release|Any CPU
		{80318B5F-A25D-45AB-8A95-EF31D2370A4C}.Debug|Any CPU.ActiveCfg = Debug|Any CPU
		{80318B5F-A25D-45AB-8A95-EF31D2370A4C}.Debug|Any CPU.Build.0 = Debug|Any CPU
		{80318B5F-A25D-45AB-8A95-EF31D2370A4C}.Release|Any CPU.ActiveCfg = Release|Any CPU
		{80318B5F-A25D-45AB-8A95-EF31D2370A4C}.Release|Any CPU.Build.0 = Release|Any CPU
		{2748AD25-9C63-4E12-877B-4DCE96FBED54}.Debug|Any CPU.ActiveCfg = Debug|Any CPU
		{2748AD25-9C63-4E12-877B-4DCE96FBED54}.Debug|Any CPU.Build.0 = Debug|Any CPU
		{2748AD25-9C63-4E12-877B-4DCE96FBED54}.Release|Any CPU.ActiveCfg = Release|Any CPU
		{2748AD25-9C63-4E12-877B-4DCE96FBED54}.Release|Any CPU.Build.0 = Release|Any CPU
		{8035765F-D51F-4A0C-A746-2FD100E19419}.Debug|Any CPU.ActiveCfg = Debug|Any CPU
		{8035765F-D51F-4A0C-A746-2FD100E19419}.Debug|Any CPU.Build.0 = Debug|Any CPU
		{8035765F-D51F-4A0C-A746-2FD100E19419}.Release|Any CPU.ActiveCfg = Release|Any CPU
		{8035765F-D51F-4A0C-A746-2FD100E19419}.Release|Any CPU.Build.0 = Release|Any CPU
		{1152B71B-3C05-4598-B20D-823B5D40559E}.Debug|Any CPU.ActiveCfg = Debug|Any CPU
		{1152B71B-3C05-4598-B20D-823B5D40559E}.Debug|Any CPU.Build.0 = Debug|Any CPU
		{1152B71B-3C05-4598-B20D-823B5D40559E}.Release|Any CPU.ActiveCfg = Release|Any CPU
		{1152B71B-3C05-4598-B20D-823B5D40559E}.Release|Any CPU.Build.0 = Release|Any CPU
		{6C55B776-26D4-4DB3-A6AB-87E783B2F3D1}.Debug|Any CPU.ActiveCfg = Debug|Any CPU
		{6C55B776-26D4-4DB3-A6AB-87E783B2F3D1}.Debug|Any CPU.Build.0 = Debug|Any CPU
		{6C55B776-26D4-4DB3-A6AB-87E783B2F3D1}.Release|Any CPU.ActiveCfg = Release|Any CPU
		{6C55B776-26D4-4DB3-A6AB-87E783B2F3D1}.Release|Any CPU.Build.0 = Release|Any CPU
		{3A9AE6AA-BC07-4A2F-972C-581E3AE2F195}.Debug|Any CPU.ActiveCfg = Debug|Any CPU
		{3A9AE6AA-BC07-4A2F-972C-581E3AE2F195}.Debug|Any CPU.Build.0 = Debug|Any CPU
		{3A9AE6AA-BC07-4A2F-972C-581E3AE2F195}.Release|Any CPU.ActiveCfg = Release|Any CPU
		{3A9AE6AA-BC07-4A2F-972C-581E3AE2F195}.Release|Any CPU.Build.0 = Release|Any CPU
		{3DF4060F-5EE0-41CF-8096-F27355FD5511}.Debug|Any CPU.Build.0 = Debug|Any CPU
		{3DF4060F-5EE0-41CF-8096-F27355FD5511}.Debug|Any CPU.ActiveCfg = Debug|Any CPU
		{3DF4060F-5EE0-41CF-8096-F27355FD5511}.Release|Any CPU.Build.0 = Release|Any CPU
		{3DF4060F-5EE0-41CF-8096-F27355FD5511}.Release|Any CPU.ActiveCfg = Release|Any CPU
		{A9F12710-24E4-46D4-832C-6ECB395B9EAD}.Debug|Any CPU.Build.0 = Debug|Any CPU
		{A9F12710-24E4-46D4-832C-6ECB395B9EAD}.Debug|Any CPU.ActiveCfg = Debug|Any CPU
		{A9F12710-24E4-46D4-832C-6ECB395B9EAD}.Release|Any CPU.Build.0 = Release|Any CPU
		{A9F12710-24E4-46D4-832C-6ECB395B9EAD}.Release|Any CPU.ActiveCfg = Release|Any CPU
		{B7823AE9-4B43-4859-8796-2EBDC116FBB8}.Debug|Any CPU.Build.0 = Debug|Any CPU
		{B7823AE9-4B43-4859-8796-2EBDC116FBB8}.Debug|Any CPU.ActiveCfg = Debug|Any CPU
		{B7823AE9-4B43-4859-8796-2EBDC116FBB8}.Release|Any CPU.Build.0 = Release|Any CPU
		{B7823AE9-4B43-4859-8796-2EBDC116FBB8}.Release|Any CPU.ActiveCfg = Release|Any CPU
		{BAD94D6E-4159-4CB6-B991-486F412D9BB6}.Debug|Any CPU.Build.0 = Debug|Any CPU
		{BAD94D6E-4159-4CB6-B991-486F412D9BB6}.Debug|Any CPU.ActiveCfg = Debug|Any CPU
		{BAD94D6E-4159-4CB6-B991-486F412D9BB6}.Release|Any CPU.Build.0 = Release|Any CPU
		{BAD94D6E-4159-4CB6-B991-486F412D9BB6}.Release|Any CPU.ActiveCfg = Release|Any CPU
		{5C70D6AB-0A33-43F9-B8B5-54558C35BBB1}.Debug|Any CPU.Build.0 = Debug|Any CPU
		{5C70D6AB-0A33-43F9-B8B5-54558C35BBB1}.Debug|Any CPU.ActiveCfg = Debug|Any CPU
		{5C70D6AB-0A33-43F9-B8B5-54558C35BBB1}.Release|Any CPU.Build.0 = Release|Any CPU
		{5C70D6AB-0A33-43F9-B8B5-54558C35BBB1}.Release|Any CPU.ActiveCfg = Release|Any CPU
		{EEF5E054-4192-4A57-8FBF-E860D808A51D}.Debug|Any CPU.Build.0 = Debug|Any CPU
		{EEF5E054-4192-4A57-8FBF-E860D808A51D}.Debug|Any CPU.ActiveCfg = Debug|Any CPU
		{EEF5E054-4192-4A57-8FBF-E860D808A51D}.Release|Any CPU.Build.0 = Release|Any CPU
		{EEF5E054-4192-4A57-8FBF-E860D808A51D}.Release|Any CPU.ActiveCfg = Release|Any CPU
		{AFE34868-AFA1-4E1C-9450-47AB4BE329D5}.Debug|Any CPU.Build.0 = Debug|Any CPU
		{AFE34868-AFA1-4E1C-9450-47AB4BE329D5}.Debug|Any CPU.ActiveCfg = Debug|Any CPU
		{AFE34868-AFA1-4E1C-9450-47AB4BE329D5}.Release|Any CPU.Build.0 = Release|Any CPU
		{AFE34868-AFA1-4E1C-9450-47AB4BE329D5}.Release|Any CPU.ActiveCfg = Release|Any CPU
		{4B2239FF-8FD6-431D-9D22-1B8049BA6917}.Debug|Any CPU.Build.0 = Debug|Any CPU
		{4B2239FF-8FD6-431D-9D22-1B8049BA6917}.Debug|Any CPU.ActiveCfg = Debug|Any CPU
		{4B2239FF-8FD6-431D-9D22-1B8049BA6917}.Debug|Win32.Build.0 = Debug|Any CPU
		{4B2239FF-8FD6-431D-9D22-1B8049BA6917}.Debug|Win32.ActiveCfg = Debug|Any CPU
		{4B2239FF-8FD6-431D-9D22-1B8049BA6917}.Debug|x86.Build.0 = Debug|Any CPU
		{4B2239FF-8FD6-431D-9D22-1B8049BA6917}.Debug|x86.ActiveCfg = Debug|Any CPU
		{4B2239FF-8FD6-431D-9D22-1B8049BA6917}.Release|Any CPU.Build.0 = Release|Any CPU
		{4B2239FF-8FD6-431D-9D22-1B8049BA6917}.Release|Any CPU.ActiveCfg = Release|Any CPU
		{4B2239FF-8FD6-431D-9D22-1B8049BA6917}.Release|Win32.Build.0 = Release|Any CPU
		{4B2239FF-8FD6-431D-9D22-1B8049BA6917}.Release|Win32.ActiveCfg = Release|Any CPU
		{4B2239FF-8FD6-431D-9D22-1B8049BA6917}.Release|x86.Build.0 = Release|Any CPU
		{4B2239FF-8FD6-431D-9D22-1B8049BA6917}.Release|x86.ActiveCfg = Release|Any CPU
		{D81F5C91-D7DB-46E5-BC99-49488FB6814C}.Debug|Any CPU.Build.0 = Debug|Any CPU
		{D81F5C91-D7DB-46E5-BC99-49488FB6814C}.Debug|Any CPU.ActiveCfg = Debug|Any CPU
		{D81F5C91-D7DB-46E5-BC99-49488FB6814C}.Debug|Win32.Build.0 = Debug|Any CPU
		{D81F5C91-D7DB-46E5-BC99-49488FB6814C}.Debug|Win32.ActiveCfg = Debug|Any CPU
		{D81F5C91-D7DB-46E5-BC99-49488FB6814C}.Debug|x86.Build.0 = Debug|Any CPU
		{D81F5C91-D7DB-46E5-BC99-49488FB6814C}.Debug|x86.ActiveCfg = Debug|Any CPU
		{D81F5C91-D7DB-46E5-BC99-49488FB6814C}.Release|Any CPU.Build.0 = Release|Any CPU
		{D81F5C91-D7DB-46E5-BC99-49488FB6814C}.Release|Any CPU.ActiveCfg = Release|Any CPU
		{D81F5C91-D7DB-46E5-BC99-49488FB6814C}.Release|Win32.Build.0 = Release|Any CPU
		{D81F5C91-D7DB-46E5-BC99-49488FB6814C}.Release|Win32.ActiveCfg = Release|Any CPU
		{D81F5C91-D7DB-46E5-BC99-49488FB6814C}.Release|x86.Build.0 = Release|Any CPU
		{D81F5C91-D7DB-46E5-BC99-49488FB6814C}.Release|x86.ActiveCfg = Release|Any CPU
		{35D002D7-C78B-44FB-92AA-104BEB431678}.Debug|Any CPU.Build.0 = Debug|Any CPU
		{35D002D7-C78B-44FB-92AA-104BEB431678}.Debug|Any CPU.ActiveCfg = Debug|Any CPU
		{35D002D7-C78B-44FB-92AA-104BEB431678}.Debug|Win32.Build.0 = Debug|Any CPU
		{35D002D7-C78B-44FB-92AA-104BEB431678}.Debug|Win32.ActiveCfg = Debug|Any CPU
		{35D002D7-C78B-44FB-92AA-104BEB431678}.Debug|x86.Build.0 = Debug|Any CPU
		{35D002D7-C78B-44FB-92AA-104BEB431678}.Debug|x86.ActiveCfg = Debug|Any CPU
		{35D002D7-C78B-44FB-92AA-104BEB431678}.Release|Any CPU.Build.0 = Release|Any CPU
		{35D002D7-C78B-44FB-92AA-104BEB431678}.Release|Any CPU.ActiveCfg = Release|Any CPU
		{35D002D7-C78B-44FB-92AA-104BEB431678}.Release|Win32.Build.0 = Release|Any CPU
		{35D002D7-C78B-44FB-92AA-104BEB431678}.Release|Win32.ActiveCfg = Release|Any CPU
		{35D002D7-C78B-44FB-92AA-104BEB431678}.Release|x86.Build.0 = Release|Any CPU
		{35D002D7-C78B-44FB-92AA-104BEB431678}.Release|x86.ActiveCfg = Release|Any CPU
		{E16B73CA-3603-47EE-915E-6F8B2A07304B}.Debug|Any CPU.Build.0 = Debug|Any CPU
		{E16B73CA-3603-47EE-915E-6F8B2A07304B}.Debug|Any CPU.ActiveCfg = Debug|Any CPU
		{E16B73CA-3603-47EE-915E-6F8B2A07304B}.Debug|Win32.Build.0 = Debug|Any CPU
		{E16B73CA-3603-47EE-915E-6F8B2A07304B}.Debug|Win32.ActiveCfg = Debug|Any CPU
		{E16B73CA-3603-47EE-915E-6F8B2A07304B}.Debug|x86.Build.0 = Debug|Any CPU
		{E16B73CA-3603-47EE-915E-6F8B2A07304B}.Debug|x86.ActiveCfg = Debug|Any CPU
		{E16B73CA-3603-47EE-915E-6F8B2A07304B}.Release|Any CPU.Build.0 = Release|Any CPU
		{E16B73CA-3603-47EE-915E-6F8B2A07304B}.Release|Any CPU.ActiveCfg = Release|Any CPU
		{E16B73CA-3603-47EE-915E-6F8B2A07304B}.Release|Win32.Build.0 = Release|Any CPU
		{E16B73CA-3603-47EE-915E-6F8B2A07304B}.Release|Win32.ActiveCfg = Release|Any CPU
		{E16B73CA-3603-47EE-915E-6F8B2A07304B}.Release|x86.Build.0 = Release|Any CPU
		{E16B73CA-3603-47EE-915E-6F8B2A07304B}.Release|x86.ActiveCfg = Release|Any CPU
		{2B232C7E-CFB6-4B73-A1B8-134A8A2ED4F7}.Debug|Any CPU.Build.0 = Debug|Any CPU
		{2B232C7E-CFB6-4B73-A1B8-134A8A2ED4F7}.Debug|Any CPU.ActiveCfg = Debug|Any CPU
		{2B232C7E-CFB6-4B73-A1B8-134A8A2ED4F7}.Debug|Win32.Build.0 = Debug|Any CPU
		{2B232C7E-CFB6-4B73-A1B8-134A8A2ED4F7}.Debug|Win32.ActiveCfg = Debug|Any CPU
		{2B232C7E-CFB6-4B73-A1B8-134A8A2ED4F7}.Debug|x86.Build.0 = Debug|Any CPU
		{2B232C7E-CFB6-4B73-A1B8-134A8A2ED4F7}.Debug|x86.ActiveCfg = Debug|Any CPU
		{2B232C7E-CFB6-4B73-A1B8-134A8A2ED4F7}.Release|Any CPU.Build.0 = Release|Any CPU
		{2B232C7E-CFB6-4B73-A1B8-134A8A2ED4F7}.Release|Any CPU.ActiveCfg = Release|Any CPU
		{2B232C7E-CFB6-4B73-A1B8-134A8A2ED4F7}.Release|Win32.Build.0 = Release|Any CPU
		{2B232C7E-CFB6-4B73-A1B8-134A8A2ED4F7}.Release|Win32.ActiveCfg = Release|Any CPU
		{2B232C7E-CFB6-4B73-A1B8-134A8A2ED4F7}.Release|x86.Build.0 = Release|Any CPU
		{2B232C7E-CFB6-4B73-A1B8-134A8A2ED4F7}.Release|x86.ActiveCfg = Release|Any CPU
		{87E61430-4243-45F2-B74E-0A4C096CEBF3}.Debug|Any CPU.Build.0 = Debug|Any CPU
		{87E61430-4243-45F2-B74E-0A4C096CEBF3}.Debug|Any CPU.ActiveCfg = Debug|Any CPU
		{87E61430-4243-45F2-B74E-0A4C096CEBF3}.Debug|Win32.Build.0 = Debug|Any CPU
		{87E61430-4243-45F2-B74E-0A4C096CEBF3}.Debug|Win32.ActiveCfg = Debug|Any CPU
		{87E61430-4243-45F2-B74E-0A4C096CEBF3}.Debug|x86.Build.0 = Debug|Any CPU
		{87E61430-4243-45F2-B74E-0A4C096CEBF3}.Debug|x86.ActiveCfg = Debug|Any CPU
		{87E61430-4243-45F2-B74E-0A4C096CEBF3}.Release|Any CPU.Build.0 = Release|Any CPU
		{87E61430-4243-45F2-B74E-0A4C096CEBF3}.Release|Any CPU.ActiveCfg = Release|Any CPU
		{87E61430-4243-45F2-B74E-0A4C096CEBF3}.Release|Win32.Build.0 = Release|Any CPU
		{87E61430-4243-45F2-B74E-0A4C096CEBF3}.Release|Win32.ActiveCfg = Release|Any CPU
		{87E61430-4243-45F2-B74E-0A4C096CEBF3}.Release|x86.Build.0 = Release|Any CPU
		{87E61430-4243-45F2-B74E-0A4C096CEBF3}.Release|x86.ActiveCfg = Release|Any CPU
	EndGlobalSection
	GlobalSection(SolutionProperties) = preSolution
		HideSolutionNode = FALSE
	EndGlobalSection
	GlobalSection(NestedProjects) = preSolution
		{87E61430-4243-45F2-B74E-0A4C096CEBF3} = {256F5C28-532C-44C0-8AB8-D8EC5E492E01}
		{35CEF10F-2D4C-45F2-9DD1-161E0FEC583C} = {256F5C28-532C-44C0-8AB8-D8EC5E492E01}
		{7E4A7172-7FF5-48D0-B719-7CD959DD1AC9} = {256F5C28-532C-44C0-8AB8-D8EC5E492E01}
		{857CA1A3-FC88-4BE0-AB6A-D1EE772AB288} = {256F5C28-532C-44C0-8AB8-D8EC5E492E01}
		{924EE450-603D-49C1-A8E5-4AFAA31CE6F3} = {256F5C28-532C-44C0-8AB8-D8EC5E492E01}
		{80318B5F-A25D-45AB-8A95-EF31D2370A4C} = {256F5C28-532C-44C0-8AB8-D8EC5E492E01}
		{2748AD25-9C63-4E12-877B-4DCE96FBED54} = {256F5C28-532C-44C0-8AB8-D8EC5E492E01}
		{8035765F-D51F-4A0C-A746-2FD100E19419} = {256F5C28-532C-44C0-8AB8-D8EC5E492E01}
		{1152B71B-3C05-4598-B20D-823B5D40559E} = {256F5C28-532C-44C0-8AB8-D8EC5E492E01}
		{3A9AE6AA-BC07-4A2F-972C-581E3AE2F195} = {256F5C28-532C-44C0-8AB8-D8EC5E492E01}
		{6C55B776-26D4-4DB3-A6AB-87E783B2F3D1} = {256F5C28-532C-44C0-8AB8-D8EC5E492E01}
		{2B232C7E-CFB6-4B73-A1B8-134A8A2ED4F7} = {F3DAFD3D-361A-4CCE-BA52-39401D4A78FC}
		{E16B73CA-3603-47EE-915E-6F8B2A07304B} = {F3DAFD3D-361A-4CCE-BA52-39401D4A78FC}
		{35D002D7-C78B-44FB-92AA-104BEB431678} = {F3DAFD3D-361A-4CCE-BA52-39401D4A78FC}
		{D81F5C91-D7DB-46E5-BC99-49488FB6814C} = {F3DAFD3D-361A-4CCE-BA52-39401D4A78FC}
		{4B2239FF-8FD6-431D-9D22-1B8049BA6917} = {F3DAFD3D-361A-4CCE-BA52-39401D4A78FC}
		{AFE34868-AFA1-4E1C-9450-47AB4BE329D5} = {C7F29FC2-1B03-4CDD-9E30-400F4765FF04}
		{EEF5E054-4192-4A57-8FBF-E860D808A51D} = {C7F29FC2-1B03-4CDD-9E30-400F4765FF04}
		{5C70D6AB-0A33-43F9-B8B5-54558C35BBB1} = {C7F29FC2-1B03-4CDD-9E30-400F4765FF04}
		{BAD94D6E-4159-4CB6-B991-486F412D9BB6} = {C7F29FC2-1B03-4CDD-9E30-400F4765FF04}
		{B7823AE9-4B43-4859-8796-2EBDC116FBB8} = {C7F29FC2-1B03-4CDD-9E30-400F4765FF04}
		{A9F12710-24E4-46D4-832C-6ECB395B9EAD} = {C7F29FC2-1B03-4CDD-9E30-400F4765FF04}
	EndGlobalSection
EndGlobal
