Microsoft Visual Studio Solution File, Format Version 9.00
# SharpDevelop 2.0.0.1084
Project("{FAE04EC0-301F-11D3-BF4B-00C04F79EFBC}") = "SharpPad", "SharpPad.csproj", "{9EE70751-7F89-4893-8525-54004FF736CC}"
EndProject
Global
	GlobalSection(SolutionConfigurationPlatforms) = preSolution
		Debug|Any CPU = Debug|Any CPU
		Release|Any CPU = Release|Any CPU
	EndGlobalSection
	GlobalSection(ProjectConfigurationPlatforms) = postSolution
		{9EE70751-7F89-4893-8525-54004FF736CC}.Debug|Any CPU.Build.0 = Debug|Any CPU
		{9EE70751-7F89-4893-8525-54004FF736CC}.Debug|Any CPU.ActiveCfg = Debug|Any CPU
		{9EE70751-7F89-4893-8525-54004FF736CC}.Release|Any CPU.Build.0 = Release|Any CPU
		{9EE70751-7F89-4893-8525-54004FF736CC}.Release|Any CPU.ActiveCfg = Release|Any CPU
	EndGlobalSection
EndGlobal
