
Microsoft Visual Studio Solution File, Format Version 11.00
# Visual Studio 2010
# SharpDevelop 4.0.0.5845
Project("{FAE04EC0-301F-11D3-BF4B-00C04F79EFBC}") = "HelpViewer", "HelpViewer.csproj", "{80F76D10-0B44-4D55-B4BD-DAEB5464090C}"
EndProject
Global
	GlobalSection(SolutionConfigurationPlatforms) = preSolution
		Debug|Any CPU = Debug|Any CPU
		Release|Any CPU = Release|Any CPU
	EndGlobalSection
	GlobalSection(ProjectConfigurationPlatforms) = postSolution
		{80F76D10-0B44-4D55-B4BD-DAEB5464090C}.Debug|Any CPU.Build.0 = Debug|Any CPU
		{80F76D10-0B44-4D55-B4BD-DAEB5464090C}.Debug|Any CPU.ActiveCfg = Debug|Any CPU
		{80F76D10-0B44-4D55-B4BD-DAEB5464090C}.Release|Any CPU.Build.0 = Release|Any CPU
		{80F76D10-0B44-4D55-B4BD-DAEB5464090C}.Release|Any CPU.ActiveCfg = Release|Any CPU
	EndGlobalSection
EndGlobal
