
Microsoft Visual Studio Solution File, Format Version 10.00
# Visual Studio 2008
# SharpDevelop 3.1.0.3932
Project("{FAE04EC0-301F-11D3-BF4B-00C04F79EFBC}") = "UpdateSetupInfo", "UpdateSetupInfo.csproj", "{75E6D78C-DC66-40F1-90AC-F9F97ADE3506}"
EndProject
Global
	GlobalSection(SolutionConfigurationPlatforms) = preSolution
		Debug|Any CPU = Debug|Any CPU
		Release|Any CPU = Release|Any CPU
	EndGlobalSection
	GlobalSection(ProjectConfigurationPlatforms) = postSolution
		{75E6D78C-DC66-40F1-90AC-F9F97ADE3506}.Debug|Any CPU.Build.0 = Debug|Any CPU
		{75E6D78C-DC66-40F1-90AC-F9F97ADE3506}.Debug|Any CPU.ActiveCfg = Debug|Any CPU
		{75E6D78C-DC66-40F1-90AC-F9F97ADE3506}.Release|Any CPU.Build.0 = Release|Any CPU
		{75E6D78C-DC66-40F1-90AC-F9F97ADE3506}.Release|Any CPU.ActiveCfg = Release|Any CPU
	EndGlobalSection
EndGlobal
