
Microsoft Visual Studio Solution File, Format Version 10.00
# Visual Studio 2008
# SharpDevelop 3.0.0.3507
Project("{FAE04EC0-301F-11D3-BF4B-00C04F79EFBC}") = "Base", "Base\Base.csproj", "{C9A2B6BC-5260-4DE3-8082-DCE8B391F7BB}"
EndProject
Project("{FAE04EC0-301F-11D3-BF4B-00C04F79EFBC}") = "Startup", "Startup\Startup.csproj", "{0AF8FEF6-32B9-46BD-A270-AB3B20EB39A3}"
EndProject
Project("{FAE04EC0-301F-11D3-BF4B-00C04F79EFBC}") = "AddInManager", "AddInManager\AddInManager.csproj", "{8B4FE9EF-5899-4E84-88DE-C37D021A0658}"
EndProject
Project("{2150E333-8FDC-42A3-9474-1A3956D46DE8}") = "doc", "doc", "{491D60D3-3F16-4887-8ED2-541535E4AACD}"
	ProjectSection(SolutionItems) = postProject
		doc\copyright.txt = doc\copyright.txt
		doc\license.txt = doc\license.txt
	EndProjectSection
EndProject
Project("{FAE04EC0-301F-11D3-BF4B-00C04F79EFBC}") = "RichTextEditor", "RichTextEditor\RichTextEditor.csproj", "{C663289E-DD00-463F-8988-9913DDDAEEE1}"
EndProject
Project("{FAE04EC0-301F-11D3-BF4B-00C04F79EFBC}") = "ICSharpCode.Core", "..\..\src\Main\Core\Project\ICSharpCode.Core.csproj", "{35CEF10F-2D4C-45F2-9DD1-161E0FEC583C}"
EndProject
Project("{FAE04EC0-301F-11D3-BF4B-00C04F79EFBC}") = "ICSharpCode.Core.WinForms", "..\..\src\Main\ICSharpCode.Core.WinForms\ICSharpCode.Core.WinForms.csproj", "{857CA1A3-FC88-4BE0-AB6A-D1EE772AB288}"
EndProject
Global
	GlobalSection(SolutionConfigurationPlatforms) = preSolution
		Debug|Any CPU = Debug|Any CPU
		Release|Any CPU = Release|Any CPU
	EndGlobalSection
	GlobalSection(ProjectConfigurationPlatforms) = postSolution
		{C9A2B6BC-5260-4DE3-8082-DCE8B391F7BB}.Debug|Any CPU.Build.0 = Debug|Any CPU
		{C9A2B6BC-5260-4DE3-8082-DCE8B391F7BB}.Debug|Any CPU.ActiveCfg = Debug|Any CPU
		{C9A2B6BC-5260-4DE3-8082-DCE8B391F7BB}.Release|Any CPU.Build.0 = Release|Any CPU
		{C9A2B6BC-5260-4DE3-8082-DCE8B391F7BB}.Release|Any CPU.ActiveCfg = Release|Any CPU
		{0AF8FEF6-32B9-46BD-A270-AB3B20EB39A3}.Debug|Any CPU.Build.0 = Debug|Any CPU
		{0AF8FEF6-32B9-46BD-A270-AB3B20EB39A3}.Debug|Any CPU.ActiveCfg = Debug|Any CPU
		{0AF8FEF6-32B9-46BD-A270-AB3B20EB39A3}.Release|Any CPU.Build.0 = Release|Any CPU
		{0AF8FEF6-32B9-46BD-A270-AB3B20EB39A3}.Release|Any CPU.ActiveCfg = Release|Any CPU
		{8B4FE9EF-5899-4E84-88DE-C37D021A0658}.Debug|Any CPU.Build.0 = Debug|Any CPU
		{8B4FE9EF-5899-4E84-88DE-C37D021A0658}.Debug|Any CPU.ActiveCfg = Debug|Any CPU
		{8B4FE9EF-5899-4E84-88DE-C37D021A0658}.Release|Any CPU.Build.0 = Release|Any CPU
		{8B4FE9EF-5899-4E84-88DE-C37D021A0658}.Release|Any CPU.ActiveCfg = Release|Any CPU
		{35CEF10F-2D4C-45F2-9DD1-161E0FEC583C}.Debug|Any CPU.Build.0 = Debug|Any CPU
		{35CEF10F-2D4C-45F2-9DD1-161E0FEC583C}.Debug|Any CPU.ActiveCfg = Debug|Any CPU
		{35CEF10F-2D4C-45F2-9DD1-161E0FEC583C}.Release|Any CPU.Build.0 = Release|Any CPU
		{35CEF10F-2D4C-45F2-9DD1-161E0FEC583C}.Release|Any CPU.ActiveCfg = Release|Any CPU
		{C663289E-DD00-463F-8988-9913DDDAEEE1}.Debug|Any CPU.Build.0 = Debug|Any CPU
		{C663289E-DD00-463F-8988-9913DDDAEEE1}.Debug|Any CPU.ActiveCfg = Debug|Any CPU
		{C663289E-DD00-463F-8988-9913DDDAEEE1}.Release|Any CPU.Build.0 = Release|Any CPU
		{C663289E-DD00-463F-8988-9913DDDAEEE1}.Release|Any CPU.ActiveCfg = Release|Any CPU
		{857CA1A3-FC88-4BE0-AB6A-D1EE772AB288}.Debug|Any CPU.Build.0 = Debug|Any CPU
		{857CA1A3-FC88-4BE0-AB6A-D1EE772AB288}.Debug|Any CPU.ActiveCfg = Debug|Any CPU
		{857CA1A3-FC88-4BE0-AB6A-D1EE772AB288}.Release|Any CPU.Build.0 = Release|Any CPU
		{857CA1A3-FC88-4BE0-AB6A-D1EE772AB288}.Release|Any CPU.ActiveCfg = Release|Any CPU
	EndGlobalSection
EndGlobal
