
Microsoft Visual Studio Solution File, Format Version 11.00
# Visual Studio 2010
# SharpDevelop 4.4
Project("{FAE04EC0-301F-11D3-BF4B-00C04F79EFBC}") = "PackageManagement", "Project\PackageManagement.csproj", "{AE4AB0FA-6087-4480-AF37-0FA1452B3DA1}"
EndProject
Project("{FAE04EC0-301F-11D3-BF4B-00C04F79EFBC}") = "PackageManagement.Tests", "Test\PackageManagement.Tests.csproj", "{56E98A01-8398-4A08-9578-C7337711A52B}"
EndProject
Project("{FAE04EC0-301F-11D3-BF4B-00C04F79EFBC}") = "ICSharpCode.SharpDevelop", "..\..\..\Main\Base\Project\ICSharpCode.SharpDevelop.csproj", "{2748AD25-9C63-4E12-877B-4DCE96FBED54}"
EndProject
Project("{FAE04EC0-301F-11D3-BF4B-00C04F79EFBC}") = "ICSharpCode.Core", "..\..\..\Main\Core\Project\ICSharpCode.Core.csproj", "{35CEF10F-2D4C-45F2-9DD1-161E0FEC583C}"
EndProject
Project("{FAE04EC0-301F-11D3-BF4B-00C04F79EFBC}") = "AvalonDock", "..\..\..\Libraries\AvalonDock\AvalonDock\AvalonDock.csproj", "{87E61430-4243-45F2-B74E-0A4C096CEBF3}"
EndProject
Project("{FAE04EC0-301F-11D3-BF4B-00C04F79EFBC}") = "ICSharpCode.AvalonEdit", "..\..\..\Libraries\AvalonEdit\ICSharpCode.AvalonEdit\ICSharpCode.AvalonEdit.csproj", "{6C55B776-26D4-4DB3-A6AB-87E783B2F3D1}"
EndProject
Project("{FAE04EC0-301F-11D3-BF4B-00C04F79EFBC}") = "ICSharpCode.Core.Presentation", "..\..\..\Main\ICSharpCode.Core.Presentation\ICSharpCode.Core.Presentation.csproj", "{7E4A7172-7FF5-48D0-B719-7CD959DD1AC9}"
EndProject
Project("{FAE04EC0-301F-11D3-BF4B-00C04F79EFBC}") = "ICSharpCode.Core.WinForms", "..\..\..\Main\ICSharpCode.Core.WinForms\ICSharpCode.Core.WinForms.csproj", "{857CA1A3-FC88-4BE0-AB6A-D1EE772AB288}"
EndProject
Project("{FAE04EC0-301F-11D3-BF4B-00C04F79EFBC}") = "ICSharpCode.SharpDevelop.Widgets", "..\..\..\Main\ICSharpCode.SharpDevelop.Widgets\Project\ICSharpCode.SharpDevelop.Widgets.csproj", "{8035765F-D51F-4A0C-A746-2FD100E19419}"
EndProject
Project("{FAE04EC0-301F-11D3-BF4B-00C04F79EFBC}") = "ICSharpCode.Scripting", "..\..\BackendBindings\Scripting\Project\ICSharpCode.Scripting.csproj", "{7048AE18-EB93-4A84-82D0-DD60EB58ADBD}"
EndProject
Project("{FAE04EC0-301F-11D3-BF4B-00C04F79EFBC}") = "ICSharpCode.Scripting.Tests", "..\..\BackendBindings\Scripting\Test\ICSharpCode.Scripting.Tests.csproj", "{85C09AD8-183B-403A-869A-7226646218A9}"
EndProject
Project("{FAE04EC0-301F-11D3-BF4B-00C04F79EFBC}") = "PackageManagement.Cmdlets", "Cmdlets\Project\PackageManagement.Cmdlets.csproj", "{E0A5E80A-003B-4335-A9DC-A76E2E46D38D}"
EndProject
Project("{FAE04EC0-301F-11D3-BF4B-00C04F79EFBC}") = "PackageManagement.Cmdlets.Tests", "Cmdlets\Test\PackageManagement.Cmdlets.Tests.csproj", "{11115C83-3DB1-431F-8B98-59040359238D}"
EndProject
Project("{FAE04EC0-301F-11D3-BF4B-00C04F79EFBC}") = "AvalonEdit.AddIn", "..\..\DisplayBindings\AvalonEdit.AddIn\AvalonEdit.AddIn.csproj", "{0162E499-42D0-409B-AA25-EED21F75336B}"
EndProject
Project("{FAE04EC0-301F-11D3-BF4B-00C04F79EFBC}") = "PackageManagement.PowerShell", "PowerShell\Project\PackageManagement.PowerShell.csproj", "{A406803B-C584-43A3-BCEE-A0BB3132CB5F}"
EndProject
Project("{F184B08F-C81C-45F6-A57F-5ABD9991F28F}") = "SharpDevelop.EnvDTE", "SharpDevelop.EnvDTE\SharpDevelop.EnvDTE.vbproj", "{6FB1260D-68A2-41A0-BB09-F5F710842E99}"
EndProject
Project("{FAE04EC0-301F-11D3-BF4B-00C04F79EFBC}") = "ICSharpCode.NRefactory", "..\..\..\Libraries\NRefactory\ICSharpCode.NRefactory\ICSharpCode.NRefactory.csproj", "{3B2A5653-EC97-4001-BB9B-D90F1AF2C371}"
EndProject
Project("{FAE04EC0-301F-11D3-BF4B-00C04F79EFBC}") = "Mono.Cecil", "..\..\..\Libraries\cecil\Mono.Cecil.csproj", "{D68133BD-1E63-496E-9EDE-4FBDBF77B486}"
EndProject
Project("{FAE04EC0-301F-11D3-BF4B-00C04F79EFBC}") = "ICSharpCode.NRefactory.CSharp", "..\..\..\Libraries\NRefactory\ICSharpCode.NRefactory.CSharp\ICSharpCode.NRefactory.CSharp.csproj", "{53DCA265-3C3C-42F9-B647-F72BA678122B}"
EndProject
Project("{FAE04EC0-301F-11D3-BF4B-00C04F79EFBC}") = "ICSharpCode.SharpDevelop.Tests", "..\..\..\Main\Base\Test\ICSharpCode.SharpDevelop.Tests.csproj", "{4980B743-B32F-4aba-AABD-45E2CAD3568D}"
EndProject
Global
	GlobalSection(SolutionConfigurationPlatforms) = preSolution
		Debug|Any CPU = Debug|Any CPU
		Release|Any CPU = Release|Any CPU
		Debug|Any CPU = Debug|Any CPU
		Release|Any CPU = Release|Any CPU
	EndGlobalSection
	GlobalSection(ProjectConfigurationPlatforms) = postSolution
		{AE4AB0FA-6087-4480-AF37-0FA1452B3DA1}.Debug|Any CPU.Build.0 = Debug|Any CPU
		{AE4AB0FA-6087-4480-AF37-0FA1452B3DA1}.Debug|Any CPU.ActiveCfg = Debug|Any CPU
		{AE4AB0FA-6087-4480-AF37-0FA1452B3DA1}.Release|Any CPU.Build.0 = Release|Any CPU
		{AE4AB0FA-6087-4480-AF37-0FA1452B3DA1}.Release|Any CPU.ActiveCfg = Release|Any CPU
		{56E98A01-8398-4A08-9578-C7337711A52B}.Debug|Any CPU.Build.0 = Debug|Any CPU
		{56E98A01-8398-4A08-9578-C7337711A52B}.Debug|Any CPU.ActiveCfg = Debug|Any CPU
		{56E98A01-8398-4A08-9578-C7337711A52B}.Release|Any CPU.Build.0 = Release|Any CPU
		{56E98A01-8398-4A08-9578-C7337711A52B}.Release|Any CPU.ActiveCfg = Release|Any CPU
		{2748AD25-9C63-4E12-877B-4DCE96FBED54}.Debug|Any CPU.Build.0 = Debug|Any CPU
		{2748AD25-9C63-4E12-877B-4DCE96FBED54}.Debug|Any CPU.ActiveCfg = Debug|Any CPU
		{2748AD25-9C63-4E12-877B-4DCE96FBED54}.Release|Any CPU.Build.0 = Release|Any CPU
		{2748AD25-9C63-4E12-877B-4DCE96FBED54}.Release|Any CPU.ActiveCfg = Release|Any CPU
		{2748AD25-9C63-4E12-877B-4DCE96FBED54}.Debug|Any CPU.Build.0 = Debug|Any CPU
		{2748AD25-9C63-4E12-877B-4DCE96FBED54}.Debug|Any CPU.ActiveCfg = Debug|Any CPU
		{2748AD25-9C63-4E12-877B-4DCE96FBED54}.Release|Any CPU.Build.0 = Release|Any CPU
		{2748AD25-9C63-4E12-877B-4DCE96FBED54}.Release|Any CPU.ActiveCfg = Release|Any CPU
		{35CEF10F-2D4C-45F2-9DD1-161E0FEC583C}.Debug|Any CPU.Build.0 = Debug|Any CPU
		{35CEF10F-2D4C-45F2-9DD1-161E0FEC583C}.Debug|Any CPU.ActiveCfg = Debug|Any CPU
		{35CEF10F-2D4C-45F2-9DD1-161E0FEC583C}.Debug|Any CPU.Build.0 = Debug|Any CPU
		{35CEF10F-2D4C-45F2-9DD1-161E0FEC583C}.Debug|Any CPU.ActiveCfg = Debug|Any CPU
		{35CEF10F-2D4C-45F2-9DD1-161E0FEC583C}.Release|Any CPU.Build.0 = Release|Any CPU
		{35CEF10F-2D4C-45F2-9DD1-161E0FEC583C}.Release|Any CPU.ActiveCfg = Release|Any CPU
		{35CEF10F-2D4C-45F2-9DD1-161E0FEC583C}.Release|Any CPU.Build.0 = Release|Any CPU
		{35CEF10F-2D4C-45F2-9DD1-161E0FEC583C}.Release|Any CPU.ActiveCfg = Release|Any CPU
		{87E61430-4243-45F2-B74E-0A4C096CEBF3}.Debug|Any CPU.Build.0 = Debug|Any CPU
		{87E61430-4243-45F2-B74E-0A4C096CEBF3}.Debug|Any CPU.ActiveCfg = Debug|Any CPU
		{87E61430-4243-45F2-B74E-0A4C096CEBF3}.Debug|Any CPU.Build.0 = Debug|Any CPU
		{87E61430-4243-45F2-B74E-0A4C096CEBF3}.Debug|Any CPU.ActiveCfg = Debug|Any CPU
		{87E61430-4243-45F2-B74E-0A4C096CEBF3}.Release|Any CPU.Build.0 = Release|Any CPU
		{87E61430-4243-45F2-B74E-0A4C096CEBF3}.Release|Any CPU.ActiveCfg = Release|Any CPU
		{87E61430-4243-45F2-B74E-0A4C096CEBF3}.Release|Any CPU.Build.0 = Release|Any CPU
		{87E61430-4243-45F2-B74E-0A4C096CEBF3}.Release|Any CPU.ActiveCfg = Release|Any CPU
		{6C55B776-26D4-4DB3-A6AB-87E783B2F3D1}.Debug|Any CPU.Build.0 = Debug|Any CPU
		{6C55B776-26D4-4DB3-A6AB-87E783B2F3D1}.Debug|Any CPU.ActiveCfg = Debug|Any CPU
		{6C55B776-26D4-4DB3-A6AB-87E783B2F3D1}.Debug|Any CPU.Build.0 = Debug|Any CPU
		{6C55B776-26D4-4DB3-A6AB-87E783B2F3D1}.Debug|Any CPU.ActiveCfg = Debug|WithNRefactory
		{6C55B776-26D4-4DB3-A6AB-87E783B2F3D1}.Release|Any CPU.Build.0 = Release|Any CPU
		{6C55B776-26D4-4DB3-A6AB-87E783B2F3D1}.Release|Any CPU.ActiveCfg = Release|Any CPU
		{6C55B776-26D4-4DB3-A6AB-87E783B2F3D1}.Release|Any CPU.Build.0 = Release|Any CPU
		{6C55B776-26D4-4DB3-A6AB-87E783B2F3D1}.Release|Any CPU.ActiveCfg = Release|Any CPU
		{7E4A7172-7FF5-48D0-B719-7CD959DD1AC9}.Debug|Any CPU.Build.0 = Debug|Any CPU
		{7E4A7172-7FF5-48D0-B719-7CD959DD1AC9}.Debug|Any CPU.ActiveCfg = Debug|Any CPU
		{7E4A7172-7FF5-48D0-B719-7CD959DD1AC9}.Debug|Any CPU.Build.0 = Debug|Any CPU
		{7E4A7172-7FF5-48D0-B719-7CD959DD1AC9}.Debug|Any CPU.ActiveCfg = Debug|Any CPU
		{7E4A7172-7FF5-48D0-B719-7CD959DD1AC9}.Release|Any CPU.Build.0 = Release|Any CPU
		{7E4A7172-7FF5-48D0-B719-7CD959DD1AC9}.Release|Any CPU.ActiveCfg = Release|Any CPU
		{7E4A7172-7FF5-48D0-B719-7CD959DD1AC9}.Release|Any CPU.Build.0 = Release|Any CPU
		{7E4A7172-7FF5-48D0-B719-7CD959DD1AC9}.Release|Any CPU.ActiveCfg = Release|Any CPU
		{857CA1A3-FC88-4BE0-AB6A-D1EE772AB288}.Debug|Any CPU.Build.0 = Debug|Any CPU
		{857CA1A3-FC88-4BE0-AB6A-D1EE772AB288}.Debug|Any CPU.ActiveCfg = Debug|Any CPU
		{857CA1A3-FC88-4BE0-AB6A-D1EE772AB288}.Debug|Any CPU.Build.0 = Debug|Any CPU
		{857CA1A3-FC88-4BE0-AB6A-D1EE772AB288}.Debug|Any CPU.ActiveCfg = Debug|Any CPU
		{857CA1A3-FC88-4BE0-AB6A-D1EE772AB288}.Release|Any CPU.Build.0 = Release|Any CPU
		{857CA1A3-FC88-4BE0-AB6A-D1EE772AB288}.Release|Any CPU.ActiveCfg = Release|Any CPU
		{857CA1A3-FC88-4BE0-AB6A-D1EE772AB288}.Release|Any CPU.Build.0 = Release|Any CPU
		{857CA1A3-FC88-4BE0-AB6A-D1EE772AB288}.Release|Any CPU.ActiveCfg = Release|Any CPU
		{8035765F-D51F-4A0C-A746-2FD100E19419}.Debug|Any CPU.Build.0 = Debug|Any CPU
		{8035765F-D51F-4A0C-A746-2FD100E19419}.Debug|Any CPU.ActiveCfg = Debug|Any CPU
		{8035765F-D51F-4A0C-A746-2FD100E19419}.Debug|Any CPU.Build.0 = Debug|Any CPU
		{8035765F-D51F-4A0C-A746-2FD100E19419}.Debug|Any CPU.ActiveCfg = Debug|Any CPU
		{8035765F-D51F-4A0C-A746-2FD100E19419}.Release|Any CPU.Build.0 = Release|Any CPU
		{8035765F-D51F-4A0C-A746-2FD100E19419}.Release|Any CPU.ActiveCfg = Release|Any CPU
		{8035765F-D51F-4A0C-A746-2FD100E19419}.Release|Any CPU.Build.0 = Release|Any CPU
		{8035765F-D51F-4A0C-A746-2FD100E19419}.Release|Any CPU.ActiveCfg = Release|Any CPU
		{7048AE18-EB93-4A84-82D0-DD60EB58ADBD}.Debug|Any CPU.Build.0 = Debug|Any CPU
		{7048AE18-EB93-4A84-82D0-DD60EB58ADBD}.Debug|Any CPU.ActiveCfg = Debug|Any CPU
		{7048AE18-EB93-4A84-82D0-DD60EB58ADBD}.Debug|Any CPU.Build.0 = Debug|Any CPU
		{7048AE18-EB93-4A84-82D0-DD60EB58ADBD}.Debug|Any CPU.ActiveCfg = Debug|Any CPU
		{7048AE18-EB93-4A84-82D0-DD60EB58ADBD}.Release|Any CPU.Build.0 = Release|Any CPU
		{7048AE18-EB93-4A84-82D0-DD60EB58ADBD}.Release|Any CPU.ActiveCfg = Release|Any CPU
		{7048AE18-EB93-4A84-82D0-DD60EB58ADBD}.Release|Any CPU.Build.0 = Release|Any CPU
		{7048AE18-EB93-4A84-82D0-DD60EB58ADBD}.Release|Any CPU.ActiveCfg = Release|Any CPU
		{85C09AD8-183B-403A-869A-7226646218A9}.Debug|Any CPU.Build.0 = Debug|Any CPU
		{85C09AD8-183B-403A-869A-7226646218A9}.Debug|Any CPU.ActiveCfg = Debug|Any CPU
		{85C09AD8-183B-403A-869A-7226646218A9}.Debug|Any CPU.Build.0 = Debug|Any CPU
		{85C09AD8-183B-403A-869A-7226646218A9}.Debug|Any CPU.ActiveCfg = Debug|Any CPU
		{85C09AD8-183B-403A-869A-7226646218A9}.Release|Any CPU.Build.0 = Release|Any CPU
		{85C09AD8-183B-403A-869A-7226646218A9}.Release|Any CPU.ActiveCfg = Release|Any CPU
		{85C09AD8-183B-403A-869A-7226646218A9}.Release|Any CPU.Build.0 = Release|Any CPU
		{85C09AD8-183B-403A-869A-7226646218A9}.Release|Any CPU.ActiveCfg = Release|Any CPU
		{E0A5E80A-003B-4335-A9DC-A76E2E46D38D}.Debug|Any CPU.Build.0 = Debug|Any CPU
		{E0A5E80A-003B-4335-A9DC-A76E2E46D38D}.Debug|Any CPU.ActiveCfg = Debug|Any CPU
		{E0A5E80A-003B-4335-A9DC-A76E2E46D38D}.Debug|Any CPU.Build.0 = Debug|Any CPU
		{E0A5E80A-003B-4335-A9DC-A76E2E46D38D}.Debug|Any CPU.ActiveCfg = Debug|Any CPU
		{E0A5E80A-003B-4335-A9DC-A76E2E46D38D}.Release|Any CPU.Build.0 = Release|Any CPU
		{E0A5E80A-003B-4335-A9DC-A76E2E46D38D}.Release|Any CPU.ActiveCfg = Release|Any CPU
		{E0A5E80A-003B-4335-A9DC-A76E2E46D38D}.Release|Any CPU.Build.0 = Release|Any CPU
		{E0A5E80A-003B-4335-A9DC-A76E2E46D38D}.Release|Any CPU.ActiveCfg = Release|Any CPU
		{11115C83-3DB1-431F-8B98-59040359238D}.Debug|Any CPU.Build.0 = Debug|Any CPU
		{11115C83-3DB1-431F-8B98-59040359238D}.Debug|Any CPU.ActiveCfg = Debug|Any CPU
		{11115C83-3DB1-431F-8B98-59040359238D}.Debug|Any CPU.Build.0 = Debug|Any CPU
		{11115C83-3DB1-431F-8B98-59040359238D}.Debug|Any CPU.ActiveCfg = Debug|Any CPU
		{11115C83-3DB1-431F-8B98-59040359238D}.Release|Any CPU.Build.0 = Release|Any CPU
		{11115C83-3DB1-431F-8B98-59040359238D}.Release|Any CPU.ActiveCfg = Release|Any CPU
		{11115C83-3DB1-431F-8B98-59040359238D}.Release|Any CPU.Build.0 = Release|Any CPU
		{11115C83-3DB1-431F-8B98-59040359238D}.Release|Any CPU.ActiveCfg = Release|Any CPU
		{0162E499-42D0-409B-AA25-EED21F75336B}.Debug|Any CPU.Build.0 = Debug|Any CPU
		{0162E499-42D0-409B-AA25-EED21F75336B}.Debug|Any CPU.ActiveCfg = Debug|Any CPU
		{0162E499-42D0-409B-AA25-EED21F75336B}.Debug|Any CPU.Build.0 = Debug|Any CPU
		{0162E499-42D0-409B-AA25-EED21F75336B}.Debug|Any CPU.ActiveCfg = Debug|Any CPU
		{0162E499-42D0-409B-AA25-EED21F75336B}.Release|Any CPU.Build.0 = Release|Any CPU
		{0162E499-42D0-409B-AA25-EED21F75336B}.Release|Any CPU.ActiveCfg = Release|Any CPU
		{0162E499-42D0-409B-AA25-EED21F75336B}.Release|Any CPU.Build.0 = Release|Any CPU
		{0162E499-42D0-409B-AA25-EED21F75336B}.Release|Any CPU.ActiveCfg = Release|Any CPU
		{A406803B-C584-43A3-BCEE-A0BB3132CB5F}.Debug|Any CPU.Build.0 = Debug|Any CPU
		{A406803B-C584-43A3-BCEE-A0BB3132CB5F}.Debug|Any CPU.ActiveCfg = Debug|Any CPU
		{A406803B-C584-43A3-BCEE-A0BB3132CB5F}.Debug|Any CPU.Build.0 = Debug|Any CPU
		{A406803B-C584-43A3-BCEE-A0BB3132CB5F}.Debug|Any CPU.ActiveCfg = Debug|Any CPU
		{A406803B-C584-43A3-BCEE-A0BB3132CB5F}.Release|Any CPU.Build.0 = Release|Any CPU
		{A406803B-C584-43A3-BCEE-A0BB3132CB5F}.Release|Any CPU.ActiveCfg = Release|Any CPU
		{A406803B-C584-43A3-BCEE-A0BB3132CB5F}.Release|Any CPU.Build.0 = Release|Any CPU
		{A406803B-C584-43A3-BCEE-A0BB3132CB5F}.Release|Any CPU.ActiveCfg = Release|Any CPU
		{56E98A01-8398-4A08-9578-C7337711A52B}.Debug|Any CPU.Build.0 = Debug|Any CPU
		{56E98A01-8398-4A08-9578-C7337711A52B}.Debug|Any CPU.ActiveCfg = Debug|Any CPU
		{56E98A01-8398-4A08-9578-C7337711A52B}.Release|Any CPU.Build.0 = Release|Any CPU
		{56E98A01-8398-4A08-9578-C7337711A52B}.Release|Any CPU.ActiveCfg = Release|Any CPU
		{AE4AB0FA-6087-4480-AF37-0FA1452B3DA1}.Debug|Any CPU.Build.0 = Debug|Any CPU
		{AE4AB0FA-6087-4480-AF37-0FA1452B3DA1}.Debug|Any CPU.ActiveCfg = Debug|Any CPU
		{AE4AB0FA-6087-4480-AF37-0FA1452B3DA1}.Release|Any CPU.Build.0 = Release|Any CPU
		{AE4AB0FA-6087-4480-AF37-0FA1452B3DA1}.Release|Any CPU.ActiveCfg = Release|Any CPU
		{6FB1260D-68A2-41A0-BB09-F5F710842E99}.Debug|Any CPU.Build.0 = Debug|Any CPU
		{6FB1260D-68A2-41A0-BB09-F5F710842E99}.Debug|Any CPU.ActiveCfg = Debug|Any CPU
		{6FB1260D-68A2-41A0-BB09-F5F710842E99}.Debug|Any CPU.Build.0 = Debug|Any CPU
		{6FB1260D-68A2-41A0-BB09-F5F710842E99}.Debug|Any CPU.ActiveCfg = Debug|Any CPU
		{6FB1260D-68A2-41A0-BB09-F5F710842E99}.Release|Any CPU.Build.0 = Release|Any CPU
		{6FB1260D-68A2-41A0-BB09-F5F710842E99}.Release|Any CPU.ActiveCfg = Release|Any CPU
		{6FB1260D-68A2-41A0-BB09-F5F710842E99}.Release|Any CPU.Build.0 = Release|Any CPU
		{6FB1260D-68A2-41A0-BB09-F5F710842E99}.Release|Any CPU.ActiveCfg = Release|Any CPU
		{3B2A5653-EC97-4001-BB9B-D90F1AF2C371}.Debug|Any CPU.Build.0 = Debug|Any CPU
		{3B2A5653-EC97-4001-BB9B-D90F1AF2C371}.Debug|Any CPU.ActiveCfg = Debug|Any CPU
		{3B2A5653-EC97-4001-BB9B-D90F1AF2C371}.Debug|Any CPU.Build.0 = Debug|Any CPU
		{3B2A5653-EC97-4001-BB9B-D90F1AF2C371}.Debug|Any CPU.ActiveCfg = net_4_5_Debug|Any CPU
		{3B2A5653-EC97-4001-BB9B-D90F1AF2C371}.Release|Any CPU.Build.0 = Release|Any CPU
		{3B2A5653-EC97-4001-BB9B-D90F1AF2C371}.Release|Any CPU.ActiveCfg = Release|Any CPU
		{3B2A5653-EC97-4001-BB9B-D90F1AF2C371}.Release|Any CPU.Build.0 = Release|Any CPU
		{3B2A5653-EC97-4001-BB9B-D90F1AF2C371}.Release|Any CPU.ActiveCfg = Release|Any CPU
		{D68133BD-1E63-496E-9EDE-4FBDBF77B486}.Debug|Any CPU.Build.0 = net_2_0_Debug|Any CPU
		{D68133BD-1E63-496E-9EDE-4FBDBF77B486}.Debug|Any CPU.ActiveCfg = net_2_0_Debug|Any CPU
		{D68133BD-1E63-496E-9EDE-4FBDBF77B486}.Debug|Any CPU.Build.0 = net_2_0_Debug|Any CPU
		{D68133BD-1E63-496E-9EDE-4FBDBF77B486}.Debug|Any CPU.ActiveCfg = net_4_0_Debug|Any CPU
		{D68133BD-1E63-496E-9EDE-4FBDBF77B486}.Release|Any CPU.Build.0 = net_2_0_Debug|Any CPU
		{D68133BD-1E63-496E-9EDE-4FBDBF77B486}.Release|Any CPU.ActiveCfg = net_2_0_Debug|Any CPU
		{D68133BD-1E63-496E-9EDE-4FBDBF77B486}.Release|Any CPU.Build.0 = net_2_0_Debug|Any CPU
		{D68133BD-1E63-496E-9EDE-4FBDBF77B486}.Release|Any CPU.ActiveCfg = net_2_0_Debug|Any CPU
		{53DCA265-3C3C-42F9-B647-F72BA678122B}.Debug|Any CPU.Build.0 = Debug|Any CPU
		{53DCA265-3C3C-42F9-B647-F72BA678122B}.Debug|Any CPU.ActiveCfg = Debug|Any CPU
		{53DCA265-3C3C-42F9-B647-F72BA678122B}.Debug|Any CPU.Build.0 = Debug|Any CPU
		{53DCA265-3C3C-42F9-B647-F72BA678122B}.Debug|Any CPU.ActiveCfg = net_4_5_Debug|Any CPU
		{53DCA265-3C3C-42F9-B647-F72BA678122B}.Release|Any CPU.Build.0 = Release|Any CPU
		{53DCA265-3C3C-42F9-B647-F72BA678122B}.Release|Any CPU.ActiveCfg = Release|Any CPU
		{53DCA265-3C3C-42F9-B647-F72BA678122B}.Release|Any CPU.Build.0 = Release|Any CPU
		{53DCA265-3C3C-42F9-B647-F72BA678122B}.Release|Any CPU.ActiveCfg = Release|Any CPU
		{4980B743-B32F-4aba-AABD-45E2CAD3568D}.Debug|Any CPU.Build.0 = Debug|Any CPU
		{4980B743-B32F-4aba-AABD-45E2CAD3568D}.Debug|Any CPU.ActiveCfg = Debug|Any CPU
		{4980B743-B32F-4aba-AABD-45E2CAD3568D}.Debug|Any CPU.Build.0 = Debug|Any CPU
		{4980B743-B32F-4aba-AABD-45E2CAD3568D}.Debug|Any CPU.ActiveCfg = Debug|Any CPU
		{4980B743-B32F-4aba-AABD-45E2CAD3568D}.Release|Any CPU.Build.0 = Debug|Any CPU
		{4980B743-B32F-4aba-AABD-45E2CAD3568D}.Release|Any CPU.ActiveCfg = Debug|Any CPU
		{4980B743-B32F-4aba-AABD-45E2CAD3568D}.Release|Any CPU.Build.0 = Debug|Any CPU
		{4980B743-B32F-4aba-AABD-45E2CAD3568D}.Release|Any CPU.ActiveCfg = Debug|Any CPU
	EndGlobalSection
EndGlobal
