
Microsoft Visual Studio Solution File, Format Version 10.00
# Visual Studio 2008
# SharpDevelop 3.1.0.4977
Project("{2150E333-8FDC-42A3-9474-1A3956D46DE8}") = "AddIns", "AddIns", "{14A277EE-7DF1-4529-B639-7D1EF334C1C5}"
	ProjectSection(SolutionItems) = postProject
	EndProjectSection
EndProject
Project("{2150E333-8FDC-42A3-9474-1A3956D46DE8}") = "Misc", "Misc", "{CE5B42B7-6E8C-4385-9E97-F4023FC16BF2}"
	ProjectSection(SolutionItems) = postProject
	EndProjectSection
EndProject
Project("{2150E333-8FDC-42A3-9474-1A3956D46DE8}") = "SharpDevelopReports", "SharpDevelopReports", "{8D0A03A6-C556-42BC-B118-5E715EB6606E}"
	ProjectSection(SolutionItems) = postProject
	EndProjectSection
EndProject
Project("{FAE04EC0-301F-11D3-BF4B-00C04F79EFBC}") = "Irony", "AddIns\Misc\SharpReport\Irony\Irony.csproj", "{D81F5C91-D7DB-46E5-BC99-49488FB6814C}"
EndProject
Project("{FAE04EC0-301F-11D3-BF4B-00C04F79EFBC}") = "ICSharpCode.Reports.Core", "AddIns\Misc\SharpReport\ICSharpCode.Reports.Core\ICSharpCode.Reports.Core.csproj", "{4B2239FF-8FD6-431D-9D22-1B8049BA6917}"
EndProject
Project("{FAE04EC0-301F-11D3-BF4B-00C04F79EFBC}") = "ICSharpCode.Reports.Addin", "AddIns\Misc\SharpReport\ICSharpCode.Reports.Addin\ICSharpCode.Reports.Addin.csproj", "{35D002D7-C78B-44FB-92AA-104BEB431678}"
EndProject
Project("{FAE04EC0-301F-11D3-BF4B-00C04F79EFBC}") = "SharpRefactoring", "AddIns\Misc\SharpRefactoring\SharpRefactoring.csproj", "{3CA90546-3B4C-4663-9445-C4E9371750A7}"
EndProject
Project("{FAE04EC0-301F-11D3-BF4B-00C04F79EFBC}") = "SourceAnalysis", "AddIns\Misc\SourceAnalysis\SourceAnalysis.csproj", "86CE7B3F-6273-4215-9E36-6184D98F854E"
EndProject
Project("{FAE04EC0-301F-11D3-BF4B-00C04F79EFBC}") = "SearchAndReplace", "AddIns\Misc\SearchAndReplace\Project\SearchAndReplace.csproj", "{9196DD8A-B4D4-4780-8742-C5762E547FC2}"
EndProject
Project("{FAE04EC0-301F-11D3-BF4B-00C04F79EFBC}") = "AddinScout", "AddIns\Misc\AddinScout\Project\AddinScout.csproj", "{4B8F0F98-8BE1-402B-AA8B-C8D548577B38}"
EndProject
Project("{FAE04EC0-301F-11D3-BF4B-00C04F79EFBC}") = "StartPage", "AddIns\Misc\StartPage\Project\StartPage.csproj", "{7D5C266F-D6FF-4D14-B315-0C0FC6C4EF51}"
EndProject
Project("{FAE04EC0-301F-11D3-BF4B-00C04F79EFBC}") = "RegExpTk", "AddIns\Misc\RegExpTk\Project\RegExpTk.csproj", "{64A3E5E6-90BF-47F6-94DF-68C94B62C817}"
EndProject
Project("{FAE04EC0-301F-11D3-BF4B-00C04F79EFBC}") = "HighlightingEditor", "AddIns\Misc\HighlightingEditor\Project\HighlightingEditor.csproj", "{8A462940-E5E9-4E85-982D-D4C006EE31D4}"
EndProject
Project("{FAE04EC0-301F-11D3-BF4B-00C04F79EFBC}") = "FiletypeRegisterer", "AddIns\Misc\FiletypeRegisterer\Project\FiletypeRegisterer.csproj", "{D022A6CE-7438-41E8-AC64-F2DE18EC54C6}"
EndProject
Project("{2150E333-8FDC-42A3-9474-1A3956D46DE8}") = "Debugger", "Debugger", "{6604365C-C702-4C10-9BA8-637F1E3D4D0D}"
	ProjectSection(SolutionItems) = postProject
	EndProjectSection
EndProject
Project("{FAE04EC0-301F-11D3-BF4B-00C04F79EFBC}") = "Debugger.Core", "AddIns\Misc\Debugger\Debugger.Core\Project\Debugger.Core.csproj", "{1D18D788-F7EE-4585-A23B-34DC8EC63CB8}"
EndProject
Project("{FAE04EC0-301F-11D3-BF4B-00C04F79EFBC}") = "Debugger.AddIn", "AddIns\Misc\Debugger\Debugger.AddIn\Project\Debugger.AddIn.csproj", "{EC06F96A-AEEC-49D6-B03D-AB87C6EB674C}"
EndProject
Project("{FAE04EC0-301F-11D3-BF4B-00C04F79EFBC}") = "HtmlHelp2", "AddIns\Misc\HtmlHelp2\Project\HtmlHelp2.csproj", "{918487B7-2153-4618-BBB3-344DBDDF2A2A}"
EndProject
Project("{FAE04EC0-301F-11D3-BF4B-00C04F79EFBC}") = "AddInManager", "AddIns\Misc\AddInManager\Project\AddInManager.csproj", "{F93E52FD-DA66-4CE5-A0CB-BCD902811122}"
EndProject
Project("{FAE04EC0-301F-11D3-BF4B-00C04F79EFBC}") = "PInvokeAddIn", "AddIns\Misc\PInvokeAddIn\Project\PInvokeAddIn.csproj", "{5EEB99CF-EA2B-4733-80A6-CE9192D68170}"
EndProject
Project("{FAE04EC0-301F-11D3-BF4B-00C04F79EFBC}") = "CodeCoverage", "AddIns\Misc\CodeCoverage\Project\CodeCoverage.csproj", "{08ce9972-283b-44f4-82fa-966f7dfa6b7a}"
EndProject
Project("{FAE04EC0-301F-11D3-BF4B-00C04F79EFBC}") = "UnitTesting", "AddIns\Misc\UnitTesting\UnitTesting.csproj", "{1F261725-6318-4434-A1B1-6C70CE4CD324}"
EndProject
Project("{F184B08F-C81C-45F6-A57F-5ABD9991F28F}") = "HtmlHelp2JScriptGlobals", "AddIns\Misc\HtmlHelp2\JScriptGlobals\HtmlHelp2JScriptGlobals.vbproj", "{E54A5AD2-418D-4A85-BA5E-CD803DE38715}"
EndProject
Project("{FAE04EC0-301F-11D3-BF4B-00C04F79EFBC}") = "SubversionAddIn", "AddIns\Misc\SubversionAddIn\Project\SubversionAddIn.csproj", "{17F4D7E0-6933-4C2E-8714-FD7E98D625D5}"
EndProject
Project("{FAE04EC0-301F-11D3-BF4B-00C04F79EFBC}") = "CodeAnalysis", "AddIns\Misc\CodeAnalysis\CodeAnalysis.csproj", "{3EAA45A9-735C-4AC7-A799-947B93EA449D}"
EndProject
Project("{2150E333-8FDC-42A3-9474-1A3956D46DE8}") = "ComponentInspector", "ComponentInspector", "{BDDDCD01-D2FE-4EAD-9425-4B6B91922C7C}"
	ProjectSection(SolutionItems) = postProject
	EndProjectSection
EndProject
Project("{FAE04EC0-301F-11D3-BF4B-00C04F79EFBC}") = "ComponentInspector", "AddIns\Misc\ComponentInspector\ComponentInspector\ComponentInspector.csproj", "{000E4F64-5D0D-4EB1-B0BF-1A62ADBC6EAD}"
EndProject
Project("{FAE04EC0-301F-11D3-BF4B-00C04F79EFBC}") = "ComponentInspector.AddIn", "AddIns\Misc\ComponentInspector\ComponentInspector.AddIn\ComponentInspector.AddIn.csproj", "{869951D5-A0D6-4DC6-9F1D-E6B9A12AC446}"
EndProject
Project("{FAE04EC0-301F-11D3-BF4B-00C04F79EFBC}") = "ComponentInspector.Core", "AddIns\Misc\ComponentInspector\ComponentInspector.Core\ComponentInspector.Core.csproj", "{E6F4983F-DE41-4AEC-88E7-1FA9AFB4E6FF}"
EndProject
Project("{FAE04EC0-301F-11D3-BF4B-00C04F79EFBC}") = "ResourceToolkit", "AddIns\Misc\ResourceToolkit\Project\ResourceToolkit.csproj", "{461606BD-E824-4D0A-8CBA-01810B1F5E02}"
EndProject
Project("{FAE04EC0-301F-11D3-BF4B-00C04F79EFBC}") = "ReflectorAddIn", "AddIns\Misc\ReflectorAddIn\ReflectorAddIn\Project\ReflectorAddIn.csproj", "{8AA421C8-D7AF-4957-9F43-5135328ACB24}"
EndProject
Project("{2150E333-8FDC-42A3-9474-1A3956D46DE8}") = "Backends", "Backends", "{FEB825FA-4AD8-425D-8E4A-B5A18EE1B81C}"
	ProjectSection(SolutionItems) = postProject
	EndProjectSection
EndProject
Project("{FAE04EC0-301F-11D3-BF4B-00C04F79EFBC}") = "FSharpBinding", "AddIns\BackendBindings\FSharpBinding\FSharpBinding.csproj", "{E954F3CB-A446-492F-A664-2B376EBC86E8}"
EndProject
Project("{FAE04EC0-301F-11D3-BF4B-00C04F79EFBC}") = "XamlBinding", "AddIns\BackendBindings\Xaml\XamlBinding\XamlBinding.csproj", "{7C96B65D-28A5-4F28-A35B-8D83CE831EE8}"
EndProject
Project("{2150E333-8FDC-42A3-9474-1A3956D46DE8}") = "Python", "Python", "{8CF9DB5A-A2F6-4A88-BABA-100912EAF6E8}"
	ProjectSection(SolutionItems) = postProject
	EndProjectSection
EndProject
Project("{FAE04EC0-301F-11D3-BF4B-00C04F79EFBC}") = "PythonBinding", "AddIns\BackendBindings\Python\PythonBinding\Project\PythonBinding.csproj", "{8D732610-8FC6-43BA-94C9-7126FD7FE361}"
EndProject
Project("{FAE04EC0-301F-11D3-BF4B-00C04F79EFBC}") = "Python.Build.Tasks", "AddIns\BackendBindings\Python\Python.Build.Tasks\Project\Python.Build.Tasks.csproj", "{D332F2D1-2CF1-43B7-903C-844BD5211A7E}"
EndProject
Project("{FAE04EC0-301F-11D3-BF4B-00C04F79EFBC}") = "CSharpBinding", "AddIns\BackendBindings\CSharpBinding\Project\CSharpBinding.csproj", "{1F1AC7CD-D154-45BB-8EAF-804CA8055F5A}"
EndProject
Project("{FAE04EC0-301F-11D3-BF4B-00C04F79EFBC}") = "VBNetBinding", "AddIns\BackendBindings\VBNetBinding\Project\VBNetBinding.csproj", "{BF38FB72-B380-4196-AF8C-95749D726C61}"
EndProject
Project("{FAE04EC0-301F-11D3-BF4B-00C04F79EFBC}") = "ILAsmBinding", "AddIns\BackendBindings\ILAsmBinding\Project\ILAsmBinding.csproj", "{6e59af58-f635-459a-9a35-c9ac41c00339}"
EndProject
Project("{FAE04EC0-301F-11D3-BF4B-00C04F79EFBC}") = "BooBinding", "AddIns\BackendBindings\Boo\BooBinding\Project\BooBinding.csproj", "{4AC2D5F1-F671-480C-A075-6BF62B3721B2}"
EndProject
Project("{FAE04EC0-301F-11D3-BF4B-00C04F79EFBC}") = "NRefactoryToBooConverter", "AddIns\BackendBindings\Boo\NRefactoryToBooConverter\Project\NRefactoryToBooConverter.csproj", "{DBCF20A1-BA13-4582-BFA9-74DE4D987B73}"
EndProject
Project("{FAE04EC0-301F-11D3-BF4B-00C04F79EFBC}") = "WixBinding", "AddIns\BackendBindings\WixBinding\Project\WixBinding.csproj", "{e1b288a2-08ee-4318-8bbb-8ab72c69e33e}"
EndProject
Project("{FAE04EC0-301F-11D3-BF4B-00C04F79EFBC}") = "RubyBinding", "AddIns\BackendBindings\Ruby\RubyBinding\Project\RubyBinding.csproj", "{C896FFFF-5B6C-4B0E-B6DF-049865F501B4}"
EndProject
Project("{2150E333-8FDC-42A3-9474-1A3956D46DE8}") = "Display Bindings", "Display Bindings", "{4EA396ED-64AD-4AD0-A67A-AB363F3E0C79}"
	ProjectSection(SolutionItems) = postProject
	EndProjectSection
EndProject
Project("{FAE04EC0-301F-11D3-BF4B-00C04F79EFBC}") = "HexEditor", "AddIns\DisplayBindings\HexEditor\Project\HexEditor.csproj", "{E618A9CD-A39F-4925-A538-E8A3FEF24E54}"
EndProject
Project("{FAE04EC0-301F-11D3-BF4B-00C04F79EFBC}") = "ResourceEditor", "AddIns\DisplayBindings\ResourceEditor\Project\ResourceEditor.csproj", "{CBC6C247-747B-4908-B09A-4D2E0F640B6B}"
EndProject
Project("{FAE04EC0-301F-11D3-BF4B-00C04F79EFBC}") = "FormsDesigner", "AddIns\DisplayBindings\FormsDesigner\Project\FormsDesigner.csproj", "{7D7E92DF-ACEB-4B69-92C8-8AC7A703CD57}"
EndProject
Project("{FAE04EC0-301F-11D3-BF4B-00C04F79EFBC}") = "XmlEditor", "AddIns\DisplayBindings\XmlEditor\Project\XmlEditor.csproj", "{6B717BD1-CD5E-498C-A42E-9E6A4584DC48}"
EndProject
Project("{2150E333-8FDC-42A3-9474-1A3956D46DE8}") = "IconEditor", "IconEditor", "{0D37CE59-B0EF-4F3C-B9EB-8557E53A448B}"
	ProjectSection(SolutionItems) = postProject
	EndProjectSection
EndProject
Project("{FAE04EC0-301F-11D3-BF4B-00C04F79EFBC}") = "IconEditor", "AddIns\DisplayBindings\IconEditor\IconEditor\IconEditor.csproj", "{DC1CCE11-CB91-40FA-9C47-4D9EB5D67BFD}"
EndProject
Project("{FAE04EC0-301F-11D3-BF4B-00C04F79EFBC}") = "IconEditorAddIn", "AddIns\DisplayBindings\IconEditor\IconEditorAddIn\IconEditorAddIn.csproj", "{DFB936AD-90EE-4B4F-941E-4F4A636F0D92}"
EndProject
Project("{2150E333-8FDC-42A3-9474-1A3956D46DE8}") = "ClassDiagram", "ClassDiagram", "{DB137F0B-9B62-4232-AE92-F7BE0280B8D3}"
	ProjectSection(SolutionItems) = postProject
	EndProjectSection
EndProject
Project("{FAE04EC0-301F-11D3-BF4B-00C04F79EFBC}") = "ClassCanvas", "AddIns\DisplayBindings\ClassDiagram\ClassCanvas\ClassCanvas.csproj", "{08F772A1-F0BE-433E-8B37-F6522953DB05}"
EndProject
Project("{FAE04EC0-301F-11D3-BF4B-00C04F79EFBC}") = "ClassDiagramAddin", "AddIns\DisplayBindings\ClassDiagram\ClassDiagramAddin\ClassDiagramAddin.csproj", "{5A1354DF-4989-4BB4-BC6B-D627C2E9FA13}"
EndProject
Project("{FAE04EC0-301F-11D3-BF4B-00C04F79EFBC}") = "Diagrams", "AddIns\DisplayBindings\ClassDiagram\DiagramRouter\Diagrams.csproj", "{0991423A-DBF6-4C89-B365-A1DF1EB32E42}"
EndProject
Project("{2150E333-8FDC-42A3-9474-1A3956D46DE8}") = "Libraries", "Libraries", "{9421EDF4-9769-4BE9-B5A6-C87DE221D73C}"
	ProjectSection(SolutionItems) = postProject
	EndProjectSection
EndProject
Project("{FAE04EC0-301F-11D3-BF4B-00C04F79EFBC}") = "NRefactory", "Libraries\NRefactory\Project\NRefactory.csproj", "{3A9AE6AA-BC07-4A2F-972C-581E3AE2F195}"
EndProject
Project("{FAE04EC0-301F-11D3-BF4B-00C04F79EFBC}") = "ICSharpCode.TextEditor", "Libraries\ICSharpCode.TextEditor\Project\ICSharpCode.TextEditor.csproj", "{2D18BE89-D210-49EB-A9DD-2246FBB3DF6D}"
EndProject
Project("{FAE04EC0-301F-11D3-BF4B-00C04F79EFBC}") = "WinFormsUI", "Libraries\DockPanel_Src\WinFormsUI\WinFormsUI.csproj", "{D3C782BA-178E-4235-A3BA-8C11DEBB6BEE}"
EndProject
Project("{FAE04EC0-301F-11D3-BF4B-00C04F79EFBC}") = "ICSharpCode.Build.Tasks", "Libraries\ICSharpCode.Build.Tasks\Project\ICSharpCode.Build.Tasks.csproj", "{4139CCF6-FB49-4A9D-B2CF-331E9EA3198D}"
EndProject
Project("{FAE04EC0-301F-11D3-BF4B-00C04F79EFBC}") = "Aga.Controls", "Libraries\TreeViewAdv\Aga.Controls\Aga.Controls.csproj", "{E73BB233-D88B-44A7-A98F-D71EE158381D}"
EndProject
Project("{2150E333-8FDC-42A3-9474-1A3956D46DE8}") = "Main", "Main", "{5A3EBEBA-0560-41C1-966B-23F7D03A5486}"
	ProjectSection(SolutionItems) = postProject
	EndProjectSection
EndProject
Project("{FAE04EC0-301F-11D3-BF4B-00C04F79EFBC}") = "ICSharpCode.Core.Presentation", "Main\ICSharpCode.Core.Presentation\ICSharpCode.Core.Presentation.csproj", "{7E4A7172-7FF5-48D0-B719-7CD959DD1AC9}"
EndProject
Project("{FAE04EC0-301F-11D3-BF4B-00C04F79EFBC}") = "ICSharpCode.SharpDevelop.BuildWorker", "Main\ICSharpCode.SharpDevelop.BuildWorker\ICSharpCode.SharpDevelop.BuildWorker.csproj", "{C3CBC8E3-81D8-4C5B-9941-DCCD12D50B1F}"
EndProject
Project("{00000000-0000-0000-0000-000000000000}") = "Tools", "Tools\Tools.build", "B13EFF7F-7EA4-4B68-A375-D112105E9182"
EndProject
Project("{FAE04EC0-301F-11D3-BF4B-00C04F79EFBC}") = "StartUp", "Main\StartUp\Project\StartUp.csproj", "{1152B71B-3C05-4598-B20D-823B5D40559E}"
EndProject
Project("{FAE04EC0-301F-11D3-BF4B-00C04F79EFBC}") = "ICSharpCode.Core", "Main\Core\Project\ICSharpCode.Core.csproj", "{35CEF10F-2D4C-45F2-9DD1-161E0FEC583C}"
EndProject
Project("{FAE04EC0-301F-11D3-BF4B-00C04F79EFBC}") = "ICSharpCode.SharpDevelop", "Main\Base\Project\ICSharpCode.SharpDevelop.csproj", "{2748AD25-9C63-4E12-877B-4DCE96FBED54}"
EndProject
Project("{FAE04EC0-301F-11D3-BF4B-00C04F79EFBC}") = "ICSharpCode.SharpDevelop.Sda", "Main\ICSharpCode.SharpDevelop.Sda\ICSharpCode.SharpDevelop.Sda.csproj", "{80318B5F-A25D-45AB-8A95-EF31D2370A4C}"
EndProject
Project("{FAE04EC0-301F-11D3-BF4B-00C04F79EFBC}") = "ICSharpCode.SharpDevelop.Widgets", "Main\ICSharpCode.SharpDevelop.Widgets\Project\ICSharpCode.SharpDevelop.Widgets.csproj", "{8035765F-D51F-4A0C-A746-2FD100E19419}"
EndProject
Project("{FAE04EC0-301F-11D3-BF4B-00C04F79EFBC}") = "ICSharpCode.SharpDevelop.Dom", "Main\ICSharpCode.SharpDevelop.Dom\Project\ICSharpCode.SharpDevelop.Dom.csproj", "{924EE450-603D-49C1-A8E5-4AFAA31CE6F3}"
EndProject
Project("{FAE04EC0-301F-11D3-BF4B-00C04F79EFBC}") = "ICSharpCode.Core.WinForms", "Main\ICSharpCode.Core.WinForms\ICSharpCode.Core.WinForms.csproj", "{857CA1A3-FC88-4BE0-AB6A-D1EE772AB288}"
EndProject
Global
	GlobalSection(SolutionConfigurationPlatforms) = preSolution
		Debug|Any CPU = Debug|Any CPU
		Release|Any CPU = Release|Any CPU
	EndGlobalSection
	GlobalSection(ProjectConfigurationPlatforms) = postSolution
		{1152B71B-3C05-4598-B20D-823B5D40559E}.Debug|Any CPU.Build.0 = Debug|Any CPU
		{1152B71B-3C05-4598-B20D-823B5D40559E}.Debug|Any CPU.ActiveCfg = Debug|Any CPU
		{1152B71B-3C05-4598-B20D-823B5D40559E}.Release|Any CPU.Build.0 = Release|Any CPU
		{1152B71B-3C05-4598-B20D-823B5D40559E}.Release|Any CPU.ActiveCfg = Release|Any CPU
		{35CEF10F-2D4C-45F2-9DD1-161E0FEC583C}.Debug|Any CPU.Build.0 = Debug|Any CPU
		{35CEF10F-2D4C-45F2-9DD1-161E0FEC583C}.Debug|Any CPU.ActiveCfg = Debug|Any CPU
		{35CEF10F-2D4C-45F2-9DD1-161E0FEC583C}.Release|Any CPU.Build.0 = Release|Any CPU
		{35CEF10F-2D4C-45F2-9DD1-161E0FEC583C}.Release|Any CPU.ActiveCfg = Release|Any CPU
		{2748AD25-9C63-4E12-877B-4DCE96FBED54}.Debug|Any CPU.Build.0 = Debug|Any CPU
		{2748AD25-9C63-4E12-877B-4DCE96FBED54}.Debug|Any CPU.ActiveCfg = Debug|Any CPU
		{2748AD25-9C63-4E12-877B-4DCE96FBED54}.Release|Any CPU.Build.0 = Release|Any CPU
		{2748AD25-9C63-4E12-877B-4DCE96FBED54}.Release|Any CPU.ActiveCfg = Release|Any CPU
		{3A9AE6AA-BC07-4A2F-972C-581E3AE2F195}.Debug|Any CPU.Build.0 = Debug|Any CPU
		{3A9AE6AA-BC07-4A2F-972C-581E3AE2F195}.Debug|Any CPU.ActiveCfg = Debug|Any CPU
		{3A9AE6AA-BC07-4A2F-972C-581E3AE2F195}.Release|Any CPU.Build.0 = Release|Any CPU
		{3A9AE6AA-BC07-4A2F-972C-581E3AE2F195}.Release|Any CPU.ActiveCfg = Release|Any CPU
		{2D18BE89-D210-49EB-A9DD-2246FBB3DF6D}.Debug|Any CPU.Build.0 = Debug|Any CPU
		{2D18BE89-D210-49EB-A9DD-2246FBB3DF6D}.Debug|Any CPU.ActiveCfg = Debug|Any CPU
		{2D18BE89-D210-49EB-A9DD-2246FBB3DF6D}.Release|Any CPU.Build.0 = Release|Any CPU
		{2D18BE89-D210-49EB-A9DD-2246FBB3DF6D}.Release|Any CPU.ActiveCfg = Release|Any CPU
		{D3C782BA-178E-4235-A3BA-8C11DEBB6BEE}.Debug|Any CPU.Build.0 = Debug|Any CPU
		{D3C782BA-178E-4235-A3BA-8C11DEBB6BEE}.Debug|Any CPU.ActiveCfg = Debug|Any CPU
		{D3C782BA-178E-4235-A3BA-8C11DEBB6BEE}.Release|Any CPU.Build.0 = Release|Any CPU
		{D3C782BA-178E-4235-A3BA-8C11DEBB6BEE}.Release|Any CPU.ActiveCfg = Release|Any CPU
		{4139CCF6-FB49-4A9D-B2CF-331E9EA3198D}.Debug|Any CPU.Build.0 = Debug|Any CPU
		{4139CCF6-FB49-4A9D-B2CF-331E9EA3198D}.Debug|Any CPU.ActiveCfg = Debug|Any CPU
		{4139CCF6-FB49-4A9D-B2CF-331E9EA3198D}.Release|Any CPU.Build.0 = Release|Any CPU
		{4139CCF6-FB49-4A9D-B2CF-331E9EA3198D}.Release|Any CPU.ActiveCfg = Release|Any CPU
		{4B8F0F98-8BE1-402B-AA8B-C8D548577B38}.Debug|Any CPU.Build.0 = Debug|Any CPU
		{4B8F0F98-8BE1-402B-AA8B-C8D548577B38}.Debug|Any CPU.ActiveCfg = Debug|Any CPU
		{4B8F0F98-8BE1-402B-AA8B-C8D548577B38}.Release|Any CPU.Build.0 = Release|Any CPU
		{4B8F0F98-8BE1-402B-AA8B-C8D548577B38}.Release|Any CPU.ActiveCfg = Release|Any CPU
		{7D5C266F-D6FF-4D14-B315-0C0FC6C4EF51}.Debug|Any CPU.Build.0 = Debug|Any CPU
		{7D5C266F-D6FF-4D14-B315-0C0FC6C4EF51}.Debug|Any CPU.ActiveCfg = Debug|Any CPU
		{7D5C266F-D6FF-4D14-B315-0C0FC6C4EF51}.Release|Any CPU.Build.0 = Release|Any CPU
		{7D5C266F-D6FF-4D14-B315-0C0FC6C4EF51}.Release|Any CPU.ActiveCfg = Release|Any CPU
		{64A3E5E6-90BF-47F6-94DF-68C94B62C817}.Debug|Any CPU.Build.0 = Debug|Any CPU
		{64A3E5E6-90BF-47F6-94DF-68C94B62C817}.Debug|Any CPU.ActiveCfg = Debug|Any CPU
		{64A3E5E6-90BF-47F6-94DF-68C94B62C817}.Release|Any CPU.Build.0 = Release|Any CPU
		{64A3E5E6-90BF-47F6-94DF-68C94B62C817}.Release|Any CPU.ActiveCfg = Release|Any CPU
		{8A462940-E5E9-4E85-982D-D4C006EE31D4}.Debug|Any CPU.Build.0 = Debug|Any CPU
		{8A462940-E5E9-4E85-982D-D4C006EE31D4}.Debug|Any CPU.ActiveCfg = Debug|Any CPU
		{8A462940-E5E9-4E85-982D-D4C006EE31D4}.Release|Any CPU.Build.0 = Release|Any CPU
		{8A462940-E5E9-4E85-982D-D4C006EE31D4}.Release|Any CPU.ActiveCfg = Release|Any CPU
		{D022A6CE-7438-41E8-AC64-F2DE18EC54C6}.Debug|Any CPU.Build.0 = Debug|Any CPU
		{D022A6CE-7438-41E8-AC64-F2DE18EC54C6}.Debug|Any CPU.ActiveCfg = Debug|Any CPU
		{D022A6CE-7438-41E8-AC64-F2DE18EC54C6}.Release|Any CPU.Build.0 = Release|Any CPU
		{D022A6CE-7438-41E8-AC64-F2DE18EC54C6}.Release|Any CPU.ActiveCfg = Release|Any CPU
		{1D18D788-F7EE-4585-A23B-34DC8EC63CB8}.Debug|Any CPU.Build.0 = Debug|Any CPU
		{1D18D788-F7EE-4585-A23B-34DC8EC63CB8}.Debug|Any CPU.ActiveCfg = Debug|Any CPU
		{1D18D788-F7EE-4585-A23B-34DC8EC63CB8}.Release|Any CPU.Build.0 = Release|Any CPU
		{1D18D788-F7EE-4585-A23B-34DC8EC63CB8}.Release|Any CPU.ActiveCfg = Release|Any CPU
		{EC06F96A-AEEC-49D6-B03D-AB87C6EB674C}.Debug|Any CPU.Build.0 = Debug|Any CPU
		{EC06F96A-AEEC-49D6-B03D-AB87C6EB674C}.Debug|Any CPU.ActiveCfg = Debug|Any CPU
		{EC06F96A-AEEC-49D6-B03D-AB87C6EB674C}.Release|Any CPU.Build.0 = Release|Any CPU
		{EC06F96A-AEEC-49D6-B03D-AB87C6EB674C}.Release|Any CPU.ActiveCfg = Release|Any CPU
		{918487B7-2153-4618-BBB3-344DBDDF2A2A}.Debug|Any CPU.Build.0 = Debug|Any CPU
		{918487B7-2153-4618-BBB3-344DBDDF2A2A}.Debug|Any CPU.ActiveCfg = Debug|Any CPU
		{918487B7-2153-4618-BBB3-344DBDDF2A2A}.Release|Any CPU.Build.0 = Release|Any CPU
		{918487B7-2153-4618-BBB3-344DBDDF2A2A}.Release|Any CPU.ActiveCfg = Release|Any CPU
		{F93E52FD-DA66-4CE5-A0CB-BCD902811122}.Debug|Any CPU.Build.0 = Debug|Any CPU
		{F93E52FD-DA66-4CE5-A0CB-BCD902811122}.Debug|Any CPU.ActiveCfg = Debug|Any CPU
		{F93E52FD-DA66-4CE5-A0CB-BCD902811122}.Release|Any CPU.Build.0 = Release|Any CPU
		{F93E52FD-DA66-4CE5-A0CB-BCD902811122}.Release|Any CPU.ActiveCfg = Release|Any CPU
		{5EEB99CF-EA2B-4733-80A6-CE9192D68170}.Debug|Any CPU.Build.0 = Debug|Any CPU
		{5EEB99CF-EA2B-4733-80A6-CE9192D68170}.Debug|Any CPU.ActiveCfg = Debug|Any CPU
		{5EEB99CF-EA2B-4733-80A6-CE9192D68170}.Release|Any CPU.Build.0 = Release|Any CPU
		{5EEB99CF-EA2B-4733-80A6-CE9192D68170}.Release|Any CPU.ActiveCfg = Release|Any CPU
		{08CE9972-283B-44F4-82FA-966F7DFA6B7A}.Debug|Any CPU.Build.0 = Debug|Any CPU
		{08CE9972-283B-44F4-82FA-966F7DFA6B7A}.Debug|Any CPU.ActiveCfg = Debug|Any CPU
		{08CE9972-283B-44F4-82FA-966F7DFA6B7A}.Release|Any CPU.Build.0 = Release|Any CPU
		{08CE9972-283B-44F4-82FA-966F7DFA6B7A}.Release|Any CPU.ActiveCfg = Release|Any CPU
		{1F1AC7CD-D154-45BB-8EAF-804CA8055F5A}.Debug|Any CPU.Build.0 = Debug|Any CPU
		{1F1AC7CD-D154-45BB-8EAF-804CA8055F5A}.Debug|Any CPU.ActiveCfg = Debug|Any CPU
		{1F1AC7CD-D154-45BB-8EAF-804CA8055F5A}.Release|Any CPU.Build.0 = Release|Any CPU
		{1F1AC7CD-D154-45BB-8EAF-804CA8055F5A}.Release|Any CPU.ActiveCfg = Release|Any CPU
		{BF38FB72-B380-4196-AF8C-95749D726C61}.Debug|Any CPU.Build.0 = Debug|Any CPU
		{BF38FB72-B380-4196-AF8C-95749D726C61}.Debug|Any CPU.ActiveCfg = Debug|Any CPU
		{BF38FB72-B380-4196-AF8C-95749D726C61}.Release|Any CPU.Build.0 = Release|Any CPU
		{BF38FB72-B380-4196-AF8C-95749D726C61}.Release|Any CPU.ActiveCfg = Release|Any CPU
		{6E59AF58-F635-459A-9A35-C9AC41C00339}.Debug|Any CPU.Build.0 = Debug|Any CPU
		{6E59AF58-F635-459A-9A35-C9AC41C00339}.Debug|Any CPU.ActiveCfg = Debug|Any CPU
		{6E59AF58-F635-459A-9A35-C9AC41C00339}.Release|Any CPU.Build.0 = Release|Any CPU
		{6E59AF58-F635-459A-9A35-C9AC41C00339}.Release|Any CPU.ActiveCfg = Release|Any CPU
		{4AC2D5F1-F671-480C-A075-6BF62B3721B2}.Debug|Any CPU.Build.0 = Debug|Any CPU
		{4AC2D5F1-F671-480C-A075-6BF62B3721B2}.Debug|Any CPU.ActiveCfg = Debug|Any CPU
		{4AC2D5F1-F671-480C-A075-6BF62B3721B2}.Release|Any CPU.Build.0 = Release|Any CPU
		{4AC2D5F1-F671-480C-A075-6BF62B3721B2}.Release|Any CPU.ActiveCfg = Release|Any CPU
		{DBCF20A1-BA13-4582-BFA9-74DE4D987B73}.Debug|Any CPU.Build.0 = Debug|Any CPU
		{DBCF20A1-BA13-4582-BFA9-74DE4D987B73}.Debug|Any CPU.ActiveCfg = Debug|Any CPU
		{DBCF20A1-BA13-4582-BFA9-74DE4D987B73}.Release|Any CPU.Build.0 = Release|Any CPU
		{DBCF20A1-BA13-4582-BFA9-74DE4D987B73}.Release|Any CPU.ActiveCfg = Release|Any CPU
		{CBC6C247-747B-4908-B09A-4D2E0F640B6B}.Debug|Any CPU.Build.0 = Debug|Any CPU
		{CBC6C247-747B-4908-B09A-4D2E0F640B6B}.Debug|Any CPU.ActiveCfg = Debug|Any CPU
		{CBC6C247-747B-4908-B09A-4D2E0F640B6B}.Release|Any CPU.Build.0 = Release|Any CPU
		{CBC6C247-747B-4908-B09A-4D2E0F640B6B}.Release|Any CPU.ActiveCfg = Release|Any CPU
		{7D7E92DF-ACEB-4B69-92C8-8AC7A703CD57}.Debug|Any CPU.Build.0 = Debug|Any CPU
		{7D7E92DF-ACEB-4B69-92C8-8AC7A703CD57}.Debug|Any CPU.ActiveCfg = Debug|Any CPU
		{7D7E92DF-ACEB-4B69-92C8-8AC7A703CD57}.Release|Any CPU.Build.0 = Release|Any CPU
		{7D7E92DF-ACEB-4B69-92C8-8AC7A703CD57}.Release|Any CPU.ActiveCfg = Release|Any CPU
		{6B717BD1-CD5E-498C-A42E-9E6A4584DC48}.Debug|Any CPU.Build.0 = Debug|Any CPU
		{6B717BD1-CD5E-498C-A42E-9E6A4584DC48}.Debug|Any CPU.ActiveCfg = Debug|Any CPU
		{6B717BD1-CD5E-498C-A42E-9E6A4584DC48}.Release|Any CPU.Build.0 = Release|Any CPU
		{6B717BD1-CD5E-498C-A42E-9E6A4584DC48}.Release|Any CPU.ActiveCfg = Release|Any CPU
		{1F261725-6318-4434-A1B1-6C70CE4CD324}.Debug|Any CPU.Build.0 = Debug|Any CPU
		{1F261725-6318-4434-A1B1-6C70CE4CD324}.Debug|Any CPU.ActiveCfg = Debug|Any CPU
		{1F261725-6318-4434-A1B1-6C70CE4CD324}.Release|Any CPU.Build.0 = Release|Any CPU
		{1F261725-6318-4434-A1B1-6C70CE4CD324}.Release|Any CPU.ActiveCfg = Release|Any CPU
		{E54A5AD2-418D-4A85-BA5E-CD803DE38715}.Debug|Any CPU.Build.0 = Debug|Any CPU
		{E54A5AD2-418D-4A85-BA5E-CD803DE38715}.Debug|Any CPU.ActiveCfg = Debug|Any CPU
		{E54A5AD2-418D-4A85-BA5E-CD803DE38715}.Release|Any CPU.Build.0 = Release|Any CPU
		{E54A5AD2-418D-4A85-BA5E-CD803DE38715}.Release|Any CPU.ActiveCfg = Release|Any CPU
		{17F4D7E0-6933-4C2E-8714-FD7E98D625D5}.Debug|Any CPU.Build.0 = Debug|Any CPU
		{17F4D7E0-6933-4C2E-8714-FD7E98D625D5}.Debug|Any CPU.ActiveCfg = Debug|Any CPU
		{17F4D7E0-6933-4C2E-8714-FD7E98D625D5}.Release|Any CPU.Build.0 = Release|Any CPU
		{17F4D7E0-6933-4C2E-8714-FD7E98D625D5}.Release|Any CPU.ActiveCfg = Release|Any CPU
		{3EAA45A9-735C-4AC7-A799-947B93EA449D}.Debug|Any CPU.Build.0 = Debug|Any CPU
		{3EAA45A9-735C-4AC7-A799-947B93EA449D}.Debug|Any CPU.ActiveCfg = Debug|Any CPU
		{3EAA45A9-735C-4AC7-A799-947B93EA449D}.Release|Any CPU.Build.0 = Release|Any CPU
		{3EAA45A9-735C-4AC7-A799-947B93EA449D}.Release|Any CPU.ActiveCfg = Release|Any CPU
		{E6F4983F-DE41-4AEC-88E7-1FA9AFB4E6FF}.Debug|Any CPU.Build.0 = Debug|Any CPU
		{E6F4983F-DE41-4AEC-88E7-1FA9AFB4E6FF}.Debug|Any CPU.ActiveCfg = Debug|Any CPU
		{E6F4983F-DE41-4AEC-88E7-1FA9AFB4E6FF}.Release|Any CPU.Build.0 = Release|Any CPU
		{E6F4983F-DE41-4AEC-88E7-1FA9AFB4E6FF}.Release|Any CPU.ActiveCfg = Release|Any CPU
		{869951D5-A0D6-4DC6-9F1D-E6B9A12AC446}.Debug|Any CPU.Build.0 = Debug|Any CPU
		{869951D5-A0D6-4DC6-9F1D-E6B9A12AC446}.Debug|Any CPU.ActiveCfg = Debug|Any CPU
		{869951D5-A0D6-4DC6-9F1D-E6B9A12AC446}.Release|Any CPU.Build.0 = Release|Any CPU
		{869951D5-A0D6-4DC6-9F1D-E6B9A12AC446}.Release|Any CPU.ActiveCfg = Release|Any CPU
		{000E4F64-5D0D-4EB1-B0BF-1A62ADBC6EAD}.Debug|Any CPU.Build.0 = Debug|Any CPU
		{000E4F64-5D0D-4EB1-B0BF-1A62ADBC6EAD}.Debug|Any CPU.ActiveCfg = Debug|Any CPU
		{000E4F64-5D0D-4EB1-B0BF-1A62ADBC6EAD}.Release|Any CPU.Build.0 = Release|Any CPU
		{000E4F64-5D0D-4EB1-B0BF-1A62ADBC6EAD}.Release|Any CPU.ActiveCfg = Release|Any CPU
		{80318B5F-A25D-45AB-8A95-EF31D2370A4C}.Debug|Any CPU.Build.0 = Debug|Any CPU
		{80318B5F-A25D-45AB-8A95-EF31D2370A4C}.Debug|Any CPU.ActiveCfg = Debug|Any CPU
		{80318B5F-A25D-45AB-8A95-EF31D2370A4C}.Release|Any CPU.Build.0 = Release|Any CPU
		{80318B5F-A25D-45AB-8A95-EF31D2370A4C}.Release|Any CPU.ActiveCfg = Release|Any CPU
		{E1B288A2-08EE-4318-8BBB-8AB72C69E33E}.Debug|Any CPU.Build.0 = Debug|Any CPU
		{E1B288A2-08EE-4318-8BBB-8AB72C69E33E}.Debug|Any CPU.ActiveCfg = Debug|Any CPU
		{E1B288A2-08EE-4318-8BBB-8AB72C69E33E}.Release|Any CPU.Build.0 = Release|Any CPU
		{E1B288A2-08EE-4318-8BBB-8AB72C69E33E}.Release|Any CPU.ActiveCfg = Release|Any CPU
		{DC1CCE11-CB91-40FA-9C47-4D9EB5D67BFD}.Debug|Any CPU.Build.0 = Debug|Any CPU
		{DC1CCE11-CB91-40FA-9C47-4D9EB5D67BFD}.Debug|Any CPU.ActiveCfg = Debug|Any CPU
		{DC1CCE11-CB91-40FA-9C47-4D9EB5D67BFD}.Release|Any CPU.Build.0 = Release|Any CPU
		{DC1CCE11-CB91-40FA-9C47-4D9EB5D67BFD}.Release|Any CPU.ActiveCfg = Release|Any CPU
		{DFB936AD-90EE-4B4F-941E-4F4A636F0D92}.Debug|Any CPU.Build.0 = Debug|Any CPU
		{DFB936AD-90EE-4B4F-941E-4F4A636F0D92}.Debug|Any CPU.ActiveCfg = Debug|Any CPU
		{DFB936AD-90EE-4B4F-941E-4F4A636F0D92}.Release|Any CPU.Build.0 = Release|Any CPU
		{DFB936AD-90EE-4B4F-941E-4F4A636F0D92}.Release|Any CPU.ActiveCfg = Release|Any CPU
		{924EE450-603D-49C1-A8E5-4AFAA31CE6F3}.Debug|Any CPU.Build.0 = Debug|Any CPU
		{924EE450-603D-49C1-A8E5-4AFAA31CE6F3}.Debug|Any CPU.ActiveCfg = Debug|Any CPU
		{924EE450-603D-49C1-A8E5-4AFAA31CE6F3}.Release|Any CPU.Build.0 = Release|Any CPU
		{924EE450-603D-49C1-A8E5-4AFAA31CE6F3}.Release|Any CPU.ActiveCfg = Release|Any CPU
		{461606BD-E824-4D0A-8CBA-01810B1F5E02}.Debug|Any CPU.Build.0 = Debug|Any CPU
		{461606BD-E824-4D0A-8CBA-01810B1F5E02}.Debug|Any CPU.ActiveCfg = Debug|Any CPU
		{461606BD-E824-4D0A-8CBA-01810B1F5E02}.Release|Any CPU.Build.0 = Release|Any CPU
		{461606BD-E824-4D0A-8CBA-01810B1F5E02}.Release|Any CPU.ActiveCfg = Release|Any CPU
		{8035765F-D51F-4A0C-A746-2FD100E19419}.Debug|Any CPU.Build.0 = Debug|Any CPU
		{8035765F-D51F-4A0C-A746-2FD100E19419}.Debug|Any CPU.ActiveCfg = Debug|Any CPU
		{8035765F-D51F-4A0C-A746-2FD100E19419}.Release|Any CPU.Build.0 = Release|Any CPU
		{8035765F-D51F-4A0C-A746-2FD100E19419}.Release|Any CPU.ActiveCfg = Release|Any CPU
		{08F772A1-F0BE-433E-8B37-F6522953DB05}.Debug|Any CPU.Build.0 = Debug|Any CPU
		{08F772A1-F0BE-433E-8B37-F6522953DB05}.Debug|Any CPU.ActiveCfg = Debug|Any CPU
		{08F772A1-F0BE-433E-8B37-F6522953DB05}.Release|Any CPU.Build.0 = Release|Any CPU
		{08F772A1-F0BE-433E-8B37-F6522953DB05}.Release|Any CPU.ActiveCfg = Release|Any CPU
		{5A1354DF-4989-4BB4-BC6B-D627C2E9FA13}.Debug|Any CPU.Build.0 = Debug|Any CPU
		{5A1354DF-4989-4BB4-BC6B-D627C2E9FA13}.Debug|Any CPU.ActiveCfg = Debug|Any CPU
		{5A1354DF-4989-4BB4-BC6B-D627C2E9FA13}.Release|Any CPU.Build.0 = Release|Any CPU
		{5A1354DF-4989-4BB4-BC6B-D627C2E9FA13}.Release|Any CPU.ActiveCfg = Release|Any CPU
		{0991423A-DBF6-4C89-B365-A1DF1EB32E42}.Debug|Any CPU.Build.0 = Debug|Any CPU
		{0991423A-DBF6-4C89-B365-A1DF1EB32E42}.Debug|Any CPU.ActiveCfg = Debug|Any CPU
		{0991423A-DBF6-4C89-B365-A1DF1EB32E42}.Release|Any CPU.Build.0 = Release|Any CPU
		{0991423A-DBF6-4C89-B365-A1DF1EB32E42}.Release|Any CPU.ActiveCfg = Release|Any CPU
		{E73BB233-D88B-44A7-A98F-D71EE158381D}.Debug|Any CPU.Build.0 = Debug|Any CPU
		{E73BB233-D88B-44A7-A98F-D71EE158381D}.Debug|Any CPU.ActiveCfg = Debug|Any CPU
		{E73BB233-D88B-44A7-A98F-D71EE158381D}.Release|Any CPU.Build.0 = Release|Any CPU
		{E73BB233-D88B-44A7-A98F-D71EE158381D}.Release|Any CPU.ActiveCfg = Release|Any CPU
		B13EFF7F-7EA4-4B68-A375-D112105E9182.Debug|Any CPU.Build.0 = Debug|Any CPU
		B13EFF7F-7EA4-4B68-A375-D112105E9182.Debug|Any CPU.ActiveCfg = Debug|Any CPU
		B13EFF7F-7EA4-4B68-A375-D112105E9182.Release|Any CPU.Build.0 = Release|Any CPU
		B13EFF7F-7EA4-4B68-A375-D112105E9182.Release|Any CPU.ActiveCfg = Release|Any CPU
		{9196DD8A-B4D4-4780-8742-C5762E547FC2}.Debug|Any CPU.Build.0 = Debug|Any CPU
		{9196DD8A-B4D4-4780-8742-C5762E547FC2}.Debug|Any CPU.ActiveCfg = Debug|Any CPU
		{9196DD8A-B4D4-4780-8742-C5762E547FC2}.Release|Any CPU.Build.0 = Release|Any CPU
		{9196DD8A-B4D4-4780-8742-C5762E547FC2}.Release|Any CPU.ActiveCfg = Release|Any CPU
		{C3CBC8E3-81D8-4C5B-9941-DCCD12D50B1F}.Debug|Any CPU.Build.0 = Debug|Any CPU
		{C3CBC8E3-81D8-4C5B-9941-DCCD12D50B1F}.Debug|Any CPU.ActiveCfg = Debug|Any CPU
		{C3CBC8E3-81D8-4C5B-9941-DCCD12D50B1F}.Release|Any CPU.Build.0 = Release|Any CPU
		{C3CBC8E3-81D8-4C5B-9941-DCCD12D50B1F}.Release|Any CPU.ActiveCfg = Release|Any CPU
		{D332F2D1-2CF1-43B7-903C-844BD5211A7E}.Debug|Any CPU.Build.0 = Debug|Any CPU
		{D332F2D1-2CF1-43B7-903C-844BD5211A7E}.Debug|Any CPU.ActiveCfg = Debug|Any CPU
		{D332F2D1-2CF1-43B7-903C-844BD5211A7E}.Release|Any CPU.Build.0 = Release|Any CPU
		{D332F2D1-2CF1-43B7-903C-844BD5211A7E}.Release|Any CPU.ActiveCfg = Release|Any CPU
		{8D732610-8FC6-43BA-94C9-7126FD7FE361}.Debug|Any CPU.Build.0 = Debug|Any CPU
		{8D732610-8FC6-43BA-94C9-7126FD7FE361}.Debug|Any CPU.ActiveCfg = Debug|Any CPU
		{8D732610-8FC6-43BA-94C9-7126FD7FE361}.Release|Any CPU.Build.0 = Release|Any CPU
		{8D732610-8FC6-43BA-94C9-7126FD7FE361}.Release|Any CPU.ActiveCfg = Release|Any CPU
		{E618A9CD-A39F-4925-A538-E8A3FEF24E54}.Debug|Any CPU.Build.0 = Debug|Any CPU
		{E618A9CD-A39F-4925-A538-E8A3FEF24E54}.Debug|Any CPU.ActiveCfg = Debug|Any CPU
		{E618A9CD-A39F-4925-A538-E8A3FEF24E54}.Release|Any CPU.Build.0 = Release|Any CPU
		{E618A9CD-A39F-4925-A538-E8A3FEF24E54}.Release|Any CPU.ActiveCfg = Release|Any CPU
		{8AA421C8-D7AF-4957-9F43-5135328ACB24}.Debug|Any CPU.Build.0 = Debug|Any CPU
		{8AA421C8-D7AF-4957-9F43-5135328ACB24}.Debug|Any CPU.ActiveCfg = Debug|Any CPU
		{8AA421C8-D7AF-4957-9F43-5135328ACB24}.Release|Any CPU.Build.0 = Release|Any CPU
		{8AA421C8-D7AF-4957-9F43-5135328ACB24}.Release|Any CPU.ActiveCfg = Release|Any CPU
		86CE7B3F-6273-4215-9E36-6184D98F854E.Debug|Any CPU.Build.0 = Debug|Any CPU
		86CE7B3F-6273-4215-9E36-6184D98F854E.Debug|Any CPU.ActiveCfg = Debug|Any CPU
		86CE7B3F-6273-4215-9E36-6184D98F854E.Release|Any CPU.Build.0 = Release|Any CPU
		86CE7B3F-6273-4215-9E36-6184D98F854E.Release|Any CPU.ActiveCfg = Release|Any CPU
		{857CA1A3-FC88-4BE0-AB6A-D1EE772AB288}.Debug|Any CPU.Build.0 = Debug|Any CPU
		{857CA1A3-FC88-4BE0-AB6A-D1EE772AB288}.Debug|Any CPU.ActiveCfg = Debug|Any CPU
		{857CA1A3-FC88-4BE0-AB6A-D1EE772AB288}.Release|Any CPU.Build.0 = Release|Any CPU
		{857CA1A3-FC88-4BE0-AB6A-D1EE772AB288}.Release|Any CPU.ActiveCfg = Release|Any CPU
		{3CA90546-3B4C-4663-9445-C4E9371750A7}.Debug|Any CPU.Build.0 = Debug|Any CPU
		{3CA90546-3B4C-4663-9445-C4E9371750A7}.Debug|Any CPU.ActiveCfg = Debug|Any CPU
		{3CA90546-3B4C-4663-9445-C4E9371750A7}.Release|Any CPU.Build.0 = Release|Any CPU
		{3CA90546-3B4C-4663-9445-C4E9371750A7}.Release|Any CPU.ActiveCfg = Release|Any CPU
		{7C96B65D-28A5-4F28-A35B-8D83CE831EE8}.Debug|Any CPU.Build.0 = Debug|Any CPU
		{7C96B65D-28A5-4F28-A35B-8D83CE831EE8}.Debug|Any CPU.ActiveCfg = Debug|Any CPU
		{7C96B65D-28A5-4F28-A35B-8D83CE831EE8}.Release|Any CPU.Build.0 = Release|Any CPU
		{7C96B65D-28A5-4F28-A35B-8D83CE831EE8}.Release|Any CPU.ActiveCfg = Release|Any CPU
		{7E4A7172-7FF5-48D0-B719-7CD959DD1AC9}.Debug|Any CPU.Build.0 = Debug|Any CPU
		{7E4A7172-7FF5-48D0-B719-7CD959DD1AC9}.Debug|Any CPU.ActiveCfg = Debug|Any CPU
		{7E4A7172-7FF5-48D0-B719-7CD959DD1AC9}.Release|Any CPU.Build.0 = Release|Any CPU
		{7E4A7172-7FF5-48D0-B719-7CD959DD1AC9}.Release|Any CPU.ActiveCfg = Release|Any CPU
		{C896FFFF-5B6C-4B0E-B6DF-049865F501B4}.Debug|Any CPU.Build.0 = Debug|Any CPU
		{C896FFFF-5B6C-4B0E-B6DF-049865F501B4}.Debug|Any CPU.ActiveCfg = Debug|Any CPU
		{C896FFFF-5B6C-4B0E-B6DF-049865F501B4}.Release|Any CPU.Build.0 = Release|Any CPU
		{C896FFFF-5B6C-4B0E-B6DF-049865F501B4}.Release|Any CPU.ActiveCfg = Release|Any CPU
		{35D002D7-C78B-44FB-92AA-104BEB431678}.Debug|Any CPU.Build.0 = Debug|Any CPU
		{35D002D7-C78B-44FB-92AA-104BEB431678}.Debug|Any CPU.ActiveCfg = Debug|Any CPU
		{35D002D7-C78B-44FB-92AA-104BEB431678}.Release|Any CPU.Build.0 = Release|Any CPU
		{35D002D7-C78B-44FB-92AA-104BEB431678}.Release|Any CPU.ActiveCfg = Release|Any CPU
		{4B2239FF-8FD6-431D-9D22-1B8049BA6917}.Debug|Any CPU.Build.0 = Debug|Any CPU
		{4B2239FF-8FD6-431D-9D22-1B8049BA6917}.Debug|Any CPU.ActiveCfg = Debug|Any CPU
		{4B2239FF-8FD6-431D-9D22-1B8049BA6917}.Release|Any CPU.Build.0 = Release|Any CPU
		{4B2239FF-8FD6-431D-9D22-1B8049BA6917}.Release|Any CPU.ActiveCfg = Release|Any CPU
		{D81F5C91-D7DB-46E5-BC99-49488FB6814C}.Debug|Any CPU.Build.0 = Debug|Any CPU
		{D81F5C91-D7DB-46E5-BC99-49488FB6814C}.Debug|Any CPU.ActiveCfg = Debug|Any CPU
		{D81F5C91-D7DB-46E5-BC99-49488FB6814C}.Release|Any CPU.Build.0 = Release|Any CPU
		{D81F5C91-D7DB-46E5-BC99-49488FB6814C}.Release|Any CPU.ActiveCfg = Release|Any CPU
		{E954F3CB-A446-492F-A664-2B376EBC86E8}.Debug|Any CPU.Build.0 = Debug|Any CPU
		{E954F3CB-A446-492F-A664-2B376EBC86E8}.Debug|Any CPU.ActiveCfg = Debug|Any CPU
		{E954F3CB-A446-492F-A664-2B376EBC86E8}.Release|Any CPU.Build.0 = Release|Any CPU
		{E954F3CB-A446-492F-A664-2B376EBC86E8}.Release|Any CPU.ActiveCfg = Release|Any CPU
	EndGlobalSection
	GlobalSection(NestedProjects) = preSolution
		{4EA396ED-64AD-4AD0-A67A-AB363F3E0C79} = {14A277EE-7DF1-4529-B639-7D1EF334C1C5}
		{FEB825FA-4AD8-425D-8E4A-B5A18EE1B81C} = {14A277EE-7DF1-4529-B639-7D1EF334C1C5}
		{CE5B42B7-6E8C-4385-9E97-F4023FC16BF2} = {14A277EE-7DF1-4529-B639-7D1EF334C1C5}
		{8AA421C8-D7AF-4957-9F43-5135328ACB24} = {CE5B42B7-6E8C-4385-9E97-F4023FC16BF2}
		{461606BD-E824-4D0A-8CBA-01810B1F5E02} = {CE5B42B7-6E8C-4385-9E97-F4023FC16BF2}
		{BDDDCD01-D2FE-4EAD-9425-4B6B91922C7C} = {CE5B42B7-6E8C-4385-9E97-F4023FC16BF2}
		{3EAA45A9-735C-4AC7-A799-947B93EA449D} = {CE5B42B7-6E8C-4385-9E97-F4023FC16BF2}
		{17F4D7E0-6933-4C2E-8714-FD7E98D625D5} = {CE5B42B7-6E8C-4385-9E97-F4023FC16BF2}
		{E54A5AD2-418D-4A85-BA5E-CD803DE38715} = {CE5B42B7-6E8C-4385-9E97-F4023FC16BF2}
		{1F261725-6318-4434-A1B1-6C70CE4CD324} = {CE5B42B7-6E8C-4385-9E97-F4023FC16BF2}
		{08ce9972-283b-44f4-82fa-966f7dfa6b7a} = {CE5B42B7-6E8C-4385-9E97-F4023FC16BF2}
		{5EEB99CF-EA2B-4733-80A6-CE9192D68170} = {CE5B42B7-6E8C-4385-9E97-F4023FC16BF2}
		{F93E52FD-DA66-4CE5-A0CB-BCD902811122} = {CE5B42B7-6E8C-4385-9E97-F4023FC16BF2}
		{918487B7-2153-4618-BBB3-344DBDDF2A2A} = {CE5B42B7-6E8C-4385-9E97-F4023FC16BF2}
		{6604365C-C702-4C10-9BA8-637F1E3D4D0D} = {CE5B42B7-6E8C-4385-9E97-F4023FC16BF2}
		{D022A6CE-7438-41E8-AC64-F2DE18EC54C6} = {CE5B42B7-6E8C-4385-9E97-F4023FC16BF2}
		{8A462940-E5E9-4E85-982D-D4C006EE31D4} = {CE5B42B7-6E8C-4385-9E97-F4023FC16BF2}
		{64A3E5E6-90BF-47F6-94DF-68C94B62C817} = {CE5B42B7-6E8C-4385-9E97-F4023FC16BF2}
		{7D5C266F-D6FF-4D14-B315-0C0FC6C4EF51} = {CE5B42B7-6E8C-4385-9E97-F4023FC16BF2}
		{4B8F0F98-8BE1-402B-AA8B-C8D548577B38} = {CE5B42B7-6E8C-4385-9E97-F4023FC16BF2}
		{9196DD8A-B4D4-4780-8742-C5762E547FC2} = {CE5B42B7-6E8C-4385-9E97-F4023FC16BF2}
		86CE7B3F-6273-4215-9E36-6184D98F854E = {CE5B42B7-6E8C-4385-9E97-F4023FC16BF2}
		{3CA90546-3B4C-4663-9445-C4E9371750A7} = {CE5B42B7-6E8C-4385-9E97-F4023FC16BF2}
		{8D0A03A6-C556-42BC-B118-5E715EB6606E} = {CE5B42B7-6E8C-4385-9E97-F4023FC16BF2}
		{35D002D7-C78B-44FB-92AA-104BEB431678} = {8D0A03A6-C556-42BC-B118-5E715EB6606E}
		{4B2239FF-8FD6-431D-9D22-1B8049BA6917} = {8D0A03A6-C556-42BC-B118-5E715EB6606E}
		{D81F5C91-D7DB-46E5-BC99-49488FB6814C} = {8D0A03A6-C556-42BC-B118-5E715EB6606E}
		{EC06F96A-AEEC-49D6-B03D-AB87C6EB674C} = {6604365C-C702-4C10-9BA8-637F1E3D4D0D}
		{1D18D788-F7EE-4585-A23B-34DC8EC63CB8} = {6604365C-C702-4C10-9BA8-637F1E3D4D0D}
		{E6F4983F-DE41-4AEC-88E7-1FA9AFB4E6FF} = {BDDDCD01-D2FE-4EAD-9425-4B6B91922C7C}
		{869951D5-A0D6-4DC6-9F1D-E6B9A12AC446} = {BDDDCD01-D2FE-4EAD-9425-4B6B91922C7C}
		{000E4F64-5D0D-4EB1-B0BF-1A62ADBC6EAD} = {BDDDCD01-D2FE-4EAD-9425-4B6B91922C7C}
		{C896FFFF-5B6C-4B0E-B6DF-049865F501B4} = {FEB825FA-4AD8-425D-8E4A-B5A18EE1B81C}
		{e1b288a2-08ee-4318-8bbb-8ab72c69e33e} = {FEB825FA-4AD8-425D-8E4A-B5A18EE1B81C}
		{DBCF20A1-BA13-4582-BFA9-74DE4D987B73} = {FEB825FA-4AD8-425D-8E4A-B5A18EE1B81C}
		{4AC2D5F1-F671-480C-A075-6BF62B3721B2} = {FEB825FA-4AD8-425D-8E4A-B5A18EE1B81C}
		{6e59af58-f635-459a-9a35-c9ac41c00339} = {FEB825FA-4AD8-425D-8E4A-B5A18EE1B81C}
		{BF38FB72-B380-4196-AF8C-95749D726C61} = {FEB825FA-4AD8-425D-8E4A-B5A18EE1B81C}
		{1F1AC7CD-D154-45BB-8EAF-804CA8055F5A} = {FEB825FA-4AD8-425D-8E4A-B5A18EE1B81C}
		{8CF9DB5A-A2F6-4A88-BABA-100912EAF6E8} = {FEB825FA-4AD8-425D-8E4A-B5A18EE1B81C}
		{7C96B65D-28A5-4F28-A35B-8D83CE831EE8} = {FEB825FA-4AD8-425D-8E4A-B5A18EE1B81C}
		{E954F3CB-A446-492F-A664-2B376EBC86E8} = {FEB825FA-4AD8-425D-8E4A-B5A18EE1B81C}
		{D332F2D1-2CF1-43B7-903C-844BD5211A7E} = {8CF9DB5A-A2F6-4A88-BABA-100912EAF6E8}
		{8D732610-8FC6-43BA-94C9-7126FD7FE361} = {8CF9DB5A-A2F6-4A88-BABA-100912EAF6E8}
		{DB137F0B-9B62-4232-AE92-F7BE0280B8D3} = {4EA396ED-64AD-4AD0-A67A-AB363F3E0C79}
		{0D37CE59-B0EF-4F3C-B9EB-8557E53A448B} = {4EA396ED-64AD-4AD0-A67A-AB363F3E0C79}
		{6B717BD1-CD5E-498C-A42E-9E6A4584DC48} = {4EA396ED-64AD-4AD0-A67A-AB363F3E0C79}
		{7D7E92DF-ACEB-4B69-92C8-8AC7A703CD57} = {4EA396ED-64AD-4AD0-A67A-AB363F3E0C79}
		{CBC6C247-747B-4908-B09A-4D2E0F640B6B} = {4EA396ED-64AD-4AD0-A67A-AB363F3E0C79}
		{E618A9CD-A39F-4925-A538-E8A3FEF24E54} = {4EA396ED-64AD-4AD0-A67A-AB363F3E0C79}
		{DFB936AD-90EE-4B4F-941E-4F4A636F0D92} = {0D37CE59-B0EF-4F3C-B9EB-8557E53A448B}
		{DC1CCE11-CB91-40FA-9C47-4D9EB5D67BFD} = {0D37CE59-B0EF-4F3C-B9EB-8557E53A448B}
		{0991423A-DBF6-4C89-B365-A1DF1EB32E42} = {DB137F0B-9B62-4232-AE92-F7BE0280B8D3}
		{5A1354DF-4989-4BB4-BC6B-D627C2E9FA13} = {DB137F0B-9B62-4232-AE92-F7BE0280B8D3}
		{08F772A1-F0BE-433E-8B37-F6522953DB05} = {DB137F0B-9B62-4232-AE92-F7BE0280B8D3}
		{E73BB233-D88B-44A7-A98F-D71EE158381D} = {9421EDF4-9769-4BE9-B5A6-C87DE221D73C}
		{4139CCF6-FB49-4A9D-B2CF-331E9EA3198D} = {9421EDF4-9769-4BE9-B5A6-C87DE221D73C}
		{D3C782BA-178E-4235-A3BA-8C11DEBB6BEE} = {9421EDF4-9769-4BE9-B5A6-C87DE221D73C}
		{2D18BE89-D210-49EB-A9DD-2246FBB3DF6D} = {9421EDF4-9769-4BE9-B5A6-C87DE221D73C}
		{3A9AE6AA-BC07-4A2F-972C-581E3AE2F195} = {9421EDF4-9769-4BE9-B5A6-C87DE221D73C}
		{857CA1A3-FC88-4BE0-AB6A-D1EE772AB288} = {5A3EBEBA-0560-41C1-966B-23F7D03A5486}
		{924EE450-603D-49C1-A8E5-4AFAA31CE6F3} = {5A3EBEBA-0560-41C1-966B-23F7D03A5486}
		{8035765F-D51F-4A0C-A746-2FD100E19419} = {5A3EBEBA-0560-41C1-966B-23F7D03A5486}
		{80318B5F-A25D-45AB-8A95-EF31D2370A4C} = {5A3EBEBA-0560-41C1-966B-23F7D03A5486}
		{2748AD25-9C63-4E12-877B-4DCE96FBED54} = {5A3EBEBA-0560-41C1-966B-23F7D03A5486}
		{35CEF10F-2D4C-45F2-9DD1-161E0FEC583C} = {5A3EBEBA-0560-41C1-966B-23F7D03A5486}
		{1152B71B-3C05-4598-B20D-823B5D40559E} = {5A3EBEBA-0560-41C1-966B-23F7D03A5486}
		B13EFF7F-7EA4-4B68-A375-D112105E9182 = {5A3EBEBA-0560-41C1-966B-23F7D03A5486}
		{C3CBC8E3-81D8-4C5B-9941-DCCD12D50B1F} = {5A3EBEBA-0560-41C1-966B-23F7D03A5486}
		{7E4A7172-7FF5-48D0-B719-7CD959DD1AC9} = {5A3EBEBA-0560-41C1-966B-23F7D03A5486}
	EndGlobalSection
EndGlobal
