Microsoft Visual Studio Solution File, Format Version 9.00
# SharpDevelop 2.0.0.745
Project("{2150E333-8FDC-42A3-9474-1A3956D46DE8}") = "AddIns", "AddIns", "{14A277EE-7DF1-4529-B639-7D1EF334C1C5}"
	ProjectSection(SolutionItems) = postProject
	EndProjectSection
EndProject
Project("{2150E333-8FDC-42A3-9474-1A3956D46DE8}") = "Display Bindings", "Display Bindings", "{4EA396ED-64AD-4AD0-A67A-AB363F3E0C79}"
	ProjectSection(SolutionItems) = postProject
	EndProjectSection
EndProject
Project("{FAE04EC0-301F-11D3-BF4B-00C04F79EFBC}") = "XmlEditor.Tests", "AddIns\DisplayBindings\XmlEditor\Test\XmlEditor.Tests.csproj", "{FC0FE702-A87D-4D70-A9B6-1ECCD611125F}"
EndProject
Project("{FAE04EC0-301F-11D3-BF4B-00C04F79EFBC}") = "XmlEditor", "AddIns\DisplayBindings\XmlEditor\Project\XmlEditor.csproj", "{6B717BD1-CD5E-498C-A42E-9E6A4584DC48}"
EndProject
Project("{FAE04EC0-301F-11D3-BF4B-00C04F79EFBC}") = "FormDesigner", "AddIns\DisplayBindings\FormDesigner\Project\FormDesigner.csproj", "{7D7E92DF-ACEB-4B69-92C8-8AC7A703CD57}"
EndProject
Project("{FAE04EC0-301F-11D3-BF4B-00C04F79EFBC}") = "ResourceEditor", "AddIns\DisplayBindings\ResourceEditor\Project\ResourceEditor.csproj", "{CBC6C247-747B-4908-B09A-4D2E0F640B6B}"
EndProject
Project("{2150E333-8FDC-42A3-9474-1A3956D46DE8}") = "Backends", "Backends", "{FEB825FA-4AD8-425D-8E4A-B5A18EE1B81C}"
	ProjectSection(SolutionItems) = postProject
	EndProjectSection
EndProject
Project("{FAE04EC0-301F-11D3-BF4B-00C04F79EFBC}") = "NRefactoryToBooConverter.Tests", "AddIns\BackendBindings\Boo\NRefactoryToBooConverter\Test\NRefactoryToBooConverter.Tests.csproj", "{C9DE556D-325C-4544-B29F-16A9EB7C9830}"
EndProject
Project("{FAE04EC0-301F-11D3-BF4B-00C04F79EFBC}") = "NRefactoryToBooConverter", "AddIns\BackendBindings\Boo\NRefactoryToBooConverter\Project\NRefactoryToBooConverter.csproj", "{DBCF20A1-BA13-4582-BFA9-74DE4D987B73}"
EndProject
Project("{FAE04EC0-301F-11D3-BF4B-00C04F79EFBC}") = "BooBinding", "AddIns\BackendBindings\Boo\BooBinding\Project\BooBinding.csproj", "{4AC2D5F1-F671-480C-A075-6BF62B3721B2}"
EndProject
Project("{FAE04EC0-301F-11D3-BF4B-00C04F79EFBC}") = "CSharpBinding.Tests", "AddIns\BackendBindings\CSharpBinding\Test\CSharpBinding.Tests.csproj", "{4D0DFCB0-F6FB-469D-AA6F-C7F1D5FD5DE7}"
EndProject
Project("{FAE04EC0-301F-11D3-BF4B-00C04F79EFBC}") = "ILAsmBinding", "AddIns\BackendBindings\ILAsmBinding\Project\ILAsmBinding.csproj", "{6e59af58-f635-459a-9a35-c9ac41c00339}"
EndProject
Project("{FAE04EC0-301F-11D3-BF4B-00C04F79EFBC}") = "VBNetBinding", "AddIns\BackendBindings\VBNetBinding\Project\VBNetBinding.csproj", "{BF38FB72-B380-4196-AF8C-95749D726C61}"
EndProject
Project("{FAE04EC0-301F-11D3-BF4B-00C04F79EFBC}") = "CSharpBinding", "AddIns\BackendBindings\CSharpBinding\Project\CSharpBinding.csproj", "{1F1AC7CD-D154-45BB-8EAF-804CA8055F5A}"
EndProject
Project("{2150E333-8FDC-42A3-9474-1A3956D46DE8}") = "Misc", "Misc", "{CE5B42B7-6E8C-4385-9E97-F4023FC16BF2}"
	ProjectSection(SolutionItems) = postProject
	EndProjectSection
EndProject
Project("{FAE04EC0-301F-11D3-BF4B-00C04F79EFBC}") = "HtmlHelp2", "AddIns\Misc\HtmlHelp2\Project\HtmlHelp2.csproj", "{918487B7-2153-4618-BBB3-344DBDDF2A2A}"
EndProject
Project("{FAE04EC0-301F-11D3-BF4B-00C04F79EFBC}") = "SubversionAddIn", "AddIns\Misc\SubversionAddIn\Project\SubversionAddIn.csproj", "{17F4D7E0-6933-4C2E-8714-FD7E98D625D5}"
EndProject
Project("{2150E333-8FDC-42A3-9474-1A3956D46DE8}") = "Debugger", "Debugger", "{6604365C-C702-4C10-9BA8-637F1E3D4D0D}"
	ProjectSection(SolutionItems) = postProject
	EndProjectSection
EndProject
Project("{FAE04EC0-301F-11D3-BF4B-00C04F79EFBC}") = "Debugger.Tests", "AddIns\Misc\Debugger\Debugger.Tests\Project\Debugger.Tests.csproj", "{A4C858C8-51B6-4265-A695-A20FCEBA1D19}"
EndProject
Project("{FAE04EC0-301F-11D3-BF4B-00C04F79EFBC}") = "Debugger.AddIn", "AddIns\Misc\Debugger\Debugger.AddIn\Project\Debugger.AddIn.csproj", "{EC06F96A-AEEC-49D6-B03D-AB87C6EB674C}"
EndProject
Project("{FAE04EC0-301F-11D3-BF4B-00C04F79EFBC}") = "Debugger.Core", "AddIns\Misc\Debugger\Debugger.Core\Project\Debugger.Core.csproj", "{1D18D788-F7EE-4585-A23B-34DC8EC63CB8}"
EndProject
Project("{FAE04EC0-301F-11D3-BF4B-00C04F79EFBC}") = "TreeListView", "AddIns\Misc\Debugger\TreeListView\Project\TreeListView.csproj", "{B08385CD-F0CC-488C-B4F4-EEB34B6D2688}"
EndProject
Project("{FAE04EC0-301F-11D3-BF4B-00C04F79EFBC}") = "FiletypeRegisterer", "AddIns\Misc\FiletypeRegisterer\Project\FiletypeRegisterer.csproj", "{D022A6CE-7438-41E8-AC64-F2DE18EC54C6}"
EndProject
Project("{FAE04EC0-301F-11D3-BF4B-00C04F79EFBC}") = "HighlightingEditor", "AddIns\Misc\HighlightingEditor\Project\HighlightingEditor.csproj", "{8A462940-E5E9-4E85-982D-D4C006EE31D4}"
EndProject
Project("{FAE04EC0-301F-11D3-BF4B-00C04F79EFBC}") = "RegExpTk", "AddIns\Misc\RegExpTk\Project\RegExpTk.csproj", "{64A3E5E6-90BF-47F6-94DF-68C94B62C817}"
EndProject
Project("{FAE04EC0-301F-11D3-BF4B-00C04F79EFBC}") = "StartPage", "AddIns\Misc\StartPage\Project\StartPage.csproj", "{7D5C266F-D6FF-4D14-B315-0C0FC6C4EF51}"
EndProject
Project("{FAE04EC0-301F-11D3-BF4B-00C04F79EFBC}") = "AddinScout", "AddIns\Misc\AddinScout\Project\AddinScout.csproj", "{4B8F0F98-8BE1-402B-AA8B-C8D548577B38}"
EndProject
Project("{2150E333-8FDC-42A3-9474-1A3956D46DE8}") = "Libraries", "Libraries", "{9421EDF4-9769-4BE9-B5A6-C87DE221D73C}"
	ProjectSection(SolutionItems) = postProject
	EndProjectSection
EndProject
Project("{FAE04EC0-301F-11D3-BF4B-00C04F79EFBC}") = "NAntAddIn.Tests", "AddIns\Misc\NAntAddIn\Test\NAntAddIn.Tests.csproj", "{13AB8351-39E5-4F9D-A59C-B30D60CF6B8C}"
EndProject
Project("{FAE04EC0-301F-11D3-BF4B-00C04F79EFBC}") = "NAntAddIn", "AddIns\Misc\NAntAddIn\Project\NAntAddIn.csproj", "{1DB3CAD2-38E8-4C5E-8E1B-0E37B1A5C006}"
EndProject
Project("{FAE04EC0-301F-11D3-BF4B-00C04F79EFBC}") = "ICSharpCode.Build.Tasks.Tests", "Libraries\ICSharpCode.Build.Tasks\Test\ICSharpCode.Build.Tasks.Tests.csproj", "{B7C2A664-B454-4920-AC6E-318F5274B2EF}"
EndProject
Project("{FAE04EC0-301F-11D3-BF4B-00C04F79EFBC}") = "ICSharpCode.TextEditor.Test", "Libraries\ICSharpCode.TextEditor\Test\ICSharpCode.TextEditor.Test.csproj", "{6259D767-BA7C-484D-9472-68F350A20086}"
EndProject
Project("{FAE04EC0-301F-11D3-BF4B-00C04F79EFBC}") = "ICSharpCode.TextEditor", "Libraries\ICSharpCode.TextEditor\Project\ICSharpCode.TextEditor.csproj", "{2D18BE89-D210-49EB-A9DD-2246FBB3DF6D}"
EndProject
Project("{FAE04EC0-301F-11D3-BF4B-00C04F79EFBC}") = "nunit.framework.dll", "Libraries\NUnit.Framework\nunit.framework.dll.csproj", "{83DD7E12-A705-4DBA-9D71-09C8973D9382}"
EndProject
Project("{FAE04EC0-301F-11D3-BF4B-00C04F79EFBC}") = "NRefactoryTests", "Libraries\NRefactory\Test\NRefactoryTests.csproj", "{870115DD-960A-4406-A6B9-600BCDC36A03}"
EndProject
Project("{FAE04EC0-301F-11D3-BF4B-00C04F79EFBC}") = "ICSharpCode.Build.Tasks", "Libraries\ICSharpCode.Build.Tasks\Project\ICSharpCode.Build.Tasks.csproj", "{4139CCF6-FB49-4A9D-B2CF-331E9EA3198D}"
EndProject
Project("{FAE04EC0-301F-11D3-BF4B-00C04F79EFBC}") = "WinFormsUI", "Libraries\DockPanel_Src\WinFormsUI\WinFormsUI.csproj", "{D3C782BA-178E-4235-A3BA-8C11DEBB6BEE}"
EndProject
Project("{FAE04EC0-301F-11D3-BF4B-00C04F79EFBC}") = "NRefactory", "Libraries\NRefactory\Project\NRefactory.csproj", "{3A9AE6AA-BC07-4A2F-972C-581E3AE2F195}"
EndProject
Project("{2150E333-8FDC-42A3-9474-1A3956D46DE8}") = "Main", "Main", "{5A3EBEBA-0560-41C1-966B-23F7D03A5486}"
	ProjectSection(SolutionItems) = postProject
	EndProjectSection
EndProject
Project("{FAE04EC0-301F-11D3-BF4B-00C04F79EFBC}") = "ICSharpCode.Core.Tests", "Main\Core\Test\ICSharpCode.Core.Tests.csproj", "{AD6FAA08-D6F5-4DBA-AF85-F4DA9F40C3B5}"
EndProject
Project("{FAE04EC0-301F-11D3-BF4B-00C04F79EFBC}") = "ICSharpCode.SharpDevelop.Tests", "Main\Base\Test\ICSharpCode.SharpDevelop.Tests.csproj", "{4980B743-B32F-4aba-AABD-45E2CAD3568D}"
EndProject
Project("{FAE04EC0-301F-11D3-BF4B-00C04F79EFBC}") = "ICSharpCode.SharpDevelop", "Main\Base\Project\ICSharpCode.SharpDevelop.csproj", "{2748AD25-9C63-4E12-877B-4DCE96FBED54}"
EndProject
Project("{FAE04EC0-301F-11D3-BF4B-00C04F79EFBC}") = "ICSharpCode.Core", "Main\Core\Project\ICSharpCode.Core.csproj", "{35CEF10F-2D4C-45F2-9DD1-161E0FEC583C}"
EndProject
Project("{FAE04EC0-301F-11D3-BF4B-00C04F79EFBC}") = "StartUp", "Main\StartUp\Project\StartUp.csproj", "{1152B71B-3C05-4598-B20D-823B5D40559E}"
EndProject
Project("{00000000-0000-0000-0000-000000000000}") = "Tools", "Tools\Tools.build", "{970116b0-f96b-4257-8579-986b9cf086f5}"
EndProject
Global
	GlobalSection(SolutionConfigurationPlatforms) = preSolution
		Debug|Any CPU = Debug|Any CPU
		Release|Any CPU = Release|Any CPU
	EndGlobalSection
	GlobalSection(ProjectConfigurationPlatforms) = postSolution
		{AD6FAA08-D6F5-4DBA-AF85-F4DA9F40C3B5}.Debug|Any CPU.ActiveCfg = Debug|Any CPU
		{AD6FAA08-D6F5-4DBA-AF85-F4DA9F40C3B5}.Release|Any CPU.ActiveCfg = Release|Any CPU
		{1152B71B-3C05-4598-B20D-823B5D40559E}.Debug|Any CPU.ActiveCfg = Debug|Any CPU
		{1152B71B-3C05-4598-B20D-823B5D40559E}.Debug|Any CPU.Build.0 = Debug|Any CPU
		{1152B71B-3C05-4598-B20D-823B5D40559E}.Release|Any CPU.ActiveCfg = Release|Any CPU
		{1152B71B-3C05-4598-B20D-823B5D40559E}.Release|Any CPU.Build.0 = Release|Any CPU
		{35CEF10F-2D4C-45F2-9DD1-161E0FEC583C}.Debug|Any CPU.ActiveCfg = Debug|Any CPU
		{35CEF10F-2D4C-45F2-9DD1-161E0FEC583C}.Debug|Any CPU.Build.0 = Debug|Any CPU
		{35CEF10F-2D4C-45F2-9DD1-161E0FEC583C}.Release|Any CPU.ActiveCfg = Release|Any CPU
		{35CEF10F-2D4C-45F2-9DD1-161E0FEC583C}.Release|Any CPU.Build.0 = Release|Any CPU
		{2748AD25-9C63-4E12-877B-4DCE96FBED54}.Debug|Any CPU.ActiveCfg = Debug|Any CPU
		{2748AD25-9C63-4E12-877B-4DCE96FBED54}.Debug|Any CPU.Build.0 = Debug|Any CPU
		{2748AD25-9C63-4E12-877B-4DCE96FBED54}.Release|Any CPU.ActiveCfg = Release|Any CPU
		{2748AD25-9C63-4E12-877B-4DCE96FBED54}.Release|Any CPU.Build.0 = Release|Any CPU
		{98B10E98-003C-45A0-9587-119142E39986}.Debug|Any CPU.ActiveCfg = Debug|Any CPU
		{98B10E98-003C-45A0-9587-119142E39986}.Debug|Any CPU.Build.0 = Debug|Any CPU
		{98B10E98-003C-45A0-9587-119142E39986}.Release|Any CPU.ActiveCfg = Release|Any CPU
		{98B10E98-003C-45A0-9587-119142E39986}.Release|Any CPU.Build.0 = Release|Any CPU
		{3A9AE6AA-BC07-4A2F-972C-581E3AE2F195}.Debug|Any CPU.ActiveCfg = Debug|Any CPU
		{3A9AE6AA-BC07-4A2F-972C-581E3AE2F195}.Debug|Any CPU.Build.0 = Debug|Any CPU
		{3A9AE6AA-BC07-4A2F-972C-581E3AE2F195}.Release|Any CPU.ActiveCfg = Release|Any CPU
		{3A9AE6AA-BC07-4A2F-972C-581E3AE2F195}.Release|Any CPU.Build.0 = Release|Any CPU
		{2D18BE89-D210-49EB-A9DD-2246FBB3DF6D}.Debug|Any CPU.ActiveCfg = Debug|Any CPU
		{2D18BE89-D210-49EB-A9DD-2246FBB3DF6D}.Debug|Any CPU.Build.0 = Debug|Any CPU
		{2D18BE89-D210-49EB-A9DD-2246FBB3DF6D}.Release|Any CPU.ActiveCfg = Release|Any CPU
		{2D18BE89-D210-49EB-A9DD-2246FBB3DF6D}.Release|Any CPU.Build.0 = Release|Any CPU
		{D3C782BA-178E-4235-A3BA-8C11DEBB6BEE}.Debug|Any CPU.ActiveCfg = Debug|Any CPU
		{D3C782BA-178E-4235-A3BA-8C11DEBB6BEE}.Debug|Any CPU.Build.0 = Debug|Any CPU
		{D3C782BA-178E-4235-A3BA-8C11DEBB6BEE}.Release|Any CPU.ActiveCfg = Release|Any CPU
		{D3C782BA-178E-4235-A3BA-8C11DEBB6BEE}.Release|Any CPU.Build.0 = Release|Any CPU
		{EBD43A7F-AFCA-4281-BB53-5CDD91F966A3}.Debug|Any CPU.ActiveCfg = Debug|Any CPU
		{EBD43A7F-AFCA-4281-BB53-5CDD91F966A3}.Release|Any CPU.ActiveCfg = Release|Any CPU
		{83DD7E12-A705-4DBA-9D71-09C8973D9382}.Debug|Any CPU.ActiveCfg = Debug|Any CPU
		{83DD7E12-A705-4DBA-9D71-09C8973D9382}.Release|Any CPU.ActiveCfg = Release|Any CPU
		{4B8F0F98-8BE1-402B-AA8B-C8D548577B38}.Debug|Any CPU.ActiveCfg = Debug|Any CPU
		{4B8F0F98-8BE1-402B-AA8B-C8D548577B38}.Release|Any CPU.ActiveCfg = Release|Any CPU
		{7D5C266F-D6FF-4D14-B315-0C0FC6C4EF51}.Debug|Any CPU.ActiveCfg = Debug|Any CPU
		{7D5C266F-D6FF-4D14-B315-0C0FC6C4EF51}.Debug|Any CPU.Build.0 = Debug|Any CPU
		{7D5C266F-D6FF-4D14-B315-0C0FC6C4EF51}.Release|Any CPU.ActiveCfg = Release|Any CPU
		{7D5C266F-D6FF-4D14-B315-0C0FC6C4EF51}.Release|Any CPU.Build.0 = Release|Any CPU
		{64A3E5E6-90BF-47F6-94DF-68C94B62C817}.Debug|Any CPU.ActiveCfg = Debug|Any CPU
		{64A3E5E6-90BF-47F6-94DF-68C94B62C817}.Debug|Any CPU.Build.0 = Debug|Any CPU
		{64A3E5E6-90BF-47F6-94DF-68C94B62C817}.Release|Any CPU.ActiveCfg = Release|Any CPU
		{64A3E5E6-90BF-47F6-94DF-68C94B62C817}.Release|Any CPU.Build.0 = Release|Any CPU
		{8A462940-E5E9-4E85-982D-D4C006EE31D4}.Debug|Any CPU.ActiveCfg = Debug|Any CPU
		{8A462940-E5E9-4E85-982D-D4C006EE31D4}.Debug|Any CPU.Build.0 = Debug|Any CPU
		{8A462940-E5E9-4E85-982D-D4C006EE31D4}.Release|Any CPU.ActiveCfg = Release|Any CPU
		{8A462940-E5E9-4E85-982D-D4C006EE31D4}.Release|Any CPU.Build.0 = Release|Any CPU
		{D022A6CE-7438-41E8-AC64-F2DE18EC54C6}.Debug|Any CPU.ActiveCfg = Debug|Any CPU
		{D022A6CE-7438-41E8-AC64-F2DE18EC54C6}.Debug|Any CPU.Build.0 = Debug|Any CPU
		{D022A6CE-7438-41E8-AC64-F2DE18EC54C6}.Release|Any CPU.ActiveCfg = Release|Any CPU
		{D022A6CE-7438-41E8-AC64-F2DE18EC54C6}.Release|Any CPU.Build.0 = Release|Any CPU
		{A82F44D7-F336-4AD6-B2EE-D2C082D094EC}.Debug|Any CPU.ActiveCfg = Debug|Any CPU
		{A82F44D7-F336-4AD6-B2EE-D2C082D094EC}.Release|Any CPU.ActiveCfg = Release|Any CPU
		{CBC6C247-747B-4908-B09A-4D2E0F640B6B}.Debug|Any CPU.ActiveCfg = Debug|Any CPU
		{CBC6C247-747B-4908-B09A-4D2E0F640B6B}.Debug|Any CPU.Build.0 = Debug|Any CPU
		{CBC6C247-747B-4908-B09A-4D2E0F640B6B}.Release|Any CPU.ActiveCfg = Release|Any CPU
		{CBC6C247-747B-4908-B09A-4D2E0F640B6B}.Release|Any CPU.Build.0 = Release|Any CPU
		{7D7E92DF-ACEB-4B69-92C8-8AC7A703CD57}.Debug|Any CPU.ActiveCfg = Debug|Any CPU
		{7D7E92DF-ACEB-4B69-92C8-8AC7A703CD57}.Debug|Any CPU.Build.0 = Debug|Any CPU
		{7D7E92DF-ACEB-4B69-92C8-8AC7A703CD57}.Release|Any CPU.ActiveCfg = Release|Any CPU
		{7D7E92DF-ACEB-4B69-92C8-8AC7A703CD57}.Release|Any CPU.Build.0 = Release|Any CPU
		{1F1AC7CD-D154-45BB-8EAF-804CA8055F5A}.Debug|Any CPU.ActiveCfg = Debug|Any CPU
		{1F1AC7CD-D154-45BB-8EAF-804CA8055F5A}.Debug|Any CPU.Build.0 = Debug|Any CPU
		{1F1AC7CD-D154-45BB-8EAF-804CA8055F5A}.Release|Any CPU.ActiveCfg = Release|Any CPU
		{1F1AC7CD-D154-45BB-8EAF-804CA8055F5A}.Release|Any CPU.Build.0 = Release|Any CPU
		{BF38FB72-B380-4196-AF8C-95749D726C61}.Debug|Any CPU.ActiveCfg = Debug|Any CPU
		{BF38FB72-B380-4196-AF8C-95749D726C61}.Debug|Any CPU.Build.0 = Debug|Any CPU
		{BF38FB72-B380-4196-AF8C-95749D726C61}.Release|Any CPU.ActiveCfg = Release|Any CPU
		{BF38FB72-B380-4196-AF8C-95749D726C61}.Release|Any CPU.Build.0 = Release|Any CPU
		{970116B0-F96B-4257-8579-986B9CF086F5}.Debug|Any CPU.Build.0 = Debug|Any CPU
		{970116B0-F96B-4257-8579-986B9CF086F5}.Debug|Any CPU.ActiveCfg = Debug|Any CPU
		{970116B0-F96B-4257-8579-986B9CF086F5}.Release|Any CPU.Build.0 = Release|Any CPU
		{970116B0-F96B-4257-8579-986B9CF086F5}.Release|Any CPU.ActiveCfg = Release|Any CPU
		{AD6FAA08-D6F5-4DBA-AF85-F4DA9F40C3B5}.Debug|Any CPU.Build.0 = Debug|Any CPU
		{AD6FAA08-D6F5-4DBA-AF85-F4DA9F40C3B5}.Release|Any CPU.Build.0 = Release|Any CPU
		{4980B743-B32F-4ABA-AABD-45E2CAD3568D}.Debug|Any CPU.Build.0 = Debug|Any CPU
		{4980B743-B32F-4ABA-AABD-45E2CAD3568D}.Debug|Any CPU.ActiveCfg = Debug|Any CPU
		{4980B743-B32F-4ABA-AABD-45E2CAD3568D}.Release|Any CPU.Build.0 = Release|Any CPU
		{4980B743-B32F-4ABA-AABD-45E2CAD3568D}.Release|Any CPU.ActiveCfg = Release|Any CPU
		{13AB8351-39E5-4F9D-A59C-B30D60CF6B8C}.Debug|Any CPU.Build.0 = Debug|Any CPU
		{13AB8351-39E5-4F9D-A59C-B30D60CF6B8C}.Debug|Any CPU.ActiveCfg = Debug|Any CPU
		{13AB8351-39E5-4F9D-A59C-B30D60CF6B8C}.Release|Any CPU.Build.0 = Release|Any CPU
		{13AB8351-39E5-4F9D-A59C-B30D60CF6B8C}.Release|Any CPU.ActiveCfg = Release|Any CPU
		{1DB3CAD2-38E8-4C5E-8E1B-0E37B1A5C006}.Debug|Any CPU.Build.0 = Debug|Any CPU
		{1DB3CAD2-38E8-4C5E-8E1B-0E37B1A5C006}.Debug|Any CPU.ActiveCfg = Debug|Any CPU
		{1DB3CAD2-38E8-4C5E-8E1B-0E37B1A5C006}.Release|Any CPU.Build.0 = Release|Any CPU
		{1DB3CAD2-38E8-4C5E-8E1B-0E37B1A5C006}.Release|Any CPU.ActiveCfg = Release|Any CPU
		{B7C2A664-B454-4920-AC6E-318F5274B2EF}.Debug|Any CPU.Build.0 = Debug|Any CPU
		{B7C2A664-B454-4920-AC6E-318F5274B2EF}.Debug|Any CPU.ActiveCfg = Debug|Any CPU
		{B7C2A664-B454-4920-AC6E-318F5274B2EF}.Release|Any CPU.Build.0 = Release|Any CPU
		{B7C2A664-B454-4920-AC6E-318F5274B2EF}.Release|Any CPU.ActiveCfg = Release|Any CPU
		{6259D767-BA7C-484D-9472-68F350A20086}.Debug|Any CPU.Build.0 = Debug|Any CPU
		{6259D767-BA7C-484D-9472-68F350A20086}.Debug|Any CPU.ActiveCfg = Debug|Any CPU
		{6259D767-BA7C-484D-9472-68F350A20086}.Release|Any CPU.Build.0 = Release|Any CPU
		{6259D767-BA7C-484D-9472-68F350A20086}.Release|Any CPU.ActiveCfg = Release|Any CPU
		{83DD7E12-A705-4DBA-9D71-09C8973D9382}.Debug|Any CPU.Build.0 = Debug|Any CPU
		{83DD7E12-A705-4DBA-9D71-09C8973D9382}.Release|Any CPU.Build.0 = Release|Any CPU
		{870115DD-960A-4406-A6B9-600BCDC36A03}.Debug|Any CPU.Build.0 = Debug|Any CPU
		{870115DD-960A-4406-A6B9-600BCDC36A03}.Debug|Any CPU.ActiveCfg = Debug|Any CPU
		{870115DD-960A-4406-A6B9-600BCDC36A03}.Release|Any CPU.Build.0 = Release|Any CPU
		{870115DD-960A-4406-A6B9-600BCDC36A03}.Release|Any CPU.ActiveCfg = Release|Any CPU
		{4139CCF6-FB49-4A9D-B2CF-331E9EA3198D}.Debug|Any CPU.Build.0 = Debug|Any CPU
		{4139CCF6-FB49-4A9D-B2CF-331E9EA3198D}.Debug|Any CPU.ActiveCfg = Debug|Any CPU
		{4139CCF6-FB49-4A9D-B2CF-331E9EA3198D}.Release|Any CPU.Build.0 = Release|Any CPU
		{4139CCF6-FB49-4A9D-B2CF-331E9EA3198D}.Release|Any CPU.ActiveCfg = Release|Any CPU
		{FC0FE702-A87D-4D70-A9B6-1ECCD611125F}.Debug|Any CPU.Build.0 = Debug|Any CPU
		{FC0FE702-A87D-4D70-A9B6-1ECCD611125F}.Debug|Any CPU.ActiveCfg = Debug|Any CPU
		{FC0FE702-A87D-4D70-A9B6-1ECCD611125F}.Release|Any CPU.Build.0 = Release|Any CPU
		{FC0FE702-A87D-4D70-A9B6-1ECCD611125F}.Release|Any CPU.ActiveCfg = Release|Any CPU
		{6B717BD1-CD5E-498C-A42E-9E6A4584DC48}.Debug|Any CPU.Build.0 = Debug|Any CPU
		{6B717BD1-CD5E-498C-A42E-9E6A4584DC48}.Debug|Any CPU.ActiveCfg = Debug|Any CPU
		{6B717BD1-CD5E-498C-A42E-9E6A4584DC48}.Release|Any CPU.Build.0 = Release|Any CPU
		{6B717BD1-CD5E-498C-A42E-9E6A4584DC48}.Release|Any CPU.ActiveCfg = Release|Any CPU
		{4AC2D5F1-F671-480C-A075-6BF62B3721B2}.Debug|Any CPU.Build.0 = Debug|Any CPU
		{4AC2D5F1-F671-480C-A075-6BF62B3721B2}.Debug|Any CPU.ActiveCfg = Debug|Any CPU
		{4AC2D5F1-F671-480C-A075-6BF62B3721B2}.Release|Any CPU.Build.0 = Release|Any CPU
		{4AC2D5F1-F671-480C-A075-6BF62B3721B2}.Release|Any CPU.ActiveCfg = Release|Any CPU
		{4D0DFCB0-F6FB-469D-AA6F-C7F1D5FD5DE7}.Debug|Any CPU.Build.0 = Debug|Any CPU
		{4D0DFCB0-F6FB-469D-AA6F-C7F1D5FD5DE7}.Debug|Any CPU.ActiveCfg = Debug|Any CPU
		{4D0DFCB0-F6FB-469D-AA6F-C7F1D5FD5DE7}.Release|Any CPU.Build.0 = Release|Any CPU
		{4D0DFCB0-F6FB-469D-AA6F-C7F1D5FD5DE7}.Release|Any CPU.ActiveCfg = Release|Any CPU
		{6E59AF58-F635-459A-9A35-C9AC41C00339}.Debug|Any CPU.Build.0 = Debug|Any CPU
		{6E59AF58-F635-459A-9A35-C9AC41C00339}.Debug|Any CPU.ActiveCfg = Debug|Any CPU
		{6E59AF58-F635-459A-9A35-C9AC41C00339}.Release|Any CPU.Build.0 = Release|Any CPU
		{6E59AF58-F635-459A-9A35-C9AC41C00339}.Release|Any CPU.ActiveCfg = Release|Any CPU
		{918487B7-2153-4618-BBB3-344DBDDF2A2A}.Debug|Any CPU.Build.0 = Debug|Any CPU
		{918487B7-2153-4618-BBB3-344DBDDF2A2A}.Debug|Any CPU.ActiveCfg = Debug|Any CPU
		{918487B7-2153-4618-BBB3-344DBDDF2A2A}.Release|Any CPU.Build.0 = Release|Any CPU
		{918487B7-2153-4618-BBB3-344DBDDF2A2A}.Release|Any CPU.ActiveCfg = Release|Any CPU
		{17F4D7E0-6933-4C2E-8714-FD7E98D625D5}.Debug|Any CPU.Build.0 = Debug|Any CPU
		{17F4D7E0-6933-4C2E-8714-FD7E98D625D5}.Debug|Any CPU.ActiveCfg = Debug|Any CPU
		{17F4D7E0-6933-4C2E-8714-FD7E98D625D5}.Release|Any CPU.Build.0 = Release|Any CPU
		{17F4D7E0-6933-4C2E-8714-FD7E98D625D5}.Release|Any CPU.ActiveCfg = Release|Any CPU
		{A4C858C8-51B6-4265-A695-A20FCEBA1D19}.Debug|Any CPU.Build.0 = Debug|Any CPU
		{A4C858C8-51B6-4265-A695-A20FCEBA1D19}.Debug|Any CPU.ActiveCfg = Debug|Any CPU
		{A4C858C8-51B6-4265-A695-A20FCEBA1D19}.Release|Any CPU.Build.0 = Release|Any CPU
		{A4C858C8-51B6-4265-A695-A20FCEBA1D19}.Release|Any CPU.ActiveCfg = Release|Any CPU
		{EC06F96A-AEEC-49D6-B03D-AB87C6EB674C}.Debug|Any CPU.Build.0 = Debug|Any CPU
		{EC06F96A-AEEC-49D6-B03D-AB87C6EB674C}.Debug|Any CPU.ActiveCfg = Debug|Any CPU
		{EC06F96A-AEEC-49D6-B03D-AB87C6EB674C}.Release|Any CPU.Build.0 = Release|Any CPU
		{EC06F96A-AEEC-49D6-B03D-AB87C6EB674C}.Release|Any CPU.ActiveCfg = Release|Any CPU
		{1D18D788-F7EE-4585-A23B-34DC8EC63CB8}.Debug|Any CPU.Build.0 = Debug|Any CPU
		{1D18D788-F7EE-4585-A23B-34DC8EC63CB8}.Debug|Any CPU.ActiveCfg = Debug|Any CPU
		{1D18D788-F7EE-4585-A23B-34DC8EC63CB8}.Release|Any CPU.Build.0 = Release|Any CPU
		{1D18D788-F7EE-4585-A23B-34DC8EC63CB8}.Release|Any CPU.ActiveCfg = Release|Any CPU
		{B08385CD-F0CC-488C-B4F4-EEB34B6D2688}.Debug|Any CPU.Build.0 = Debug|Any CPU
		{B08385CD-F0CC-488C-B4F4-EEB34B6D2688}.Debug|Any CPU.ActiveCfg = Debug|Any CPU
		{B08385CD-F0CC-488C-B4F4-EEB34B6D2688}.Release|Any CPU.Build.0 = Release|Any CPU
		{B08385CD-F0CC-488C-B4F4-EEB34B6D2688}.Release|Any CPU.ActiveCfg = Release|Any CPU
		{4B8F0F98-8BE1-402B-AA8B-C8D548577B38}.Debug|Any CPU.Build.0 = Debug|Any CPU
		{4B8F0F98-8BE1-402B-AA8B-C8D548577B38}.Release|Any CPU.Build.0 = Release|Any CPU
		{DBCF20A1-BA13-4582-BFA9-74DE4D987B73}.Debug|Any CPU.Build.0 = Debug|Any CPU
		{DBCF20A1-BA13-4582-BFA9-74DE4D987B73}.Debug|Any CPU.ActiveCfg = Debug|Any CPU
		{DBCF20A1-BA13-4582-BFA9-74DE4D987B73}.Release|Any CPU.Build.0 = Release|Any CPU
		{DBCF20A1-BA13-4582-BFA9-74DE4D987B73}.Release|Any CPU.ActiveCfg = Release|Any CPU
		{C9DE556D-325C-4544-B29F-16A9EB7C9830}.Debug|Any CPU.Build.0 = Debug|Any CPU
		{C9DE556D-325C-4544-B29F-16A9EB7C9830}.Debug|Any CPU.ActiveCfg = Debug|Any CPU
		{C9DE556D-325C-4544-B29F-16A9EB7C9830}.Release|Any CPU.Build.0 = Release|Any CPU
		{C9DE556D-325C-4544-B29F-16A9EB7C9830}.Release|Any CPU.ActiveCfg = Release|Any CPU
	EndGlobalSection
	GlobalSection(SolutionProperties) = preSolution
		HideSolutionNode = FALSE
	EndGlobalSection
	GlobalSection(NestedProjects) = preSolution
		{CE5B42B7-6E8C-4385-9E97-F4023FC16BF2} = {14A277EE-7DF1-4529-B639-7D1EF334C1C5}
		{FEB825FA-4AD8-425D-8E4A-B5A18EE1B81C} = {14A277EE-7DF1-4529-B639-7D1EF334C1C5}
		{4EA396ED-64AD-4AD0-A67A-AB363F3E0C79} = {14A277EE-7DF1-4529-B639-7D1EF334C1C5}
		{CBC6C247-747B-4908-B09A-4D2E0F640B6B} = {4EA396ED-64AD-4AD0-A67A-AB363F3E0C79}
		{7D7E92DF-ACEB-4B69-92C8-8AC7A703CD57} = {4EA396ED-64AD-4AD0-A67A-AB363F3E0C79}
		{6B717BD1-CD5E-498C-A42E-9E6A4584DC48} = {4EA396ED-64AD-4AD0-A67A-AB363F3E0C79}
		{FC0FE702-A87D-4D70-A9B6-1ECCD611125F} = {4EA396ED-64AD-4AD0-A67A-AB363F3E0C79}
		{1F1AC7CD-D154-45BB-8EAF-804CA8055F5A} = {FEB825FA-4AD8-425D-8E4A-B5A18EE1B81C}
		{BF38FB72-B380-4196-AF8C-95749D726C61} = {FEB825FA-4AD8-425D-8E4A-B5A18EE1B81C}
		{6e59af58-f635-459a-9a35-c9ac41c00339} = {FEB825FA-4AD8-425D-8E4A-B5A18EE1B81C}
		{4D0DFCB0-F6FB-469D-AA6F-C7F1D5FD5DE7} = {FEB825FA-4AD8-425D-8E4A-B5A18EE1B81C}
		{4AC2D5F1-F671-480C-A075-6BF62B3721B2} = {FEB825FA-4AD8-425D-8E4A-B5A18EE1B81C}
		{DBCF20A1-BA13-4582-BFA9-74DE4D987B73} = {FEB825FA-4AD8-425D-8E4A-B5A18EE1B81C}
		{C9DE556D-325C-4544-B29F-16A9EB7C9830} = {FEB825FA-4AD8-425D-8E4A-B5A18EE1B81C}
		{4B8F0F98-8BE1-402B-AA8B-C8D548577B38} = {CE5B42B7-6E8C-4385-9E97-F4023FC16BF2}
		{7D5C266F-D6FF-4D14-B315-0C0FC6C4EF51} = {CE5B42B7-6E8C-4385-9E97-F4023FC16BF2}
		{64A3E5E6-90BF-47F6-94DF-68C94B62C817} = {CE5B42B7-6E8C-4385-9E97-F4023FC16BF2}
		{8A462940-E5E9-4E85-982D-D4C006EE31D4} = {CE5B42B7-6E8C-4385-9E97-F4023FC16BF2}
		{D022A6CE-7438-41E8-AC64-F2DE18EC54C6} = {CE5B42B7-6E8C-4385-9E97-F4023FC16BF2}
		{6604365C-C702-4C10-9BA8-637F1E3D4D0D} = {CE5B42B7-6E8C-4385-9E97-F4023FC16BF2}
		{17F4D7E0-6933-4C2E-8714-FD7E98D625D5} = {CE5B42B7-6E8C-4385-9E97-F4023FC16BF2}
		{918487B7-2153-4618-BBB3-344DBDDF2A2A} = {CE5B42B7-6E8C-4385-9E97-F4023FC16BF2}
		{B08385CD-F0CC-488C-B4F4-EEB34B6D2688} = {6604365C-C702-4C10-9BA8-637F1E3D4D0D}
		{1D18D788-F7EE-4585-A23B-34DC8EC63CB8} = {6604365C-C702-4C10-9BA8-637F1E3D4D0D}
		{EC06F96A-AEEC-49D6-B03D-AB87C6EB674C} = {6604365C-C702-4C10-9BA8-637F1E3D4D0D}
		{A4C858C8-51B6-4265-A695-A20FCEBA1D19} = {6604365C-C702-4C10-9BA8-637F1E3D4D0D}
		{3A9AE6AA-BC07-4A2F-972C-581E3AE2F195} = {9421EDF4-9769-4BE9-B5A6-C87DE221D73C}
		{D3C782BA-178E-4235-A3BA-8C11DEBB6BEE} = {9421EDF4-9769-4BE9-B5A6-C87DE221D73C}
		{4139CCF6-FB49-4A9D-B2CF-331E9EA3198D} = {9421EDF4-9769-4BE9-B5A6-C87DE221D73C}
		{870115DD-960A-4406-A6B9-600BCDC36A03} = {9421EDF4-9769-4BE9-B5A6-C87DE221D73C}
		{83DD7E12-A705-4DBA-9D71-09C8973D9382} = {9421EDF4-9769-4BE9-B5A6-C87DE221D73C}
		{2D18BE89-D210-49EB-A9DD-2246FBB3DF6D} = {9421EDF4-9769-4BE9-B5A6-C87DE221D73C}
		{6259D767-BA7C-484D-9472-68F350A20086} = {9421EDF4-9769-4BE9-B5A6-C87DE221D73C}
		{B7C2A664-B454-4920-AC6E-318F5274B2EF} = {9421EDF4-9769-4BE9-B5A6-C87DE221D73C}
		{1DB3CAD2-38E8-4C5E-8E1B-0E37B1A5C006} = {9421EDF4-9769-4BE9-B5A6-C87DE221D73C}
		{13AB8351-39E5-4F9D-A59C-B30D60CF6B8C} = {9421EDF4-9769-4BE9-B5A6-C87DE221D73C}
		{1152B71B-3C05-4598-B20D-823B5D40559E} = {5A3EBEBA-0560-41C1-966B-23F7D03A5486}
		{35CEF10F-2D4C-45F2-9DD1-161E0FEC583C} = {5A3EBEBA-0560-41C1-966B-23F7D03A5486}
		{2748AD25-9C63-4E12-877B-4DCE96FBED54} = {5A3EBEBA-0560-41C1-966B-23F7D03A5486}
		{4980B743-B32F-4aba-AABD-45E2CAD3568D} = {5A3EBEBA-0560-41C1-966B-23F7D03A5486}
		{AD6FAA08-D6F5-4DBA-AF85-F4DA9F40C3B5} = {5A3EBEBA-0560-41C1-966B-23F7D03A5486}
	EndGlobalSection
EndGlobal
