Microsoft Visual Studio Solution File, Format Version 9.00
# SharpDevelop 2.0.0.1116
Project("{FAE04EC0-301F-11D3-BF4B-00C04F79EFBC}") = "CustomPad", "CustomPad.csproj", "{7B1152A2-9072-419A-B256-5772D114C5A9}"
EndProject
Global
	GlobalSection(SolutionConfigurationPlatforms) = preSolution
		Debug|Any CPU = Debug|Any CPU
		Release|Any CPU = Release|Any CPU
	EndGlobalSection
	GlobalSection(ProjectConfigurationPlatforms) = postSolution
		{7B1152A2-9072-419A-B256-5772D114C5A9}.Debug|Any CPU.Build.0 = Debug|Any CPU
		{7B1152A2-9072-419A-B256-5772D114C5A9}.Debug|Any CPU.ActiveCfg = Debug|Any CPU
		{7B1152A2-9072-419A-B256-5772D114C5A9}.Release|Any CPU.Build.0 = Release|Any CPU
		{7B1152A2-9072-419A-B256-5772D114C5A9}.Release|Any CPU.ActiveCfg = Release|Any CPU
	EndGlobalSection
EndGlobal
